
Microsoft Visual Studio Solution File, Format Version 12.00
# Visual Studio 15
VisualStudioVersion = 15.0.28010.2046
MinimumVisualStudioVersion = 10.0.40219.1
Project("{FAE04EC0-301F-11D3-BF4B-00C04F79EFBC}") = "ExemploGraficos.Android", "ExemploGraficos\ExemploGraficos.Android\ExemploGraficos.Android.csproj", "{A13B7D25-79E5-418E-84B9-31A4905B81E9}"
EndProject
Project("{FAE04EC0-301F-11D3-BF4B-00C04F79EFBC}") = "ExemploGraficos.iOS", "ExemploGraficos\ExemploGraficos.iOS\ExemploGraficos.iOS.csproj", "{95E667DC-5C4A-4B33-98C9-F8F106C298E9}"
EndProject
Project("{FAE04EC0-301F-11D3-BF4B-00C04F79EFBC}") = "ExemploGraficos.UWP", "ExemploGraficos\ExemploGraficos.UWP\ExemploGraficos.UWP.csproj", "{4E0D665A-88DD-430D-A257-053D9845156A}"
EndProject
Project("{D954291E-2A0B-460D-934E-DC6B0785DB48}") = "ExemploGraficos", "ExemploGraficos\ExemploGraficos\ExemploGraficos.shproj", "{230D953B-56FE-4056-B45F-91BC5EF4B96F}"
EndProject
Global
	GlobalSection(SharedMSBuildProjectFiles) = preSolution
		ExemploGraficos\ExemploGraficos\ExemploGraficos.projitems*{230d953b-56fe-4056-b45f-91bc5ef4b96f}*SharedItemsImports = 13
		ExemploGraficos\ExemploGraficos\ExemploGraficos.projitems*{4e0d665a-88dd-430d-a257-053d9845156a}*SharedItemsImports = 4
		ExemploGraficos\ExemploGraficos\ExemploGraficos.projitems*{95e667dc-5c4a-4b33-98c9-f8f106c298e9}*SharedItemsImports = 4
		ExemploGraficos\ExemploGraficos\ExemploGraficos.projitems*{a13b7d25-79e5-418e-84b9-31a4905b81e9}*SharedItemsImports = 4
	EndGlobalSection
	GlobalSection(SolutionConfigurationPlatforms) = preSolution
		Ad-Hoc|Any CPU = Ad-Hoc|Any CPU
		Ad-Hoc|ARM = Ad-Hoc|ARM
		Ad-Hoc|iPhone = Ad-Hoc|iPhone
		Ad-Hoc|iPhoneSimulator = Ad-Hoc|iPhoneSimulator
		Ad-Hoc|x64 = Ad-Hoc|x64
		Ad-Hoc|x86 = Ad-Hoc|x86
		AppStore|Any CPU = AppStore|Any CPU
		AppStore|ARM = AppStore|ARM
		AppStore|iPhone = AppStore|iPhone
		AppStore|iPhoneSimulator = AppStore|iPhoneSimulator
		AppStore|x64 = AppStore|x64
		AppStore|x86 = AppStore|x86
		Debug|Any CPU = Debug|Any CPU
		Debug|ARM = Debug|ARM
		Debug|iPhone = Debug|iPhone
		Debug|iPhoneSimulator = Debug|iPhoneSimulator
		Debug|x64 = Debug|x64
		Debug|x86 = Debug|x86
		Release|Any CPU = Release|Any CPU
		Release|ARM = Release|ARM
		Release|iPhone = Release|iPhone
		Release|iPhoneSimulator = Release|iPhoneSimulator
		Release|x64 = Release|x64
		Release|x86 = Release|x86
	EndGlobalSection
	GlobalSection(ProjectConfigurationPlatforms) = postSolution
		{A13B7D25-79E5-418E-84B9-31A4905B81E9}.Ad-Hoc|Any CPU.ActiveCfg = Release|Any CPU
		{A13B7D25-79E5-418E-84B9-31A4905B81E9}.Ad-Hoc|Any CPU.Build.0 = Release|Any CPU
		{A13B7D25-79E5-418E-84B9-31A4905B81E9}.Ad-Hoc|Any CPU.Deploy.0 = Release|Any CPU
		{A13B7D25-79E5-418E-84B9-31A4905B81E9}.Ad-Hoc|ARM.ActiveCfg = Release|Any CPU
		{A13B7D25-79E5-418E-84B9-31A4905B81E9}.Ad-Hoc|ARM.Build.0 = Release|Any CPU
		{A13B7D25-79E5-418E-84B9-31A4905B81E9}.Ad-Hoc|ARM.Deploy.0 = Release|Any CPU
		{A13B7D25-79E5-418E-84B9-31A4905B81E9}.Ad-Hoc|iPhone.ActiveCfg = Release|Any CPU
		{A13B7D25-79E5-418E-84B9-31A4905B81E9}.Ad-Hoc|iPhone.Build.0 = Release|Any CPU
		{A13B7D25-79E5-418E-84B9-31A4905B81E9}.Ad-Hoc|iPhone.Deploy.0 = Release|Any CPU
		{A13B7D25-79E5-418E-84B9-31A4905B81E9}.Ad-Hoc|iPhoneSimulator.ActiveCfg = Release|Any CPU
		{A13B7D25-79E5-418E-84B9-31A4905B81E9}.Ad-Hoc|iPhoneSimulator.Build.0 = Release|Any CPU
		{A13B7D25-79E5-418E-84B9-31A4905B81E9}.Ad-Hoc|iPhoneSimulator.Deploy.0 = Release|Any CPU
		{A13B7D25-79E5-418E-84B9-31A4905B81E9}.Ad-Hoc|x64.ActiveCfg = Release|Any CPU
		{A13B7D25-79E5-418E-84B9-31A4905B81E9}.Ad-Hoc|x64.Build.0 = Release|Any CPU
		{A13B7D25-79E5-418E-84B9-31A4905B81E9}.Ad-Hoc|x64.Deploy.0 = Release|Any CPU
		{A13B7D25-79E5-418E-84B9-31A4905B81E9}.Ad-Hoc|x86.ActiveCfg = Release|Any CPU
		{A13B7D25-79E5-418E-84B9-31A4905B81E9}.Ad-Hoc|x86.Build.0 = Release|Any CPU
		{A13B7D25-79E5-418E-84B9-31A4905B81E9}.Ad-Hoc|x86.Deploy.0 = Release|Any CPU
		{A13B7D25-79E5-418E-84B9-31A4905B81E9}.AppStore|Any CPU.ActiveCfg = Release|Any CPU
		{A13B7D25-79E5-418E-84B9-31A4905B81E9}.AppStore|Any CPU.Build.0 = Release|Any CPU
		{A13B7D25-79E5-418E-84B9-31A4905B81E9}.AppStore|Any CPU.Deploy.0 = Release|Any CPU
		{A13B7D25-79E5-418E-84B9-31A4905B81E9}.AppStore|ARM.ActiveCfg = Release|Any CPU
		{A13B7D25-79E5-418E-84B9-31A4905B81E9}.AppStore|ARM.Build.0 = Release|Any CPU
		{A13B7D25-79E5-418E-84B9-31A4905B81E9}.AppStore|ARM.Deploy.0 = Release|Any CPU
		{A13B7D25-79E5-418E-84B9-31A4905B81E9}.AppStore|iPhone.ActiveCfg = Release|Any CPU
		{A13B7D25-79E5-418E-84B9-31A4905B81E9}.AppStore|iPhone.Build.0 = Release|Any CPU
		{A13B7D25-79E5-418E-84B9-31A4905B81E9}.AppStore|iPhone.Deploy.0 = Release|Any CPU
		{A13B7D25-79E5-418E-84B9-31A4905B81E9}.AppStore|iPhoneSimulator.ActiveCfg = Release|Any CPU
		{A13B7D25-79E5-418E-84B9-31A4905B81E9}.AppStore|iPhoneSimulator.Build.0 = Release|Any CPU
		{A13B7D25-79E5-418E-84B9-31A4905B81E9}.AppStore|iPhoneSimulator.Deploy.0 = Release|Any CPU
		{A13B7D25-79E5-418E-84B9-31A4905B81E9}.AppStore|x64.ActiveCfg = Release|Any CPU
		{A13B7D25-79E5-418E-84B9-31A4905B81E9}.AppStore|x64.Build.0 = Release|Any CPU
		{A13B7D25-79E5-418E-84B9-31A4905B81E9}.AppStore|x64.Deploy.0 = Release|Any CPU
		{A13B7D25-79E5-418E-84B9-31A4905B81E9}.AppStore|x86.ActiveCfg = Release|Any CPU
		{A13B7D25-79E5-418E-84B9-31A4905B81E9}.AppStore|x86.Build.0 = Release|Any CPU
		{A13B7D25-79E5-418E-84B9-31A4905B81E9}.AppStore|x86.Deploy.0 = Release|Any CPU
		{A13B7D25-79E5-418E-84B9-31A4905B81E9}.Debug|Any CPU.ActiveCfg = Debug|Any CPU
		{A13B7D25-79E5-418E-84B9-31A4905B81E9}.Debug|Any CPU.Build.0 = Debug|Any CPU
		{A13B7D25-79E5-418E-84B9-31A4905B81E9}.Debug|Any CPU.Deploy.0 = Debug|Any CPU
		{A13B7D25-79E5-418E-84B9-31A4905B81E9}.Debug|ARM.ActiveCfg = Debug|Any CPU
		{A13B7D25-79E5-418E-84B9-31A4905B81E9}.Debug|ARM.Build.0 = Debug|Any CPU
		{A13B7D25-79E5-418E-84B9-31A4905B81E9}.Debug|ARM.Deploy.0 = Debug|Any CPU
		{A13B7D25-79E5-418E-84B9-31A4905B81E9}.Debug|iPhone.ActiveCfg = Debug|Any CPU
		{A13B7D25-79E5-418E-84B9-31A4905B81E9}.Debug|iPhone.Build.0 = Debug|Any CPU
		{A13B7D25-79E5-418E-84B9-31A4905B81E9}.Debug|iPhone.Deploy.0 = Debug|Any CPU
		{A13B7D25-79E5-418E-84B9-31A4905B81E9}.Debug|iPhoneSimulator.ActiveCfg = Debug|Any CPU
		{A13B7D25-79E5-418E-84B9-31A4905B81E9}.Debug|iPhoneSimulator.Build.0 = Debug|Any CPU
		{A13B7D25-79E5-418E-84B9-31A4905B81E9}.Debug|iPhoneSimulator.Deploy.0 = Debug|Any CPU
		{A13B7D25-79E5-418E-84B9-31A4905B81E9}.Debug|x64.ActiveCfg = Debug|Any CPU
		{A13B7D25-79E5-418E-84B9-31A4905B81E9}.Debug|x64.Build.0 = Debug|Any CPU
		{A13B7D25-79E5-418E-84B9-31A4905B81E9}.Debug|x64.Deploy.0 = Debug|Any CPU
		{A13B7D25-79E5-418E-84B9-31A4905B81E9}.Debug|x86.ActiveCfg = Debug|Any CPU
		{A13B7D25-79E5-418E-84B9-31A4905B81E9}.Debug|x86.Build.0 = Debug|Any CPU
		{A13B7D25-79E5-418E-84B9-31A4905B81E9}.Debug|x86.Deploy.0 = Debug|Any CPU
		{A13B7D25-79E5-418E-84B9-31A4905B81E9}.Release|Any CPU.ActiveCfg = Release|Any CPU
		{A13B7D25-79E5-418E-84B9-31A4905B81E9}.Release|Any CPU.Build.0 = Release|Any CPU
		{A13B7D25-79E5-418E-84B9-31A4905B81E9}.Release|Any CPU.Deploy.0 = Release|Any CPU
		{A13B7D25-79E5-418E-84B9-31A4905B81E9}.Release|ARM.ActiveCfg = Release|Any CPU
		{A13B7D25-79E5-418E-84B9-31A4905B81E9}.Release|ARM.Build.0 = Release|Any CPU
		{A13B7D25-79E5-418E-84B9-31A4905B81E9}.Release|ARM.Deploy.0 = Release|Any CPU
		{A13B7D25-79E5-418E-84B9-31A4905B81E9}.Release|iPhone.ActiveCfg = Release|Any CPU
		{A13B7D25-79E5-418E-84B9-31A4905B81E9}.Release|iPhone.Build.0 = Release|Any CPU
		{A13B7D25-79E5-418E-84B9-31A4905B81E9}.Release|iPhone.Deploy.0 = Release|Any CPU
		{A13B7D25-79E5-418E-84B9-31A4905B81E9}.Release|iPhoneSimulator.ActiveCfg = Release|Any CPU
		{A13B7D25-79E5-418E-84B9-31A4905B81E9}.Release|iPhoneSimulator.Build.0 = Release|Any CPU
		{A13B7D25-79E5-418E-84B9-31A4905B81E9}.Release|iPhoneSimulator.Deploy.0 = Release|Any CPU
		{A13B7D25-79E5-418E-84B9-31A4905B81E9}.Release|x64.ActiveCfg = Release|Any CPU
		{A13B7D25-79E5-418E-84B9-31A4905B81E9}.Release|x64.Build.0 = Release|Any CPU
		{A13B7D25-79E5-418E-84B9-31A4905B81E9}.Release|x64.Deploy.0 = Release|Any CPU
		{A13B7D25-79E5-418E-84B9-31A4905B81E9}.Release|x86.ActiveCfg = Release|Any CPU
		{A13B7D25-79E5-418E-84B9-31A4905B81E9}.Release|x86.Build.0 = Release|Any CPU
		{A13B7D25-79E5-418E-84B9-31A4905B81E9}.Release|x86.Deploy.0 = Release|Any CPU
		{95E667DC-5C4A-4B33-98C9-F8F106C298E9}.Ad-Hoc|Any CPU.ActiveCfg = Ad-Hoc|iPhone
		{95E667DC-5C4A-4B33-98C9-F8F106C298E9}.Ad-Hoc|Any CPU.Build.0 = Ad-Hoc|iPhone
		{95E667DC-5C4A-4B33-98C9-F8F106C298E9}.Ad-Hoc|Any CPU.Deploy.0 = Ad-Hoc|iPhone
		{95E667DC-5C4A-4B33-98C9-F8F106C298E9}.Ad-Hoc|ARM.ActiveCfg = Ad-Hoc|iPhone
		{95E667DC-5C4A-4B33-98C9-F8F106C298E9}.Ad-Hoc|ARM.Build.0 = Ad-Hoc|iPhone
		{95E667DC-5C4A-4B33-98C9-F8F106C298E9}.Ad-Hoc|ARM.Deploy.0 = Ad-Hoc|iPhone
		{95E667DC-5C4A-4B33-98C9-F8F106C298E9}.Ad-Hoc|iPhone.ActiveCfg = Ad-Hoc|iPhone
		{95E667DC-5C4A-4B33-98C9-F8F106C298E9}.Ad-Hoc|iPhone.Build.0 = Ad-Hoc|iPhone
		{95E667DC-5C4A-4B33-98C9-F8F106C298E9}.Ad-Hoc|iPhone.Deploy.0 = Ad-Hoc|iPhone
		{95E667DC-5C4A-4B33-98C9-F8F106C298E9}.Ad-Hoc|iPhoneSimulator.ActiveCfg = Ad-Hoc|iPhoneSimulator
		{95E667DC-5C4A-4B33-98C9-F8F106C298E9}.Ad-Hoc|iPhoneSimulator.Build.0 = Ad-Hoc|iPhoneSimulator
		{95E667DC-5C4A-4B33-98C9-F8F106C298E9}.Ad-Hoc|iPhoneSimulator.Deploy.0 = Ad-Hoc|iPhoneSimulator
		{95E667DC-5C4A-4B33-98C9-F8F106C298E9}.Ad-Hoc|x64.ActiveCfg = Ad-Hoc|iPhone
		{95E667DC-5C4A-4B33-98C9-F8F106C298E9}.Ad-Hoc|x64.Build.0 = Ad-Hoc|iPhone
		{95E667DC-5C4A-4B33-98C9-F8F106C298E9}.Ad-Hoc|x64.Deploy.0 = Ad-Hoc|iPhone
		{95E667DC-5C4A-4B33-98C9-F8F106C298E9}.Ad-Hoc|x86.ActiveCfg = Ad-Hoc|iPhone
		{95E667DC-5C4A-4B33-98C9-F8F106C298E9}.Ad-Hoc|x86.Build.0 = Ad-Hoc|iPhone
		{95E667DC-5C4A-4B33-98C9-F8F106C298E9}.Ad-Hoc|x86.Deploy.0 = Ad-Hoc|iPhone
		{95E667DC-5C4A-4B33-98C9-F8F106C298E9}.AppStore|Any CPU.ActiveCfg = AppStore|iPhone
		{95E667DC-5C4A-4B33-98C9-F8F106C298E9}.AppStore|Any CPU.Build.0 = AppStore|iPhone
		{95E667DC-5C4A-4B33-98C9-F8F106C298E9}.AppStore|Any CPU.Deploy.0 = AppStore|iPhone
		{95E667DC-5C4A-4B33-98C9-F8F106C298E9}.AppStore|ARM.ActiveCfg = AppStore|iPhone
		{95E667DC-5C4A-4B33-98C9-F8F106C298E9}.AppStore|ARM.Build.0 = AppStore|iPhone
		{95E667DC-5C4A-4B33-98C9-F8F106C298E9}.AppStore|ARM.Deploy.0 = AppStore|iPhone
		{95E667DC-5C4A-4B33-98C9-F8F106C298E9}.AppStore|iPhone.ActiveCfg = AppStore|iPhone
		{95E667DC-5C4A-4B33-98C9-F8F106C298E9}.AppStore|iPhone.Build.0 = AppStore|iPhone
		{95E667DC-5C4A-4B33-98C9-F8F106C298E9}.AppStore|iPhone.Deploy.0 = AppStore|iPhone
		{95E667DC-5C4A-4B33-98C9-F8F106C298E9}.AppStore|iPhoneSimulator.ActiveCfg = AppStore|iPhoneSimulator
		{95E667DC-5C4A-4B33-98C9-F8F106C298E9}.AppStore|iPhoneSimulator.Build.0 = AppStore|iPhoneSimulator
		{95E667DC-5C4A-4B33-98C9-F8F106C298E9}.AppStore|iPhoneSimulator.Deploy.0 = AppStore|iPhoneSimulator
		{95E667DC-5C4A-4B33-98C9-F8F106C298E9}.AppStore|x64.ActiveCfg = AppStore|iPhone
		{95E667DC-5C4A-4B33-98C9-F8F106C298E9}.AppStore|x64.Build.0 = AppStore|iPhone
		{95E667DC-5C4A-4B33-98C9-F8F106C298E9}.AppStore|x64.Deploy.0 = AppStore|iPhone
		{95E667DC-5C4A-4B33-98C9-F8F106C298E9}.AppStore|x86.ActiveCfg = AppStore|iPhone
		{95E667DC-5C4A-4B33-98C9-F8F106C298E9}.AppStore|x86.Build.0 = AppStore|iPhone
		{95E667DC-5C4A-4B33-98C9-F8F106C298E9}.AppStore|x86.Deploy.0 = AppStore|iPhone
		{95E667DC-5C4A-4B33-98C9-F8F106C298E9}.Debug|Any CPU.ActiveCfg = Debug|iPhoneSimulator
		{95E667DC-5C4A-4B33-98C9-F8F106C298E9}.Debug|Any CPU.Build.0 = Debug|iPhoneSimulator
		{95E667DC-5C4A-4B33-98C9-F8F106C298E9}.Debug|Any CPU.Deploy.0 = Debug|iPhoneSimulator
		{95E667DC-5C4A-4B33-98C9-F8F106C298E9}.Debug|ARM.ActiveCfg = Debug|iPhone
		{95E667DC-5C4A-4B33-98C9-F8F106C298E9}.Debug|ARM.Build.0 = Debug|iPhone
		{95E667DC-5C4A-4B33-98C9-F8F106C298E9}.Debug|ARM.Deploy.0 = Debug|iPhone
		{95E667DC-5C4A-4B33-98C9-F8F106C298E9}.Debug|iPhone.ActiveCfg = Debug|iPhone
		{95E667DC-5C4A-4B33-98C9-F8F106C298E9}.Debug|iPhone.Build.0 = Debug|iPhone
		{95E667DC-5C4A-4B33-98C9-F8F106C298E9}.Debug|iPhone.Deploy.0 = Debug|iPhone
		{95E667DC-5C4A-4B33-98C9-F8F106C298E9}.Debug|iPhoneSimulator.ActiveCfg = Debug|iPhoneSimulator
		{95E667DC-5C4A-4B33-98C9-F8F106C298E9}.Debug|iPhoneSimulator.Build.0 = Debug|iPhoneSimulator
		{95E667DC-5C4A-4B33-98C9-F8F106C298E9}.Debug|iPhoneSimulator.Deploy.0 = Debug|iPhoneSimulator
		{95E667DC-5C4A-4B33-98C9-F8F106C298E9}.Debug|x64.ActiveCfg = Debug|iPhone
		{95E667DC-5C4A-4B33-98C9-F8F106C298E9}.Debug|x64.Build.0 = Debug|iPhone
		{95E667DC-5C4A-4B33-98C9-F8F106C298E9}.Debug|x64.Deploy.0 = Debug|iPhone
		{95E667DC-5C4A-4B33-98C9-F8F106C298E9}.Debug|x86.ActiveCfg = Debug|iPhone
		{95E667DC-5C4A-4B33-98C9-F8F106C298E9}.Debug|x86.Build.0 = Debug|iPhone
		{95E667DC-5C4A-4B33-98C9-F8F106C298E9}.Debug|x86.Deploy.0 = Debug|iPhone
		{95E667DC-5C4A-4B33-98C9-F8F106C298E9}.Release|Any CPU.ActiveCfg = Release|iPhone
		{95E667DC-5C4A-4B33-98C9-F8F106C298E9}.Release|Any CPU.Build.0 = Release|iPhone
		{95E667DC-5C4A-4B33-98C9-F8F106C298E9}.Release|Any CPU.Deploy.0 = Release|iPhone
		{95E667DC-5C4A-4B33-98C9-F8F106C298E9}.Release|ARM.ActiveCfg = Release|iPhone
		{95E667DC-5C4A-4B33-98C9-F8F106C298E9}.Release|ARM.Build.0 = Release|iPhone
		{95E667DC-5C4A-4B33-98C9-F8F106C298E9}.Release|ARM.Deploy.0 = Release|iPhone
		{95E667DC-5C4A-4B33-98C9-F8F106C298E9}.Release|iPhone.ActiveCfg = Release|iPhone
		{95E667DC-5C4A-4B33-98C9-F8F106C298E9}.Release|iPhone.Build.0 = Release|iPhone
		{95E667DC-5C4A-4B33-98C9-F8F106C298E9}.Release|iPhone.Deploy.0 = Release|iPhone
		{95E667DC-5C4A-4B33-98C9-F8F106C298E9}.Release|iPhoneSimulator.ActiveCfg = Release|iPhoneSimulator
		{95E667DC-5C4A-4B33-98C9-F8F106C298E9}.Release|iPhoneSimulator.Build.0 = Release|iPhoneSimulator
		{95E667DC-5C4A-4B33-98C9-F8F106C298E9}.Release|iPhoneSimulator.Deploy.0 = Release|iPhoneSimulator
		{95E667DC-5C4A-4B33-98C9-F8F106C298E9}.Release|x64.ActiveCfg = Release|iPhone
		{95E667DC-5C4A-4B33-98C9-F8F106C298E9}.Release|x64.Build.0 = Release|iPhone
		{95E667DC-5C4A-4B33-98C9-F8F106C298E9}.Release|x64.Deploy.0 = Release|iPhone
		{95E667DC-5C4A-4B33-98C9-F8F106C298E9}.Release|x86.ActiveCfg = Release|iPhone
		{95E667DC-5C4A-4B33-98C9-F8F106C298E9}.Release|x86.Build.0 = Release|iPhone
		{95E667DC-5C4A-4B33-98C9-F8F106C298E9}.Release|x86.Deploy.0 = Release|iPhone
		{4E0D665A-88DD-430D-A257-053D9845156A}.Ad-Hoc|Any CPU.ActiveCfg = Release|x86
		{4E0D665A-88DD-430D-A257-053D9845156A}.Ad-Hoc|Any CPU.Build.0 = Release|x86
		{4E0D665A-88DD-430D-A257-053D9845156A}.Ad-Hoc|Any CPU.Deploy.0 = Release|x86
		{4E0D665A-88DD-430D-A257-053D9845156A}.Ad-Hoc|ARM.ActiveCfg = Release|ARM
		{4E0D665A-88DD-430D-A257-053D9845156A}.Ad-Hoc|ARM.Build.0 = Release|ARM
		{4E0D665A-88DD-430D-A257-053D9845156A}.Ad-Hoc|ARM.Deploy.0 = Release|ARM
		{4E0D665A-88DD-430D-A257-053D9845156A}.Ad-Hoc|iPhone.ActiveCfg = Release|x86
		{4E0D665A-88DD-430D-A257-053D9845156A}.Ad-Hoc|iPhone.Build.0 = Release|x86
		{4E0D665A-88DD-430D-A257-053D9845156A}.Ad-Hoc|iPhone.Deploy.0 = Release|x86
		{4E0D665A-88DD-430D-A257-053D9845156A}.Ad-Hoc|iPhoneSimulator.ActiveCfg = Release|x86
		{4E0D665A-88DD-430D-A257-053D9845156A}.Ad-Hoc|iPhoneSimulator.Build.0 = Release|x86
		{4E0D665A-88DD-430D-A257-053D9845156A}.Ad-Hoc|iPhoneSimulator.Deploy.0 = Release|x86
		{4E0D665A-88DD-430D-A257-053D9845156A}.Ad-Hoc|x64.ActiveCfg = Release|x64
		{4E0D665A-88DD-430D-A257-053D9845156A}.Ad-Hoc|x64.Build.0 = Release|x64
		{4E0D665A-88DD-430D-A257-053D9845156A}.Ad-Hoc|x64.Deploy.0 = Release|x64
		{4E0D665A-88DD-430D-A257-053D9845156A}.Ad-Hoc|x86.ActiveCfg = Release|x86
		{4E0D665A-88DD-430D-A257-053D9845156A}.Ad-Hoc|x86.Build.0 = Release|x86
		{4E0D665A-88DD-430D-A257-053D9845156A}.Ad-Hoc|x86.Deploy.0 = Release|x86
		{4E0D665A-88DD-430D-A257-053D9845156A}.AppStore|Any CPU.ActiveCfg = Release|x86
		{4E0D665A-88DD-430D-A257-053D9845156A}.AppStore|Any CPU.Build.0 = Release|x86
		{4E0D665A-88DD-430D-A257-053D9845156A}.AppStore|Any CPU.Deploy.0 = Release|x86
		{4E0D665A-88DD-430D-A257-053D9845156A}.AppStore|ARM.ActiveCfg = Release|ARM
		{4E0D665A-88DD-430D-A257-053D9845156A}.AppStore|ARM.Build.0 = Release|ARM
		{4E0D665A-88DD-430D-A257-053D9845156A}.AppStore|ARM.Deploy.0 = Release|ARM
		{4E0D665A-88DD-430D-A257-053D9845156A}.AppStore|iPhone.ActiveCfg = Release|x86
		{4E0D665A-88DD-430D-A257-053D9845156A}.AppStore|iPhone.Build.0 = Release|x86
		{4E0D665A-88DD-430D-A257-053D9845156A}.AppStore|iPhone.Deploy.0 = Release|x86
		{4E0D665A-88DD-430D-A257-053D9845156A}.AppStore|iPhoneSimulator.ActiveCfg = Release|x86
		{4E0D665A-88DD-430D-A257-053D9845156A}.AppStore|iPhoneSimulator.Build.0 = Release|x86
		{4E0D665A-88DD-430D-A257-053D9845156A}.AppStore|iPhoneSimulator.Deploy.0 = Release|x86
		{4E0D665A-88DD-430D-A257-053D9845156A}.AppStore|x64.ActiveCfg = Release|x64
		{4E0D665A-88DD-430D-A257-053D9845156A}.AppStore|x64.Build.0 = Release|x64
		{4E0D665A-88DD-430D-A257-053D9845156A}.AppStore|x64.Deploy.0 = Release|x64
		{4E0D665A-88DD-430D-A257-053D9845156A}.AppStore|x86.ActiveCfg = Release|x86
		{4E0D665A-88DD-430D-A257-053D9845156A}.AppStore|x86.Build.0 = Release|x86
		{4E0D665A-88DD-430D-A257-053D9845156A}.AppStore|x86.Deploy.0 = Release|x86
		{4E0D665A-88DD-430D-A257-053D9845156A}.Debug|Any CPU.ActiveCfg = Debug|x86
		{4E0D665A-88DD-430D-A257-053D9845156A}.Debug|Any CPU.Build.0 = Debug|x86
		{4E0D665A-88DD-430D-A257-053D9845156A}.Debug|Any CPU.Deploy.0 = Debug|x86
		{4E0D665A-88DD-430D-A257-053D9845156A}.Debug|ARM.ActiveCfg = Debug|ARM
		{4E0D665A-88DD-430D-A257-053D9845156A}.Debug|ARM.Build.0 = Debug|ARM
		{4E0D665A-88DD-430D-A257-053D9845156A}.Debug|ARM.Deploy.0 = Debug|ARM
		{4E0D665A-88DD-430D-A257-053D9845156A}.Debug|iPhone.ActiveCfg = Debug|x86
		{4E0D665A-88DD-430D-A257-053D9845156A}.Debug|iPhone.Build.0 = Debug|x86
		{4E0D665A-88DD-430D-A257-053D9845156A}.Debug|iPhone.Deploy.0 = Debug|x86
		{4E0D665A-88DD-430D-A257-053D9845156A}.Debug|iPhoneSimulator.ActiveCfg = Debug|x86
		{4E0D665A-88DD-430D-A257-053D9845156A}.Debug|iPhoneSimulator.Build.0 = Debug|x86
		{4E0D665A-88DD-430D-A257-053D9845156A}.Debug|iPhoneSimulator.Deploy.0 = Debug|x86
		{4E0D665A-88DD-430D-A257-053D9845156A}.Debug|x64.ActiveCfg = Debug|x64
		{4E0D665A-88DD-430D-A257-053D9845156A}.Debug|x64.Build.0 = Debug|x64
		{4E0D665A-88DD-430D-A257-053D9845156A}.Debug|x64.Deploy.0 = Debug|x64
		{4E0D665A-88DD-430D-A257-053D9845156A}.Debug|x86.ActiveCfg = Debug|x86
		{4E0D665A-88DD-430D-A257-053D9845156A}.Debug|x86.Build.0 = Debug|x86
		{4E0D665A-88DD-430D-A257-053D9845156A}.Debug|x86.Deploy.0 = Debug|x86
		{4E0D665A-88DD-430D-A257-053D9845156A}.Release|Any CPU.ActiveCfg = Release|x86
		{4E0D665A-88DD-430D-A257-053D9845156A}.Release|Any CPU.Build.0 = Release|x86
		{4E0D665A-88DD-430D-A257-053D9845156A}.Release|Any CPU.Deploy.0 = Release|x86
		{4E0D665A-88DD-430D-A257-053D9845156A}.Release|ARM.ActiveCfg = Release|ARM
		{4E0D665A-88DD-430D-A257-053D9845156A}.Release|ARM.Build.0 = Release|ARM
		{4E0D665A-88DD-430D-A257-053D9845156A}.Release|ARM.Deploy.0 = Release|ARM
		{4E0D665A-88DD-430D-A257-053D9845156A}.Release|iPhone.ActiveCfg = Release|x86
		{4E0D665A-88DD-430D-A257-053D9845156A}.Release|iPhone.Build.0 = Release|x86
		{4E0D665A-88DD-430D-A257-053D9845156A}.Release|iPhone.Deploy.0 = Release|x86
		{4E0D665A-88DD-430D-A257-053D9845156A}.Release|iPhoneSimulator.ActiveCfg = Release|x86
		{4E0D665A-88DD-430D-A257-053D9845156A}.Release|iPhoneSimulator.Build.0 = Release|x86
		{4E0D665A-88DD-430D-A257-053D9845156A}.Release|iPhoneSimulator.Deploy.0 = Release|x86
		{4E0D665A-88DD-430D-A257-053D9845156A}.Release|x64.ActiveCfg = Release|x64
		{4E0D665A-88DD-430D-A257-053D9845156A}.Release|x64.Build.0 = Release|x64
		{4E0D665A-88DD-430D-A257-053D9845156A}.Release|x64.Deploy.0 = Release|x64
		{4E0D665A-88DD-430D-A257-053D9845156A}.Release|x86.ActiveCfg = Release|x86
		{4E0D665A-88DD-430D-A257-053D9845156A}.Release|x86.Build.0 = Release|x86
		{4E0D665A-88DD-430D-A257-053D9845156A}.Release|x86.Deploy.0 = Release|x86
	EndGlobalSection
	GlobalSection(SolutionProperties) = preSolution
		HideSolutionNode = FALSE
	EndGlobalSection
	GlobalSection(ExtensibilityGlobals) = postSolution
		SolutionGuid = {EAD0A4D0-214E-4F83-9270-A06E406C9B28}
	EndGlobalSection
EndGlobal
