
Microsoft Visual Studio Solution File, Format Version 12.00
# Visual Studio 15
VisualStudioVersion = 15.0.28307.136
MinimumVisualStudioVersion = 10.0.40219.1
Project("{FAE04EC0-301F-11D3-BF4B-00C04F79EFBC}") = "EstudoMenu01.Android", "EstudoMenu01\EstudoMenu01.Android\EstudoMenu01.Android.csproj", "{BB6F29FD-2260-4A6E-9910-1812BEC756C7}"
EndProject
Project("{FAE04EC0-301F-11D3-BF4B-00C04F79EFBC}") = "EstudoMenu01.iOS", "EstudoMenu01\EstudoMenu01.iOS\EstudoMenu01.iOS.csproj", "{815CA25C-F8C4-4CD0-9A1D-AAA922CCA32A}"
EndProject
Project("{FAE04EC0-301F-11D3-BF4B-00C04F79EFBC}") = "EstudoMenu01.UWP", "EstudoMenu01\EstudoMenu01.UWP\EstudoMenu01.UWP.csproj", "{7BA1A404-C9E3-4610-A120-C9CA24885771}"
EndProject
Project("{FAE04EC0-301F-11D3-BF4B-00C04F79EFBC}") = "EstudoMenu01", "EstudoMenu01\EstudoMenu01\EstudoMenu01.csproj", "{EF42C62C-6079-4C8F-B9FC-F6F91E71F931}"
EndProject
Global
	GlobalSection(SolutionConfigurationPlatforms) = preSolution
		Ad-Hoc|Any CPU = Ad-Hoc|Any CPU
		Ad-Hoc|ARM = Ad-Hoc|ARM
		Ad-Hoc|iPhone = Ad-Hoc|iPhone
		Ad-Hoc|iPhoneSimulator = Ad-Hoc|iPhoneSimulator
		Ad-Hoc|x64 = Ad-Hoc|x64
		Ad-Hoc|x86 = Ad-Hoc|x86
		AppStore|Any CPU = AppStore|Any CPU
		AppStore|ARM = AppStore|ARM
		AppStore|iPhone = AppStore|iPhone
		AppStore|iPhoneSimulator = AppStore|iPhoneSimulator
		AppStore|x64 = AppStore|x64
		AppStore|x86 = AppStore|x86
		Debug|Any CPU = Debug|Any CPU
		Debug|ARM = Debug|ARM
		Debug|iPhone = Debug|iPhone
		Debug|iPhoneSimulator = Debug|iPhoneSimulator
		Debug|x64 = Debug|x64
		Debug|x86 = Debug|x86
		Release|Any CPU = Release|Any CPU
		Release|ARM = Release|ARM
		Release|iPhone = Release|iPhone
		Release|iPhoneSimulator = Release|iPhoneSimulator
		Release|x64 = Release|x64
		Release|x86 = Release|x86
	EndGlobalSection
	GlobalSection(ProjectConfigurationPlatforms) = postSolution
		{BB6F29FD-2260-4A6E-9910-1812BEC756C7}.Ad-Hoc|Any CPU.ActiveCfg = Release|Any CPU
		{BB6F29FD-2260-4A6E-9910-1812BEC756C7}.Ad-Hoc|Any CPU.Build.0 = Release|Any CPU
		{BB6F29FD-2260-4A6E-9910-1812BEC756C7}.Ad-Hoc|Any CPU.Deploy.0 = Release|Any CPU
		{BB6F29FD-2260-4A6E-9910-1812BEC756C7}.Ad-Hoc|ARM.ActiveCfg = Release|Any CPU
		{BB6F29FD-2260-4A6E-9910-1812BEC756C7}.Ad-Hoc|ARM.Build.0 = Release|Any CPU
		{BB6F29FD-2260-4A6E-9910-1812BEC756C7}.Ad-Hoc|ARM.Deploy.0 = Release|Any CPU
		{BB6F29FD-2260-4A6E-9910-1812BEC756C7}.Ad-Hoc|iPhone.ActiveCfg = Release|Any CPU
		{BB6F29FD-2260-4A6E-9910-1812BEC756C7}.Ad-Hoc|iPhone.Build.0 = Release|Any CPU
		{BB6F29FD-2260-4A6E-9910-1812BEC756C7}.Ad-Hoc|iPhone.Deploy.0 = Release|Any CPU
		{BB6F29FD-2260-4A6E-9910-1812BEC756C7}.Ad-Hoc|iPhoneSimulator.ActiveCfg = Release|Any CPU
		{BB6F29FD-2260-4A6E-9910-1812BEC756C7}.Ad-Hoc|iPhoneSimulator.Build.0 = Release|Any CPU
		{BB6F29FD-2260-4A6E-9910-1812BEC756C7}.Ad-Hoc|iPhoneSimulator.Deploy.0 = Release|Any CPU
		{BB6F29FD-2260-4A6E-9910-1812BEC756C7}.Ad-Hoc|x64.ActiveCfg = Release|Any CPU
		{BB6F29FD-2260-4A6E-9910-1812BEC756C7}.Ad-Hoc|x64.Build.0 = Release|Any CPU
		{BB6F29FD-2260-4A6E-9910-1812BEC756C7}.Ad-Hoc|x64.Deploy.0 = Release|Any CPU
		{BB6F29FD-2260-4A6E-9910-1812BEC756C7}.Ad-Hoc|x86.ActiveCfg = Release|Any CPU
		{BB6F29FD-2260-4A6E-9910-1812BEC756C7}.Ad-Hoc|x86.Build.0 = Release|Any CPU
		{BB6F29FD-2260-4A6E-9910-1812BEC756C7}.Ad-Hoc|x86.Deploy.0 = Release|Any CPU
		{BB6F29FD-2260-4A6E-9910-1812BEC756C7}.AppStore|Any CPU.ActiveCfg = Release|Any CPU
		{BB6F29FD-2260-4A6E-9910-1812BEC756C7}.AppStore|Any CPU.Build.0 = Release|Any CPU
		{BB6F29FD-2260-4A6E-9910-1812BEC756C7}.AppStore|Any CPU.Deploy.0 = Release|Any CPU
		{BB6F29FD-2260-4A6E-9910-1812BEC756C7}.AppStore|ARM.ActiveCfg = Release|Any CPU
		{BB6F29FD-2260-4A6E-9910-1812BEC756C7}.AppStore|ARM.Build.0 = Release|Any CPU
		{BB6F29FD-2260-4A6E-9910-1812BEC756C7}.AppStore|ARM.Deploy.0 = Release|Any CPU
		{BB6F29FD-2260-4A6E-9910-1812BEC756C7}.AppStore|iPhone.ActiveCfg = Release|Any CPU
		{BB6F29FD-2260-4A6E-9910-1812BEC756C7}.AppStore|iPhone.Build.0 = Release|Any CPU
		{BB6F29FD-2260-4A6E-9910-1812BEC756C7}.AppStore|iPhone.Deploy.0 = Release|Any CPU
		{BB6F29FD-2260-4A6E-9910-1812BEC756C7}.AppStore|iPhoneSimulator.ActiveCfg = Release|Any CPU
		{BB6F29FD-2260-4A6E-9910-1812BEC756C7}.AppStore|iPhoneSimulator.Build.0 = Release|Any CPU
		{BB6F29FD-2260-4A6E-9910-1812BEC756C7}.AppStore|iPhoneSimulator.Deploy.0 = Release|Any CPU
		{BB6F29FD-2260-4A6E-9910-1812BEC756C7}.AppStore|x64.ActiveCfg = Release|Any CPU
		{BB6F29FD-2260-4A6E-9910-1812BEC756C7}.AppStore|x64.Build.0 = Release|Any CPU
		{BB6F29FD-2260-4A6E-9910-1812BEC756C7}.AppStore|x64.Deploy.0 = Release|Any CPU
		{BB6F29FD-2260-4A6E-9910-1812BEC756C7}.AppStore|x86.ActiveCfg = Release|Any CPU
		{BB6F29FD-2260-4A6E-9910-1812BEC756C7}.AppStore|x86.Build.0 = Release|Any CPU
		{BB6F29FD-2260-4A6E-9910-1812BEC756C7}.AppStore|x86.Deploy.0 = Release|Any CPU
		{BB6F29FD-2260-4A6E-9910-1812BEC756C7}.Debug|Any CPU.ActiveCfg = Debug|Any CPU
		{BB6F29FD-2260-4A6E-9910-1812BEC756C7}.Debug|Any CPU.Build.0 = Debug|Any CPU
		{BB6F29FD-2260-4A6E-9910-1812BEC756C7}.Debug|Any CPU.Deploy.0 = Debug|Any CPU
		{BB6F29FD-2260-4A6E-9910-1812BEC756C7}.Debug|ARM.ActiveCfg = Debug|Any CPU
		{BB6F29FD-2260-4A6E-9910-1812BEC756C7}.Debug|ARM.Build.0 = Debug|Any CPU
		{BB6F29FD-2260-4A6E-9910-1812BEC756C7}.Debug|ARM.Deploy.0 = Debug|Any CPU
		{BB6F29FD-2260-4A6E-9910-1812BEC756C7}.Debug|iPhone.ActiveCfg = Debug|Any CPU
		{BB6F29FD-2260-4A6E-9910-1812BEC756C7}.Debug|iPhone.Build.0 = Debug|Any CPU
		{BB6F29FD-2260-4A6E-9910-1812BEC756C7}.Debug|iPhone.Deploy.0 = Debug|Any CPU
		{BB6F29FD-2260-4A6E-9910-1812BEC756C7}.Debug|iPhoneSimulator.ActiveCfg = Debug|Any CPU
		{BB6F29FD-2260-4A6E-9910-1812BEC756C7}.Debug|iPhoneSimulator.Build.0 = Debug|Any CPU
		{BB6F29FD-2260-4A6E-9910-1812BEC756C7}.Debug|iPhoneSimulator.Deploy.0 = Debug|Any CPU
		{BB6F29FD-2260-4A6E-9910-1812BEC756C7}.Debug|x64.ActiveCfg = Debug|Any CPU
		{BB6F29FD-2260-4A6E-9910-1812BEC756C7}.Debug|x64.Build.0 = Debug|Any CPU
		{BB6F29FD-2260-4A6E-9910-1812BEC756C7}.Debug|x64.Deploy.0 = Debug|Any CPU
		{BB6F29FD-2260-4A6E-9910-1812BEC756C7}.Debug|x86.ActiveCfg = Debug|Any CPU
		{BB6F29FD-2260-4A6E-9910-1812BEC756C7}.Debug|x86.Build.0 = Debug|Any CPU
		{BB6F29FD-2260-4A6E-9910-1812BEC756C7}.Debug|x86.Deploy.0 = Debug|Any CPU
		{BB6F29FD-2260-4A6E-9910-1812BEC756C7}.Release|Any CPU.ActiveCfg = Release|Any CPU
		{BB6F29FD-2260-4A6E-9910-1812BEC756C7}.Release|Any CPU.Build.0 = Release|Any CPU
		{BB6F29FD-2260-4A6E-9910-1812BEC756C7}.Release|Any CPU.Deploy.0 = Release|Any CPU
		{BB6F29FD-2260-4A6E-9910-1812BEC756C7}.Release|ARM.ActiveCfg = Release|Any CPU
		{BB6F29FD-2260-4A6E-9910-1812BEC756C7}.Release|ARM.Build.0 = Release|Any CPU
		{BB6F29FD-2260-4A6E-9910-1812BEC756C7}.Release|ARM.Deploy.0 = Release|Any CPU
		{BB6F29FD-2260-4A6E-9910-1812BEC756C7}.Release|iPhone.ActiveCfg = Release|Any CPU
		{BB6F29FD-2260-4A6E-9910-1812BEC756C7}.Release|iPhone.Build.0 = Release|Any CPU
		{BB6F29FD-2260-4A6E-9910-1812BEC756C7}.Release|iPhone.Deploy.0 = Release|Any CPU
		{BB6F29FD-2260-4A6E-9910-1812BEC756C7}.Release|iPhoneSimulator.ActiveCfg = Release|Any CPU
		{BB6F29FD-2260-4A6E-9910-1812BEC756C7}.Release|iPhoneSimulator.Build.0 = Release|Any CPU
		{BB6F29FD-2260-4A6E-9910-1812BEC756C7}.Release|iPhoneSimulator.Deploy.0 = Release|Any CPU
		{BB6F29FD-2260-4A6E-9910-1812BEC756C7}.Release|x64.ActiveCfg = Release|Any CPU
		{BB6F29FD-2260-4A6E-9910-1812BEC756C7}.Release|x64.Build.0 = Release|Any CPU
		{BB6F29FD-2260-4A6E-9910-1812BEC756C7}.Release|x64.Deploy.0 = Release|Any CPU
		{BB6F29FD-2260-4A6E-9910-1812BEC756C7}.Release|x86.ActiveCfg = Release|Any CPU
		{BB6F29FD-2260-4A6E-9910-1812BEC756C7}.Release|x86.Build.0 = Release|Any CPU
		{BB6F29FD-2260-4A6E-9910-1812BEC756C7}.Release|x86.Deploy.0 = Release|Any CPU
		{815CA25C-F8C4-4CD0-9A1D-AAA922CCA32A}.Ad-Hoc|Any CPU.ActiveCfg = Ad-Hoc|iPhone
		{815CA25C-F8C4-4CD0-9A1D-AAA922CCA32A}.Ad-Hoc|Any CPU.Build.0 = Ad-Hoc|iPhone
		{815CA25C-F8C4-4CD0-9A1D-AAA922CCA32A}.Ad-Hoc|Any CPU.Deploy.0 = Ad-Hoc|iPhone
		{815CA25C-F8C4-4CD0-9A1D-AAA922CCA32A}.Ad-Hoc|ARM.ActiveCfg = Ad-Hoc|iPhone
		{815CA25C-F8C4-4CD0-9A1D-AAA922CCA32A}.Ad-Hoc|ARM.Build.0 = Ad-Hoc|iPhone
		{815CA25C-F8C4-4CD0-9A1D-AAA922CCA32A}.Ad-Hoc|ARM.Deploy.0 = Ad-Hoc|iPhone
		{815CA25C-F8C4-4CD0-9A1D-AAA922CCA32A}.Ad-Hoc|iPhone.ActiveCfg = Ad-Hoc|iPhone
		{815CA25C-F8C4-4CD0-9A1D-AAA922CCA32A}.Ad-Hoc|iPhone.Build.0 = Ad-Hoc|iPhone
		{815CA25C-F8C4-4CD0-9A1D-AAA922CCA32A}.Ad-Hoc|iPhone.Deploy.0 = Ad-Hoc|iPhone
		{815CA25C-F8C4-4CD0-9A1D-AAA922CCA32A}.Ad-Hoc|iPhoneSimulator.ActiveCfg = Ad-Hoc|iPhoneSimulator
		{815CA25C-F8C4-4CD0-9A1D-AAA922CCA32A}.Ad-Hoc|iPhoneSimulator.Build.0 = Ad-Hoc|iPhoneSimulator
		{815CA25C-F8C4-4CD0-9A1D-AAA922CCA32A}.Ad-Hoc|iPhoneSimulator.Deploy.0 = Ad-Hoc|iPhoneSimulator
		{815CA25C-F8C4-4CD0-9A1D-AAA922CCA32A}.Ad-Hoc|x64.ActiveCfg = Ad-Hoc|iPhone
		{815CA25C-F8C4-4CD0-9A1D-AAA922CCA32A}.Ad-Hoc|x64.Build.0 = Ad-Hoc|iPhone
		{815CA25C-F8C4-4CD0-9A1D-AAA922CCA32A}.Ad-Hoc|x64.Deploy.0 = Ad-Hoc|iPhone
		{815CA25C-F8C4-4CD0-9A1D-AAA922CCA32A}.Ad-Hoc|x86.ActiveCfg = Ad-Hoc|iPhone
		{815CA25C-F8C4-4CD0-9A1D-AAA922CCA32A}.Ad-Hoc|x86.Build.0 = Ad-Hoc|iPhone
		{815CA25C-F8C4-4CD0-9A1D-AAA922CCA32A}.Ad-Hoc|x86.Deploy.0 = Ad-Hoc|iPhone
		{815CA25C-F8C4-4CD0-9A1D-AAA922CCA32A}.AppStore|Any CPU.ActiveCfg = AppStore|iPhone
		{815CA25C-F8C4-4CD0-9A1D-AAA922CCA32A}.AppStore|Any CPU.Build.0 = AppStore|iPhone
		{815CA25C-F8C4-4CD0-9A1D-AAA922CCA32A}.AppStore|Any CPU.Deploy.0 = AppStore|iPhone
		{815CA25C-F8C4-4CD0-9A1D-AAA922CCA32A}.AppStore|ARM.ActiveCfg = AppStore|iPhone
		{815CA25C-F8C4-4CD0-9A1D-AAA922CCA32A}.AppStore|ARM.Build.0 = AppStore|iPhone
		{815CA25C-F8C4-4CD0-9A1D-AAA922CCA32A}.AppStore|ARM.Deploy.0 = AppStore|iPhone
		{815CA25C-F8C4-4CD0-9A1D-AAA922CCA32A}.AppStore|iPhone.ActiveCfg = AppStore|iPhone
		{815CA25C-F8C4-4CD0-9A1D-AAA922CCA32A}.AppStore|iPhone.Build.0 = AppStore|iPhone
		{815CA25C-F8C4-4CD0-9A1D-AAA922CCA32A}.AppStore|iPhone.Deploy.0 = AppStore|iPhone
		{815CA25C-F8C4-4CD0-9A1D-AAA922CCA32A}.AppStore|iPhoneSimulator.ActiveCfg = AppStore|iPhoneSimulator
		{815CA25C-F8C4-4CD0-9A1D-AAA922CCA32A}.AppStore|iPhoneSimulator.Build.0 = AppStore|iPhoneSimulator
		{815CA25C-F8C4-4CD0-9A1D-AAA922CCA32A}.AppStore|iPhoneSimulator.Deploy.0 = AppStore|iPhoneSimulator
		{815CA25C-F8C4-4CD0-9A1D-AAA922CCA32A}.AppStore|x64.ActiveCfg = AppStore|iPhone
		{815CA25C-F8C4-4CD0-9A1D-AAA922CCA32A}.AppStore|x64.Build.0 = AppStore|iPhone
		{815CA25C-F8C4-4CD0-9A1D-AAA922CCA32A}.AppStore|x64.Deploy.0 = AppStore|iPhone
		{815CA25C-F8C4-4CD0-9A1D-AAA922CCA32A}.AppStore|x86.ActiveCfg = AppStore|iPhone
		{815CA25C-F8C4-4CD0-9A1D-AAA922CCA32A}.AppStore|x86.Build.0 = AppStore|iPhone
		{815CA25C-F8C4-4CD0-9A1D-AAA922CCA32A}.AppStore|x86.Deploy.0 = AppStore|iPhone
		{815CA25C-F8C4-4CD0-9A1D-AAA922CCA32A}.Debug|Any CPU.ActiveCfg = Debug|iPhoneSimulator
		{815CA25C-F8C4-4CD0-9A1D-AAA922CCA32A}.Debug|Any CPU.Build.0 = Debug|iPhoneSimulator
		{815CA25C-F8C4-4CD0-9A1D-AAA922CCA32A}.Debug|Any CPU.Deploy.0 = Debug|iPhoneSimulator
		{815CA25C-F8C4-4CD0-9A1D-AAA922CCA32A}.Debug|ARM.ActiveCfg = Debug|iPhone
		{815CA25C-F8C4-4CD0-9A1D-AAA922CCA32A}.Debug|ARM.Build.0 = Debug|iPhone
		{815CA25C-F8C4-4CD0-9A1D-AAA922CCA32A}.Debug|ARM.Deploy.0 = Debug|iPhone
		{815CA25C-F8C4-4CD0-9A1D-AAA922CCA32A}.Debug|iPhone.ActiveCfg = Debug|iPhone
		{815CA25C-F8C4-4CD0-9A1D-AAA922CCA32A}.Debug|iPhone.Build.0 = Debug|iPhone
		{815CA25C-F8C4-4CD0-9A1D-AAA922CCA32A}.Debug|iPhone.Deploy.0 = Debug|iPhone
		{815CA25C-F8C4-4CD0-9A1D-AAA922CCA32A}.Debug|iPhoneSimulator.ActiveCfg = Debug|iPhoneSimulator
		{815CA25C-F8C4-4CD0-9A1D-AAA922CCA32A}.Debug|iPhoneSimulator.Build.0 = Debug|iPhoneSimulator
		{815CA25C-F8C4-4CD0-9A1D-AAA922CCA32A}.Debug|iPhoneSimulator.Deploy.0 = Debug|iPhoneSimulator
		{815CA25C-F8C4-4CD0-9A1D-AAA922CCA32A}.Debug|x64.ActiveCfg = Debug|iPhone
		{815CA25C-F8C4-4CD0-9A1D-AAA922CCA32A}.Debug|x64.Build.0 = Debug|iPhone
		{815CA25C-F8C4-4CD0-9A1D-AAA922CCA32A}.Debug|x64.Deploy.0 = Debug|iPhone
		{815CA25C-F8C4-4CD0-9A1D-AAA922CCA32A}.Debug|x86.ActiveCfg = Debug|iPhone
		{815CA25C-F8C4-4CD0-9A1D-AAA922CCA32A}.Debug|x86.Build.0 = Debug|iPhone
		{815CA25C-F8C4-4CD0-9A1D-AAA922CCA32A}.Debug|x86.Deploy.0 = Debug|iPhone
		{815CA25C-F8C4-4CD0-9A1D-AAA922CCA32A}.Release|Any CPU.ActiveCfg = Release|iPhone
		{815CA25C-F8C4-4CD0-9A1D-AAA922CCA32A}.Release|Any CPU.Build.0 = Release|iPhone
		{815CA25C-F8C4-4CD0-9A1D-AAA922CCA32A}.Release|Any CPU.Deploy.0 = Release|iPhone
		{815CA25C-F8C4-4CD0-9A1D-AAA922CCA32A}.Release|ARM.ActiveCfg = Release|iPhone
		{815CA25C-F8C4-4CD0-9A1D-AAA922CCA32A}.Release|ARM.Build.0 = Release|iPhone
		{815CA25C-F8C4-4CD0-9A1D-AAA922CCA32A}.Release|ARM.Deploy.0 = Release|iPhone
		{815CA25C-F8C4-4CD0-9A1D-AAA922CCA32A}.Release|iPhone.ActiveCfg = Release|iPhone
		{815CA25C-F8C4-4CD0-9A1D-AAA922CCA32A}.Release|iPhone.Build.0 = Release|iPhone
		{815CA25C-F8C4-4CD0-9A1D-AAA922CCA32A}.Release|iPhone.Deploy.0 = Release|iPhone
		{815CA25C-F8C4-4CD0-9A1D-AAA922CCA32A}.Release|iPhoneSimulator.ActiveCfg = Release|iPhoneSimulator
		{815CA25C-F8C4-4CD0-9A1D-AAA922CCA32A}.Release|iPhoneSimulator.Build.0 = Release|iPhoneSimulator
		{815CA25C-F8C4-4CD0-9A1D-AAA922CCA32A}.Release|iPhoneSimulator.Deploy.0 = Release|iPhoneSimulator
		{815CA25C-F8C4-4CD0-9A1D-AAA922CCA32A}.Release|x64.ActiveCfg = Release|iPhone
		{815CA25C-F8C4-4CD0-9A1D-AAA922CCA32A}.Release|x64.Build.0 = Release|iPhone
		{815CA25C-F8C4-4CD0-9A1D-AAA922CCA32A}.Release|x64.Deploy.0 = Release|iPhone
		{815CA25C-F8C4-4CD0-9A1D-AAA922CCA32A}.Release|x86.ActiveCfg = Release|iPhone
		{815CA25C-F8C4-4CD0-9A1D-AAA922CCA32A}.Release|x86.Build.0 = Release|iPhone
		{815CA25C-F8C4-4CD0-9A1D-AAA922CCA32A}.Release|x86.Deploy.0 = Release|iPhone
		{7BA1A404-C9E3-4610-A120-C9CA24885771}.Ad-Hoc|Any CPU.ActiveCfg = Release|x86
		{7BA1A404-C9E3-4610-A120-C9CA24885771}.Ad-Hoc|Any CPU.Build.0 = Release|x86
		{7BA1A404-C9E3-4610-A120-C9CA24885771}.Ad-Hoc|Any CPU.Deploy.0 = Release|x86
		{7BA1A404-C9E3-4610-A120-C9CA24885771}.Ad-Hoc|ARM.ActiveCfg = Release|ARM
		{7BA1A404-C9E3-4610-A120-C9CA24885771}.Ad-Hoc|ARM.Build.0 = Release|ARM
		{7BA1A404-C9E3-4610-A120-C9CA24885771}.Ad-Hoc|ARM.Deploy.0 = Release|ARM
		{7BA1A404-C9E3-4610-A120-C9CA24885771}.Ad-Hoc|iPhone.ActiveCfg = Release|x86
		{7BA1A404-C9E3-4610-A120-C9CA24885771}.Ad-Hoc|iPhone.Build.0 = Release|x86
		{7BA1A404-C9E3-4610-A120-C9CA24885771}.Ad-Hoc|iPhone.Deploy.0 = Release|x86
		{7BA1A404-C9E3-4610-A120-C9CA24885771}.Ad-Hoc|iPhoneSimulator.ActiveCfg = Release|x86
		{7BA1A404-C9E3-4610-A120-C9CA24885771}.Ad-Hoc|iPhoneSimulator.Build.0 = Release|x86
		{7BA1A404-C9E3-4610-A120-C9CA24885771}.Ad-Hoc|iPhoneSimulator.Deploy.0 = Release|x86
		{7BA1A404-C9E3-4610-A120-C9CA24885771}.Ad-Hoc|x64.ActiveCfg = Release|x64
		{7BA1A404-C9E3-4610-A120-C9CA24885771}.Ad-Hoc|x64.Build.0 = Release|x64
		{7BA1A404-C9E3-4610-A120-C9CA24885771}.Ad-Hoc|x64.Deploy.0 = Release|x64
		{7BA1A404-C9E3-4610-A120-C9CA24885771}.Ad-Hoc|x86.ActiveCfg = Release|x86
		{7BA1A404-C9E3-4610-A120-C9CA24885771}.Ad-Hoc|x86.Build.0 = Release|x86
		{7BA1A404-C9E3-4610-A120-C9CA24885771}.Ad-Hoc|x86.Deploy.0 = Release|x86
		{7BA1A404-C9E3-4610-A120-C9CA24885771}.AppStore|Any CPU.ActiveCfg = Release|x86
		{7BA1A404-C9E3-4610-A120-C9CA24885771}.AppStore|Any CPU.Build.0 = Release|x86
		{7BA1A404-C9E3-4610-A120-C9CA24885771}.AppStore|Any CPU.Deploy.0 = Release|x86
		{7BA1A404-C9E3-4610-A120-C9CA24885771}.AppStore|ARM.ActiveCfg = Release|ARM
		{7BA1A404-C9E3-4610-A120-C9CA24885771}.AppStore|ARM.Build.0 = Release|ARM
		{7BA1A404-C9E3-4610-A120-C9CA24885771}.AppStore|ARM.Deploy.0 = Release|ARM
		{7BA1A404-C9E3-4610-A120-C9CA24885771}.AppStore|iPhone.ActiveCfg = Release|x86
		{7BA1A404-C9E3-4610-A120-C9CA24885771}.AppStore|iPhone.Build.0 = Release|x86
		{7BA1A404-C9E3-4610-A120-C9CA24885771}.AppStore|iPhone.Deploy.0 = Release|x86
		{7BA1A404-C9E3-4610-A120-C9CA24885771}.AppStore|iPhoneSimulator.ActiveCfg = Release|x86
		{7BA1A404-C9E3-4610-A120-C9CA24885771}.AppStore|iPhoneSimulator.Build.0 = Release|x86
		{7BA1A404-C9E3-4610-A120-C9CA24885771}.AppStore|iPhoneSimulator.Deploy.0 = Release|x86
		{7BA1A404-C9E3-4610-A120-C9CA24885771}.AppStore|x64.ActiveCfg = Release|x64
		{7BA1A404-C9E3-4610-A120-C9CA24885771}.AppStore|x64.Build.0 = Release|x64
		{7BA1A404-C9E3-4610-A120-C9CA24885771}.AppStore|x64.Deploy.0 = Release|x64
		{7BA1A404-C9E3-4610-A120-C9CA24885771}.AppStore|x86.ActiveCfg = Release|x86
		{7BA1A404-C9E3-4610-A120-C9CA24885771}.AppStore|x86.Build.0 = Release|x86
		{7BA1A404-C9E3-4610-A120-C9CA24885771}.AppStore|x86.Deploy.0 = Release|x86
		{7BA1A404-C9E3-4610-A120-C9CA24885771}.Debug|Any CPU.ActiveCfg = Debug|x86
		{7BA1A404-C9E3-4610-A120-C9CA24885771}.Debug|Any CPU.Build.0 = Debug|x86
		{7BA1A404-C9E3-4610-A120-C9CA24885771}.Debug|Any CPU.Deploy.0 = Debug|x86
		{7BA1A404-C9E3-4610-A120-C9CA24885771}.Debug|ARM.ActiveCfg = Debug|ARM
		{7BA1A404-C9E3-4610-A120-C9CA24885771}.Debug|ARM.Build.0 = Debug|ARM
		{7BA1A404-C9E3-4610-A120-C9CA24885771}.Debug|ARM.Deploy.0 = Debug|ARM
		{7BA1A404-C9E3-4610-A120-C9CA24885771}.Debug|iPhone.ActiveCfg = Debug|x86
		{7BA1A404-C9E3-4610-A120-C9CA24885771}.Debug|iPhone.Build.0 = Debug|x86
		{7BA1A404-C9E3-4610-A120-C9CA24885771}.Debug|iPhone.Deploy.0 = Debug|x86
		{7BA1A404-C9E3-4610-A120-C9CA24885771}.Debug|iPhoneSimulator.ActiveCfg = Debug|x86
		{7BA1A404-C9E3-4610-A120-C9CA24885771}.Debug|iPhoneSimulator.Build.0 = Debug|x86
		{7BA1A404-C9E3-4610-A120-C9CA24885771}.Debug|iPhoneSimulator.Deploy.0 = Debug|x86
		{7BA1A404-C9E3-4610-A120-C9CA24885771}.Debug|x64.ActiveCfg = Debug|x64
		{7BA1A404-C9E3-4610-A120-C9CA24885771}.Debug|x64.Build.0 = Debug|x64
		{7BA1A404-C9E3-4610-A120-C9CA24885771}.Debug|x64.Deploy.0 = Debug|x64
		{7BA1A404-C9E3-4610-A120-C9CA24885771}.Debug|x86.ActiveCfg = Debug|x86
		{7BA1A404-C9E3-4610-A120-C9CA24885771}.Debug|x86.Build.0 = Debug|x86
		{7BA1A404-C9E3-4610-A120-C9CA24885771}.Debug|x86.Deploy.0 = Debug|x86
		{7BA1A404-C9E3-4610-A120-C9CA24885771}.Release|Any CPU.ActiveCfg = Release|x86
		{7BA1A404-C9E3-4610-A120-C9CA24885771}.Release|Any CPU.Build.0 = Release|x86
		{7BA1A404-C9E3-4610-A120-C9CA24885771}.Release|Any CPU.Deploy.0 = Release|x86
		{7BA1A404-C9E3-4610-A120-C9CA24885771}.Release|ARM.ActiveCfg = Release|ARM
		{7BA1A404-C9E3-4610-A120-C9CA24885771}.Release|ARM.Build.0 = Release|ARM
		{7BA1A404-C9E3-4610-A120-C9CA24885771}.Release|ARM.Deploy.0 = Release|ARM
		{7BA1A404-C9E3-4610-A120-C9CA24885771}.Release|iPhone.ActiveCfg = Release|x86
		{7BA1A404-C9E3-4610-A120-C9CA24885771}.Release|iPhone.Build.0 = Release|x86
		{7BA1A404-C9E3-4610-A120-C9CA24885771}.Release|iPhone.Deploy.0 = Release|x86
		{7BA1A404-C9E3-4610-A120-C9CA24885771}.Release|iPhoneSimulator.ActiveCfg = Release|x86
		{7BA1A404-C9E3-4610-A120-C9CA24885771}.Release|iPhoneSimulator.Build.0 = Release|x86
		{7BA1A404-C9E3-4610-A120-C9CA24885771}.Release|iPhoneSimulator.Deploy.0 = Release|x86
		{7BA1A404-C9E3-4610-A120-C9CA24885771}.Release|x64.ActiveCfg = Release|x64
		{7BA1A404-C9E3-4610-A120-C9CA24885771}.Release|x64.Build.0 = Release|x64
		{7BA1A404-C9E3-4610-A120-C9CA24885771}.Release|x64.Deploy.0 = Release|x64
		{7BA1A404-C9E3-4610-A120-C9CA24885771}.Release|x86.ActiveCfg = Release|x86
		{7BA1A404-C9E3-4610-A120-C9CA24885771}.Release|x86.Build.0 = Release|x86
		{7BA1A404-C9E3-4610-A120-C9CA24885771}.Release|x86.Deploy.0 = Release|x86
		{EF42C62C-6079-4C8F-B9FC-F6F91E71F931}.Ad-Hoc|Any CPU.ActiveCfg = Debug|Any CPU
		{EF42C62C-6079-4C8F-B9FC-F6F91E71F931}.Ad-Hoc|Any CPU.Build.0 = Debug|Any CPU
		{EF42C62C-6079-4C8F-B9FC-F6F91E71F931}.Ad-Hoc|Any CPU.Deploy.0 = Debug|Any CPU
		{EF42C62C-6079-4C8F-B9FC-F6F91E71F931}.Ad-Hoc|ARM.ActiveCfg = Debug|Any CPU
		{EF42C62C-6079-4C8F-B9FC-F6F91E71F931}.Ad-Hoc|ARM.Build.0 = Debug|Any CPU
		{EF42C62C-6079-4C8F-B9FC-F6F91E71F931}.Ad-Hoc|ARM.Deploy.0 = Debug|Any CPU
		{EF42C62C-6079-4C8F-B9FC-F6F91E71F931}.Ad-Hoc|iPhone.ActiveCfg = Debug|Any CPU
		{EF42C62C-6079-4C8F-B9FC-F6F91E71F931}.Ad-Hoc|iPhone.Build.0 = Debug|Any CPU
		{EF42C62C-6079-4C8F-B9FC-F6F91E71F931}.Ad-Hoc|iPhone.Deploy.0 = Debug|Any CPU
		{EF42C62C-6079-4C8F-B9FC-F6F91E71F931}.Ad-Hoc|iPhoneSimulator.ActiveCfg = Debug|Any CPU
		{EF42C62C-6079-4C8F-B9FC-F6F91E71F931}.Ad-Hoc|iPhoneSimulator.Build.0 = Debug|Any CPU
		{EF42C62C-6079-4C8F-B9FC-F6F91E71F931}.Ad-Hoc|iPhoneSimulator.Deploy.0 = Debug|Any CPU
		{EF42C62C-6079-4C8F-B9FC-F6F91E71F931}.Ad-Hoc|x64.ActiveCfg = Debug|Any CPU
		{EF42C62C-6079-4C8F-B9FC-F6F91E71F931}.Ad-Hoc|x64.Build.0 = Debug|Any CPU
		{EF42C62C-6079-4C8F-B9FC-F6F91E71F931}.Ad-Hoc|x64.Deploy.0 = Debug|Any CPU
		{EF42C62C-6079-4C8F-B9FC-F6F91E71F931}.Ad-Hoc|x86.ActiveCfg = Debug|Any CPU
		{EF42C62C-6079-4C8F-B9FC-F6F91E71F931}.Ad-Hoc|x86.Build.0 = Debug|Any CPU
		{EF42C62C-6079-4C8F-B9FC-F6F91E71F931}.Ad-Hoc|x86.Deploy.0 = Debug|Any CPU
		{EF42C62C-6079-4C8F-B9FC-F6F91E71F931}.AppStore|Any CPU.ActiveCfg = Debug|Any CPU
		{EF42C62C-6079-4C8F-B9FC-F6F91E71F931}.AppStore|Any CPU.Build.0 = Debug|Any CPU
		{EF42C62C-6079-4C8F-B9FC-F6F91E71F931}.AppStore|Any CPU.Deploy.0 = Debug|Any CPU
		{EF42C62C-6079-4C8F-B9FC-F6F91E71F931}.AppStore|ARM.ActiveCfg = Debug|Any CPU
		{EF42C62C-6079-4C8F-B9FC-F6F91E71F931}.AppStore|ARM.Build.0 = Debug|Any CPU
		{EF42C62C-6079-4C8F-B9FC-F6F91E71F931}.AppStore|ARM.Deploy.0 = Debug|Any CPU
		{EF42C62C-6079-4C8F-B9FC-F6F91E71F931}.AppStore|iPhone.ActiveCfg = Debug|Any CPU
		{EF42C62C-6079-4C8F-B9FC-F6F91E71F931}.AppStore|iPhone.Build.0 = Debug|Any CPU
		{EF42C62C-6079-4C8F-B9FC-F6F91E71F931}.AppStore|iPhone.Deploy.0 = Debug|Any CPU
		{EF42C62C-6079-4C8F-B9FC-F6F91E71F931}.AppStore|iPhoneSimulator.ActiveCfg = Debug|Any CPU
		{EF42C62C-6079-4C8F-B9FC-F6F91E71F931}.AppStore|iPhoneSimulator.Build.0 = Debug|Any CPU
		{EF42C62C-6079-4C8F-B9FC-F6F91E71F931}.AppStore|iPhoneSimulator.Deploy.0 = Debug|Any CPU
		{EF42C62C-6079-4C8F-B9FC-F6F91E71F931}.AppStore|x64.ActiveCfg = Debug|Any CPU
		{EF42C62C-6079-4C8F-B9FC-F6F91E71F931}.AppStore|x64.Build.0 = Debug|Any CPU
		{EF42C62C-6079-4C8F-B9FC-F6F91E71F931}.AppStore|x64.Deploy.0 = Debug|Any CPU
		{EF42C62C-6079-4C8F-B9FC-F6F91E71F931}.AppStore|x86.ActiveCfg = Debug|Any CPU
		{EF42C62C-6079-4C8F-B9FC-F6F91E71F931}.AppStore|x86.Build.0 = Debug|Any CPU
		{EF42C62C-6079-4C8F-B9FC-F6F91E71F931}.AppStore|x86.Deploy.0 = Debug|Any CPU
		{EF42C62C-6079-4C8F-B9FC-F6F91E71F931}.Debug|Any CPU.ActiveCfg = Debug|Any CPU
		{EF42C62C-6079-4C8F-B9FC-F6F91E71F931}.Debug|Any CPU.Build.0 = Debug|Any CPU
		{EF42C62C-6079-4C8F-B9FC-F6F91E71F931}.Debug|Any CPU.Deploy.0 = Debug|Any CPU
		{EF42C62C-6079-4C8F-B9FC-F6F91E71F931}.Debug|ARM.ActiveCfg = Debug|Any CPU
		{EF42C62C-6079-4C8F-B9FC-F6F91E71F931}.Debug|ARM.Build.0 = Debug|Any CPU
		{EF42C62C-6079-4C8F-B9FC-F6F91E71F931}.Debug|ARM.Deploy.0 = Debug|Any CPU
		{EF42C62C-6079-4C8F-B9FC-F6F91E71F931}.Debug|iPhone.ActiveCfg = Debug|Any CPU
		{EF42C62C-6079-4C8F-B9FC-F6F91E71F931}.Debug|iPhone.Build.0 = Debug|Any CPU
		{EF42C62C-6079-4C8F-B9FC-F6F91E71F931}.Debug|iPhone.Deploy.0 = Debug|Any CPU
		{EF42C62C-6079-4C8F-B9FC-F6F91E71F931}.Debug|iPhoneSimulator.ActiveCfg = Debug|Any CPU
		{EF42C62C-6079-4C8F-B9FC-F6F91E71F931}.Debug|iPhoneSimulator.Build.0 = Debug|Any CPU
		{EF42C62C-6079-4C8F-B9FC-F6F91E71F931}.Debug|iPhoneSimulator.Deploy.0 = Debug|Any CPU
		{EF42C62C-6079-4C8F-B9FC-F6F91E71F931}.Debug|x64.ActiveCfg = Debug|Any CPU
		{EF42C62C-6079-4C8F-B9FC-F6F91E71F931}.Debug|x64.Build.0 = Debug|Any CPU
		{EF42C62C-6079-4C8F-B9FC-F6F91E71F931}.Debug|x64.Deploy.0 = Debug|Any CPU
		{EF42C62C-6079-4C8F-B9FC-F6F91E71F931}.Debug|x86.ActiveCfg = Debug|Any CPU
		{EF42C62C-6079-4C8F-B9FC-F6F91E71F931}.Debug|x86.Build.0 = Debug|Any CPU
		{EF42C62C-6079-4C8F-B9FC-F6F91E71F931}.Debug|x86.Deploy.0 = Debug|Any CPU
		{EF42C62C-6079-4C8F-B9FC-F6F91E71F931}.Release|Any CPU.ActiveCfg = Release|Any CPU
		{EF42C62C-6079-4C8F-B9FC-F6F91E71F931}.Release|Any CPU.Build.0 = Release|Any CPU
		{EF42C62C-6079-4C8F-B9FC-F6F91E71F931}.Release|Any CPU.Deploy.0 = Release|Any CPU
		{EF42C62C-6079-4C8F-B9FC-F6F91E71F931}.Release|ARM.ActiveCfg = Release|Any CPU
		{EF42C62C-6079-4C8F-B9FC-F6F91E71F931}.Release|ARM.Build.0 = Release|Any CPU
		{EF42C62C-6079-4C8F-B9FC-F6F91E71F931}.Release|ARM.Deploy.0 = Release|Any CPU
		{EF42C62C-6079-4C8F-B9FC-F6F91E71F931}.Release|iPhone.ActiveCfg = Release|Any CPU
		{EF42C62C-6079-4C8F-B9FC-F6F91E71F931}.Release|iPhone.Build.0 = Release|Any CPU
		{EF42C62C-6079-4C8F-B9FC-F6F91E71F931}.Release|iPhone.Deploy.0 = Release|Any CPU
		{EF42C62C-6079-4C8F-B9FC-F6F91E71F931}.Release|iPhoneSimulator.ActiveCfg = Release|Any CPU
		{EF42C62C-6079-4C8F-B9FC-F6F91E71F931}.Release|iPhoneSimulator.Build.0 = Release|Any CPU
		{EF42C62C-6079-4C8F-B9FC-F6F91E71F931}.Release|iPhoneSimulator.Deploy.0 = Release|Any CPU
		{EF42C62C-6079-4C8F-B9FC-F6F91E71F931}.Release|x64.ActiveCfg = Release|Any CPU
		{EF42C62C-6079-4C8F-B9FC-F6F91E71F931}.Release|x64.Build.0 = Release|Any CPU
		{EF42C62C-6079-4C8F-B9FC-F6F91E71F931}.Release|x64.Deploy.0 = Release|Any CPU
		{EF42C62C-6079-4C8F-B9FC-F6F91E71F931}.Release|x86.ActiveCfg = Release|Any CPU
		{EF42C62C-6079-4C8F-B9FC-F6F91E71F931}.Release|x86.Build.0 = Release|Any CPU
		{EF42C62C-6079-4C8F-B9FC-F6F91E71F931}.Release|x86.Deploy.0 = Release|Any CPU
	EndGlobalSection
	GlobalSection(SolutionProperties) = preSolution
		HideSolutionNode = FALSE
	EndGlobalSection
	GlobalSection(ExtensibilityGlobals) = postSolution
		SolutionGuid = {FC3F178B-2FF6-4250-91CE-647F1754A0AE}
	EndGlobalSection
EndGlobal
