
Microsoft Visual Studio Solution File, Format Version 12.00
# Visual Studio 15
VisualStudioVersion = 15.0.28010.2046
MinimumVisualStudioVersion = 10.0.40219.1
Project("{FAE04EC0-301F-11D3-BF4B-00C04F79EFBC}") = "ReproduzirAudio.Android", "ReproduzirAudio\ReproduzirAudio.Android\ReproduzirAudio.Android.csproj", "{91ECC104-AA1B-4E47-A574-68F25F6869DA}"
EndProject
Project("{FAE04EC0-301F-11D3-BF4B-00C04F79EFBC}") = "ReproduzirAudio.iOS", "ReproduzirAudio\ReproduzirAudio.iOS\ReproduzirAudio.iOS.csproj", "{00BF2D64-A200-42A4-B6D5-704A361A1589}"
EndProject
Project("{FAE04EC0-301F-11D3-BF4B-00C04F79EFBC}") = "ReproduzirAudio.UWP", "ReproduzirAudio\ReproduzirAudio.UWP\ReproduzirAudio.UWP.csproj", "{8DB1F250-D705-4730-858F-73B6A00A6364}"
EndProject
Project("{D954291E-2A0B-460D-934E-DC6B0785DB48}") = "ReproduzirAudio", "ReproduzirAudio\ReproduzirAudio\ReproduzirAudio.shproj", "{94AB855F-F8EF-42C7-B8DC-4FD9F1138484}"
EndProject
Global
	GlobalSection(SharedMSBuildProjectFiles) = preSolution
		ReproduzirAudio\ReproduzirAudio\ReproduzirAudio.projitems*{00bf2d64-a200-42a4-b6d5-704a361a1589}*SharedItemsImports = 4
		ReproduzirAudio\ReproduzirAudio\ReproduzirAudio.projitems*{8db1f250-d705-4730-858f-73b6a00a6364}*SharedItemsImports = 4
		ReproduzirAudio\ReproduzirAudio\ReproduzirAudio.projitems*{91ecc104-aa1b-4e47-a574-68f25f6869da}*SharedItemsImports = 4
		ReproduzirAudio\ReproduzirAudio\ReproduzirAudio.projitems*{94ab855f-f8ef-42c7-b8dc-4fd9f1138484}*SharedItemsImports = 13
	EndGlobalSection
	GlobalSection(SolutionConfigurationPlatforms) = preSolution
		Ad-Hoc|Any CPU = Ad-Hoc|Any CPU
		Ad-Hoc|ARM = Ad-Hoc|ARM
		Ad-Hoc|iPhone = Ad-Hoc|iPhone
		Ad-Hoc|iPhoneSimulator = Ad-Hoc|iPhoneSimulator
		Ad-Hoc|x64 = Ad-Hoc|x64
		Ad-Hoc|x86 = Ad-Hoc|x86
		AppStore|Any CPU = AppStore|Any CPU
		AppStore|ARM = AppStore|ARM
		AppStore|iPhone = AppStore|iPhone
		AppStore|iPhoneSimulator = AppStore|iPhoneSimulator
		AppStore|x64 = AppStore|x64
		AppStore|x86 = AppStore|x86
		Debug|Any CPU = Debug|Any CPU
		Debug|ARM = Debug|ARM
		Debug|iPhone = Debug|iPhone
		Debug|iPhoneSimulator = Debug|iPhoneSimulator
		Debug|x64 = Debug|x64
		Debug|x86 = Debug|x86
		Release|Any CPU = Release|Any CPU
		Release|ARM = Release|ARM
		Release|iPhone = Release|iPhone
		Release|iPhoneSimulator = Release|iPhoneSimulator
		Release|x64 = Release|x64
		Release|x86 = Release|x86
	EndGlobalSection
	GlobalSection(ProjectConfigurationPlatforms) = postSolution
		{91ECC104-AA1B-4E47-A574-68F25F6869DA}.Ad-Hoc|Any CPU.ActiveCfg = Release|Any CPU
		{91ECC104-AA1B-4E47-A574-68F25F6869DA}.Ad-Hoc|Any CPU.Build.0 = Release|Any CPU
		{91ECC104-AA1B-4E47-A574-68F25F6869DA}.Ad-Hoc|Any CPU.Deploy.0 = Release|Any CPU
		{91ECC104-AA1B-4E47-A574-68F25F6869DA}.Ad-Hoc|ARM.ActiveCfg = Release|Any CPU
		{91ECC104-AA1B-4E47-A574-68F25F6869DA}.Ad-Hoc|ARM.Build.0 = Release|Any CPU
		{91ECC104-AA1B-4E47-A574-68F25F6869DA}.Ad-Hoc|ARM.Deploy.0 = Release|Any CPU
		{91ECC104-AA1B-4E47-A574-68F25F6869DA}.Ad-Hoc|iPhone.ActiveCfg = Release|Any CPU
		{91ECC104-AA1B-4E47-A574-68F25F6869DA}.Ad-Hoc|iPhone.Build.0 = Release|Any CPU
		{91ECC104-AA1B-4E47-A574-68F25F6869DA}.Ad-Hoc|iPhone.Deploy.0 = Release|Any CPU
		{91ECC104-AA1B-4E47-A574-68F25F6869DA}.Ad-Hoc|iPhoneSimulator.ActiveCfg = Release|Any CPU
		{91ECC104-AA1B-4E47-A574-68F25F6869DA}.Ad-Hoc|iPhoneSimulator.Build.0 = Release|Any CPU
		{91ECC104-AA1B-4E47-A574-68F25F6869DA}.Ad-Hoc|iPhoneSimulator.Deploy.0 = Release|Any CPU
		{91ECC104-AA1B-4E47-A574-68F25F6869DA}.Ad-Hoc|x64.ActiveCfg = Release|Any CPU
		{91ECC104-AA1B-4E47-A574-68F25F6869DA}.Ad-Hoc|x64.Build.0 = Release|Any CPU
		{91ECC104-AA1B-4E47-A574-68F25F6869DA}.Ad-Hoc|x64.Deploy.0 = Release|Any CPU
		{91ECC104-AA1B-4E47-A574-68F25F6869DA}.Ad-Hoc|x86.ActiveCfg = Release|Any CPU
		{91ECC104-AA1B-4E47-A574-68F25F6869DA}.Ad-Hoc|x86.Build.0 = Release|Any CPU
		{91ECC104-AA1B-4E47-A574-68F25F6869DA}.Ad-Hoc|x86.Deploy.0 = Release|Any CPU
		{91ECC104-AA1B-4E47-A574-68F25F6869DA}.AppStore|Any CPU.ActiveCfg = Release|Any CPU
		{91ECC104-AA1B-4E47-A574-68F25F6869DA}.AppStore|Any CPU.Build.0 = Release|Any CPU
		{91ECC104-AA1B-4E47-A574-68F25F6869DA}.AppStore|Any CPU.Deploy.0 = Release|Any CPU
		{91ECC104-AA1B-4E47-A574-68F25F6869DA}.AppStore|ARM.ActiveCfg = Release|Any CPU
		{91ECC104-AA1B-4E47-A574-68F25F6869DA}.AppStore|ARM.Build.0 = Release|Any CPU
		{91ECC104-AA1B-4E47-A574-68F25F6869DA}.AppStore|ARM.Deploy.0 = Release|Any CPU
		{91ECC104-AA1B-4E47-A574-68F25F6869DA}.AppStore|iPhone.ActiveCfg = Release|Any CPU
		{91ECC104-AA1B-4E47-A574-68F25F6869DA}.AppStore|iPhone.Build.0 = Release|Any CPU
		{91ECC104-AA1B-4E47-A574-68F25F6869DA}.AppStore|iPhone.Deploy.0 = Release|Any CPU
		{91ECC104-AA1B-4E47-A574-68F25F6869DA}.AppStore|iPhoneSimulator.ActiveCfg = Release|Any CPU
		{91ECC104-AA1B-4E47-A574-68F25F6869DA}.AppStore|iPhoneSimulator.Build.0 = Release|Any CPU
		{91ECC104-AA1B-4E47-A574-68F25F6869DA}.AppStore|iPhoneSimulator.Deploy.0 = Release|Any CPU
		{91ECC104-AA1B-4E47-A574-68F25F6869DA}.AppStore|x64.ActiveCfg = Release|Any CPU
		{91ECC104-AA1B-4E47-A574-68F25F6869DA}.AppStore|x64.Build.0 = Release|Any CPU
		{91ECC104-AA1B-4E47-A574-68F25F6869DA}.AppStore|x64.Deploy.0 = Release|Any CPU
		{91ECC104-AA1B-4E47-A574-68F25F6869DA}.AppStore|x86.ActiveCfg = Release|Any CPU
		{91ECC104-AA1B-4E47-A574-68F25F6869DA}.AppStore|x86.Build.0 = Release|Any CPU
		{91ECC104-AA1B-4E47-A574-68F25F6869DA}.AppStore|x86.Deploy.0 = Release|Any CPU
		{91ECC104-AA1B-4E47-A574-68F25F6869DA}.Debug|Any CPU.ActiveCfg = Debug|Any CPU
		{91ECC104-AA1B-4E47-A574-68F25F6869DA}.Debug|Any CPU.Build.0 = Debug|Any CPU
		{91ECC104-AA1B-4E47-A574-68F25F6869DA}.Debug|Any CPU.Deploy.0 = Debug|Any CPU
		{91ECC104-AA1B-4E47-A574-68F25F6869DA}.Debug|ARM.ActiveCfg = Debug|Any CPU
		{91ECC104-AA1B-4E47-A574-68F25F6869DA}.Debug|ARM.Build.0 = Debug|Any CPU
		{91ECC104-AA1B-4E47-A574-68F25F6869DA}.Debug|ARM.Deploy.0 = Debug|Any CPU
		{91ECC104-AA1B-4E47-A574-68F25F6869DA}.Debug|iPhone.ActiveCfg = Debug|Any CPU
		{91ECC104-AA1B-4E47-A574-68F25F6869DA}.Debug|iPhone.Build.0 = Debug|Any CPU
		{91ECC104-AA1B-4E47-A574-68F25F6869DA}.Debug|iPhone.Deploy.0 = Debug|Any CPU
		{91ECC104-AA1B-4E47-A574-68F25F6869DA}.Debug|iPhoneSimulator.ActiveCfg = Debug|Any CPU
		{91ECC104-AA1B-4E47-A574-68F25F6869DA}.Debug|iPhoneSimulator.Build.0 = Debug|Any CPU
		{91ECC104-AA1B-4E47-A574-68F25F6869DA}.Debug|iPhoneSimulator.Deploy.0 = Debug|Any CPU
		{91ECC104-AA1B-4E47-A574-68F25F6869DA}.Debug|x64.ActiveCfg = Debug|Any CPU
		{91ECC104-AA1B-4E47-A574-68F25F6869DA}.Debug|x64.Build.0 = Debug|Any CPU
		{91ECC104-AA1B-4E47-A574-68F25F6869DA}.Debug|x64.Deploy.0 = Debug|Any CPU
		{91ECC104-AA1B-4E47-A574-68F25F6869DA}.Debug|x86.ActiveCfg = Debug|Any CPU
		{91ECC104-AA1B-4E47-A574-68F25F6869DA}.Debug|x86.Build.0 = Debug|Any CPU
		{91ECC104-AA1B-4E47-A574-68F25F6869DA}.Debug|x86.Deploy.0 = Debug|Any CPU
		{91ECC104-AA1B-4E47-A574-68F25F6869DA}.Release|Any CPU.ActiveCfg = Release|Any CPU
		{91ECC104-AA1B-4E47-A574-68F25F6869DA}.Release|Any CPU.Build.0 = Release|Any CPU
		{91ECC104-AA1B-4E47-A574-68F25F6869DA}.Release|Any CPU.Deploy.0 = Release|Any CPU
		{91ECC104-AA1B-4E47-A574-68F25F6869DA}.Release|ARM.ActiveCfg = Release|Any CPU
		{91ECC104-AA1B-4E47-A574-68F25F6869DA}.Release|ARM.Build.0 = Release|Any CPU
		{91ECC104-AA1B-4E47-A574-68F25F6869DA}.Release|ARM.Deploy.0 = Release|Any CPU
		{91ECC104-AA1B-4E47-A574-68F25F6869DA}.Release|iPhone.ActiveCfg = Release|Any CPU
		{91ECC104-AA1B-4E47-A574-68F25F6869DA}.Release|iPhone.Build.0 = Release|Any CPU
		{91ECC104-AA1B-4E47-A574-68F25F6869DA}.Release|iPhone.Deploy.0 = Release|Any CPU
		{91ECC104-AA1B-4E47-A574-68F25F6869DA}.Release|iPhoneSimulator.ActiveCfg = Release|Any CPU
		{91ECC104-AA1B-4E47-A574-68F25F6869DA}.Release|iPhoneSimulator.Build.0 = Release|Any CPU
		{91ECC104-AA1B-4E47-A574-68F25F6869DA}.Release|iPhoneSimulator.Deploy.0 = Release|Any CPU
		{91ECC104-AA1B-4E47-A574-68F25F6869DA}.Release|x64.ActiveCfg = Release|Any CPU
		{91ECC104-AA1B-4E47-A574-68F25F6869DA}.Release|x64.Build.0 = Release|Any CPU
		{91ECC104-AA1B-4E47-A574-68F25F6869DA}.Release|x64.Deploy.0 = Release|Any CPU
		{91ECC104-AA1B-4E47-A574-68F25F6869DA}.Release|x86.ActiveCfg = Release|Any CPU
		{91ECC104-AA1B-4E47-A574-68F25F6869DA}.Release|x86.Build.0 = Release|Any CPU
		{91ECC104-AA1B-4E47-A574-68F25F6869DA}.Release|x86.Deploy.0 = Release|Any CPU
		{00BF2D64-A200-42A4-B6D5-704A361A1589}.Ad-Hoc|Any CPU.ActiveCfg = Ad-Hoc|iPhone
		{00BF2D64-A200-42A4-B6D5-704A361A1589}.Ad-Hoc|Any CPU.Build.0 = Ad-Hoc|iPhone
		{00BF2D64-A200-42A4-B6D5-704A361A1589}.Ad-Hoc|Any CPU.Deploy.0 = Ad-Hoc|iPhone
		{00BF2D64-A200-42A4-B6D5-704A361A1589}.Ad-Hoc|ARM.ActiveCfg = Ad-Hoc|iPhone
		{00BF2D64-A200-42A4-B6D5-704A361A1589}.Ad-Hoc|ARM.Build.0 = Ad-Hoc|iPhone
		{00BF2D64-A200-42A4-B6D5-704A361A1589}.Ad-Hoc|ARM.Deploy.0 = Ad-Hoc|iPhone
		{00BF2D64-A200-42A4-B6D5-704A361A1589}.Ad-Hoc|iPhone.ActiveCfg = Ad-Hoc|iPhone
		{00BF2D64-A200-42A4-B6D5-704A361A1589}.Ad-Hoc|iPhone.Build.0 = Ad-Hoc|iPhone
		{00BF2D64-A200-42A4-B6D5-704A361A1589}.Ad-Hoc|iPhone.Deploy.0 = Ad-Hoc|iPhone
		{00BF2D64-A200-42A4-B6D5-704A361A1589}.Ad-Hoc|iPhoneSimulator.ActiveCfg = Ad-Hoc|iPhoneSimulator
		{00BF2D64-A200-42A4-B6D5-704A361A1589}.Ad-Hoc|iPhoneSimulator.Build.0 = Ad-Hoc|iPhoneSimulator
		{00BF2D64-A200-42A4-B6D5-704A361A1589}.Ad-Hoc|iPhoneSimulator.Deploy.0 = Ad-Hoc|iPhoneSimulator
		{00BF2D64-A200-42A4-B6D5-704A361A1589}.Ad-Hoc|x64.ActiveCfg = Ad-Hoc|iPhone
		{00BF2D64-A200-42A4-B6D5-704A361A1589}.Ad-Hoc|x64.Build.0 = Ad-Hoc|iPhone
		{00BF2D64-A200-42A4-B6D5-704A361A1589}.Ad-Hoc|x64.Deploy.0 = Ad-Hoc|iPhone
		{00BF2D64-A200-42A4-B6D5-704A361A1589}.Ad-Hoc|x86.ActiveCfg = Ad-Hoc|iPhone
		{00BF2D64-A200-42A4-B6D5-704A361A1589}.Ad-Hoc|x86.Build.0 = Ad-Hoc|iPhone
		{00BF2D64-A200-42A4-B6D5-704A361A1589}.Ad-Hoc|x86.Deploy.0 = Ad-Hoc|iPhone
		{00BF2D64-A200-42A4-B6D5-704A361A1589}.AppStore|Any CPU.ActiveCfg = AppStore|iPhone
		{00BF2D64-A200-42A4-B6D5-704A361A1589}.AppStore|Any CPU.Build.0 = AppStore|iPhone
		{00BF2D64-A200-42A4-B6D5-704A361A1589}.AppStore|Any CPU.Deploy.0 = AppStore|iPhone
		{00BF2D64-A200-42A4-B6D5-704A361A1589}.AppStore|ARM.ActiveCfg = AppStore|iPhone
		{00BF2D64-A200-42A4-B6D5-704A361A1589}.AppStore|ARM.Build.0 = AppStore|iPhone
		{00BF2D64-A200-42A4-B6D5-704A361A1589}.AppStore|ARM.Deploy.0 = AppStore|iPhone
		{00BF2D64-A200-42A4-B6D5-704A361A1589}.AppStore|iPhone.ActiveCfg = AppStore|iPhone
		{00BF2D64-A200-42A4-B6D5-704A361A1589}.AppStore|iPhone.Build.0 = AppStore|iPhone
		{00BF2D64-A200-42A4-B6D5-704A361A1589}.AppStore|iPhone.Deploy.0 = AppStore|iPhone
		{00BF2D64-A200-42A4-B6D5-704A361A1589}.AppStore|iPhoneSimulator.ActiveCfg = AppStore|iPhoneSimulator
		{00BF2D64-A200-42A4-B6D5-704A361A1589}.AppStore|iPhoneSimulator.Build.0 = AppStore|iPhoneSimulator
		{00BF2D64-A200-42A4-B6D5-704A361A1589}.AppStore|iPhoneSimulator.Deploy.0 = AppStore|iPhoneSimulator
		{00BF2D64-A200-42A4-B6D5-704A361A1589}.AppStore|x64.ActiveCfg = AppStore|iPhone
		{00BF2D64-A200-42A4-B6D5-704A361A1589}.AppStore|x64.Build.0 = AppStore|iPhone
		{00BF2D64-A200-42A4-B6D5-704A361A1589}.AppStore|x64.Deploy.0 = AppStore|iPhone
		{00BF2D64-A200-42A4-B6D5-704A361A1589}.AppStore|x86.ActiveCfg = AppStore|iPhone
		{00BF2D64-A200-42A4-B6D5-704A361A1589}.AppStore|x86.Build.0 = AppStore|iPhone
		{00BF2D64-A200-42A4-B6D5-704A361A1589}.AppStore|x86.Deploy.0 = AppStore|iPhone
		{00BF2D64-A200-42A4-B6D5-704A361A1589}.Debug|Any CPU.ActiveCfg = Debug|iPhoneSimulator
		{00BF2D64-A200-42A4-B6D5-704A361A1589}.Debug|Any CPU.Build.0 = Debug|iPhoneSimulator
		{00BF2D64-A200-42A4-B6D5-704A361A1589}.Debug|Any CPU.Deploy.0 = Debug|iPhoneSimulator
		{00BF2D64-A200-42A4-B6D5-704A361A1589}.Debug|ARM.ActiveCfg = Debug|iPhone
		{00BF2D64-A200-42A4-B6D5-704A361A1589}.Debug|ARM.Build.0 = Debug|iPhone
		{00BF2D64-A200-42A4-B6D5-704A361A1589}.Debug|ARM.Deploy.0 = Debug|iPhone
		{00BF2D64-A200-42A4-B6D5-704A361A1589}.Debug|iPhone.ActiveCfg = Debug|iPhone
		{00BF2D64-A200-42A4-B6D5-704A361A1589}.Debug|iPhone.Build.0 = Debug|iPhone
		{00BF2D64-A200-42A4-B6D5-704A361A1589}.Debug|iPhone.Deploy.0 = Debug|iPhone
		{00BF2D64-A200-42A4-B6D5-704A361A1589}.Debug|iPhoneSimulator.ActiveCfg = Debug|iPhoneSimulator
		{00BF2D64-A200-42A4-B6D5-704A361A1589}.Debug|iPhoneSimulator.Build.0 = Debug|iPhoneSimulator
		{00BF2D64-A200-42A4-B6D5-704A361A1589}.Debug|iPhoneSimulator.Deploy.0 = Debug|iPhoneSimulator
		{00BF2D64-A200-42A4-B6D5-704A361A1589}.Debug|x64.ActiveCfg = Debug|iPhone
		{00BF2D64-A200-42A4-B6D5-704A361A1589}.Debug|x64.Build.0 = Debug|iPhone
		{00BF2D64-A200-42A4-B6D5-704A361A1589}.Debug|x64.Deploy.0 = Debug|iPhone
		{00BF2D64-A200-42A4-B6D5-704A361A1589}.Debug|x86.ActiveCfg = Debug|iPhone
		{00BF2D64-A200-42A4-B6D5-704A361A1589}.Debug|x86.Build.0 = Debug|iPhone
		{00BF2D64-A200-42A4-B6D5-704A361A1589}.Debug|x86.Deploy.0 = Debug|iPhone
		{00BF2D64-A200-42A4-B6D5-704A361A1589}.Release|Any CPU.ActiveCfg = Release|iPhone
		{00BF2D64-A200-42A4-B6D5-704A361A1589}.Release|Any CPU.Build.0 = Release|iPhone
		{00BF2D64-A200-42A4-B6D5-704A361A1589}.Release|Any CPU.Deploy.0 = Release|iPhone
		{00BF2D64-A200-42A4-B6D5-704A361A1589}.Release|ARM.ActiveCfg = Release|iPhone
		{00BF2D64-A200-42A4-B6D5-704A361A1589}.Release|ARM.Build.0 = Release|iPhone
		{00BF2D64-A200-42A4-B6D5-704A361A1589}.Release|ARM.Deploy.0 = Release|iPhone
		{00BF2D64-A200-42A4-B6D5-704A361A1589}.Release|iPhone.ActiveCfg = Release|iPhone
		{00BF2D64-A200-42A4-B6D5-704A361A1589}.Release|iPhone.Build.0 = Release|iPhone
		{00BF2D64-A200-42A4-B6D5-704A361A1589}.Release|iPhone.Deploy.0 = Release|iPhone
		{00BF2D64-A200-42A4-B6D5-704A361A1589}.Release|iPhoneSimulator.ActiveCfg = Release|iPhoneSimulator
		{00BF2D64-A200-42A4-B6D5-704A361A1589}.Release|iPhoneSimulator.Build.0 = Release|iPhoneSimulator
		{00BF2D64-A200-42A4-B6D5-704A361A1589}.Release|iPhoneSimulator.Deploy.0 = Release|iPhoneSimulator
		{00BF2D64-A200-42A4-B6D5-704A361A1589}.Release|x64.ActiveCfg = Release|iPhone
		{00BF2D64-A200-42A4-B6D5-704A361A1589}.Release|x64.Build.0 = Release|iPhone
		{00BF2D64-A200-42A4-B6D5-704A361A1589}.Release|x64.Deploy.0 = Release|iPhone
		{00BF2D64-A200-42A4-B6D5-704A361A1589}.Release|x86.ActiveCfg = Release|iPhone
		{00BF2D64-A200-42A4-B6D5-704A361A1589}.Release|x86.Build.0 = Release|iPhone
		{00BF2D64-A200-42A4-B6D5-704A361A1589}.Release|x86.Deploy.0 = Release|iPhone
		{8DB1F250-D705-4730-858F-73B6A00A6364}.Ad-Hoc|Any CPU.ActiveCfg = Release|x86
		{8DB1F250-D705-4730-858F-73B6A00A6364}.Ad-Hoc|Any CPU.Build.0 = Release|x86
		{8DB1F250-D705-4730-858F-73B6A00A6364}.Ad-Hoc|Any CPU.Deploy.0 = Release|x86
		{8DB1F250-D705-4730-858F-73B6A00A6364}.Ad-Hoc|ARM.ActiveCfg = Release|ARM
		{8DB1F250-D705-4730-858F-73B6A00A6364}.Ad-Hoc|ARM.Build.0 = Release|ARM
		{8DB1F250-D705-4730-858F-73B6A00A6364}.Ad-Hoc|ARM.Deploy.0 = Release|ARM
		{8DB1F250-D705-4730-858F-73B6A00A6364}.Ad-Hoc|iPhone.ActiveCfg = Release|x86
		{8DB1F250-D705-4730-858F-73B6A00A6364}.Ad-Hoc|iPhone.Build.0 = Release|x86
		{8DB1F250-D705-4730-858F-73B6A00A6364}.Ad-Hoc|iPhone.Deploy.0 = Release|x86
		{8DB1F250-D705-4730-858F-73B6A00A6364}.Ad-Hoc|iPhoneSimulator.ActiveCfg = Release|x86
		{8DB1F250-D705-4730-858F-73B6A00A6364}.Ad-Hoc|iPhoneSimulator.Build.0 = Release|x86
		{8DB1F250-D705-4730-858F-73B6A00A6364}.Ad-Hoc|iPhoneSimulator.Deploy.0 = Release|x86
		{8DB1F250-D705-4730-858F-73B6A00A6364}.Ad-Hoc|x64.ActiveCfg = Release|x64
		{8DB1F250-D705-4730-858F-73B6A00A6364}.Ad-Hoc|x64.Build.0 = Release|x64
		{8DB1F250-D705-4730-858F-73B6A00A6364}.Ad-Hoc|x64.Deploy.0 = Release|x64
		{8DB1F250-D705-4730-858F-73B6A00A6364}.Ad-Hoc|x86.ActiveCfg = Release|x86
		{8DB1F250-D705-4730-858F-73B6A00A6364}.Ad-Hoc|x86.Build.0 = Release|x86
		{8DB1F250-D705-4730-858F-73B6A00A6364}.Ad-Hoc|x86.Deploy.0 = Release|x86
		{8DB1F250-D705-4730-858F-73B6A00A6364}.AppStore|Any CPU.ActiveCfg = Release|x86
		{8DB1F250-D705-4730-858F-73B6A00A6364}.AppStore|Any CPU.Build.0 = Release|x86
		{8DB1F250-D705-4730-858F-73B6A00A6364}.AppStore|Any CPU.Deploy.0 = Release|x86
		{8DB1F250-D705-4730-858F-73B6A00A6364}.AppStore|ARM.ActiveCfg = Release|ARM
		{8DB1F250-D705-4730-858F-73B6A00A6364}.AppStore|ARM.Build.0 = Release|ARM
		{8DB1F250-D705-4730-858F-73B6A00A6364}.AppStore|ARM.Deploy.0 = Release|ARM
		{8DB1F250-D705-4730-858F-73B6A00A6364}.AppStore|iPhone.ActiveCfg = Release|x86
		{8DB1F250-D705-4730-858F-73B6A00A6364}.AppStore|iPhone.Build.0 = Release|x86
		{8DB1F250-D705-4730-858F-73B6A00A6364}.AppStore|iPhone.Deploy.0 = Release|x86
		{8DB1F250-D705-4730-858F-73B6A00A6364}.AppStore|iPhoneSimulator.ActiveCfg = Release|x86
		{8DB1F250-D705-4730-858F-73B6A00A6364}.AppStore|iPhoneSimulator.Build.0 = Release|x86
		{8DB1F250-D705-4730-858F-73B6A00A6364}.AppStore|iPhoneSimulator.Deploy.0 = Release|x86
		{8DB1F250-D705-4730-858F-73B6A00A6364}.AppStore|x64.ActiveCfg = Release|x64
		{8DB1F250-D705-4730-858F-73B6A00A6364}.AppStore|x64.Build.0 = Release|x64
		{8DB1F250-D705-4730-858F-73B6A00A6364}.AppStore|x64.Deploy.0 = Release|x64
		{8DB1F250-D705-4730-858F-73B6A00A6364}.AppStore|x86.ActiveCfg = Release|x86
		{8DB1F250-D705-4730-858F-73B6A00A6364}.AppStore|x86.Build.0 = Release|x86
		{8DB1F250-D705-4730-858F-73B6A00A6364}.AppStore|x86.Deploy.0 = Release|x86
		{8DB1F250-D705-4730-858F-73B6A00A6364}.Debug|Any CPU.ActiveCfg = Debug|x86
		{8DB1F250-D705-4730-858F-73B6A00A6364}.Debug|Any CPU.Build.0 = Debug|x86
		{8DB1F250-D705-4730-858F-73B6A00A6364}.Debug|Any CPU.Deploy.0 = Debug|x86
		{8DB1F250-D705-4730-858F-73B6A00A6364}.Debug|ARM.ActiveCfg = Debug|ARM
		{8DB1F250-D705-4730-858F-73B6A00A6364}.Debug|ARM.Build.0 = Debug|ARM
		{8DB1F250-D705-4730-858F-73B6A00A6364}.Debug|ARM.Deploy.0 = Debug|ARM
		{8DB1F250-D705-4730-858F-73B6A00A6364}.Debug|iPhone.ActiveCfg = Debug|x86
		{8DB1F250-D705-4730-858F-73B6A00A6364}.Debug|iPhone.Build.0 = Debug|x86
		{8DB1F250-D705-4730-858F-73B6A00A6364}.Debug|iPhone.Deploy.0 = Debug|x86
		{8DB1F250-D705-4730-858F-73B6A00A6364}.Debug|iPhoneSimulator.ActiveCfg = Debug|x86
		{8DB1F250-D705-4730-858F-73B6A00A6364}.Debug|iPhoneSimulator.Build.0 = Debug|x86
		{8DB1F250-D705-4730-858F-73B6A00A6364}.Debug|iPhoneSimulator.Deploy.0 = Debug|x86
		{8DB1F250-D705-4730-858F-73B6A00A6364}.Debug|x64.ActiveCfg = Debug|x64
		{8DB1F250-D705-4730-858F-73B6A00A6364}.Debug|x64.Build.0 = Debug|x64
		{8DB1F250-D705-4730-858F-73B6A00A6364}.Debug|x64.Deploy.0 = Debug|x64
		{8DB1F250-D705-4730-858F-73B6A00A6364}.Debug|x86.ActiveCfg = Debug|x86
		{8DB1F250-D705-4730-858F-73B6A00A6364}.Debug|x86.Build.0 = Debug|x86
		{8DB1F250-D705-4730-858F-73B6A00A6364}.Debug|x86.Deploy.0 = Debug|x86
		{8DB1F250-D705-4730-858F-73B6A00A6364}.Release|Any CPU.ActiveCfg = Release|x86
		{8DB1F250-D705-4730-858F-73B6A00A6364}.Release|Any CPU.Build.0 = Release|x86
		{8DB1F250-D705-4730-858F-73B6A00A6364}.Release|Any CPU.Deploy.0 = Release|x86
		{8DB1F250-D705-4730-858F-73B6A00A6364}.Release|ARM.ActiveCfg = Release|ARM
		{8DB1F250-D705-4730-858F-73B6A00A6364}.Release|ARM.Build.0 = Release|ARM
		{8DB1F250-D705-4730-858F-73B6A00A6364}.Release|ARM.Deploy.0 = Release|ARM
		{8DB1F250-D705-4730-858F-73B6A00A6364}.Release|iPhone.ActiveCfg = Release|x86
		{8DB1F250-D705-4730-858F-73B6A00A6364}.Release|iPhone.Build.0 = Release|x86
		{8DB1F250-D705-4730-858F-73B6A00A6364}.Release|iPhone.Deploy.0 = Release|x86
		{8DB1F250-D705-4730-858F-73B6A00A6364}.Release|iPhoneSimulator.ActiveCfg = Release|x86
		{8DB1F250-D705-4730-858F-73B6A00A6364}.Release|iPhoneSimulator.Build.0 = Release|x86
		{8DB1F250-D705-4730-858F-73B6A00A6364}.Release|iPhoneSimulator.Deploy.0 = Release|x86
		{8DB1F250-D705-4730-858F-73B6A00A6364}.Release|x64.ActiveCfg = Release|x64
		{8DB1F250-D705-4730-858F-73B6A00A6364}.Release|x64.Build.0 = Release|x64
		{8DB1F250-D705-4730-858F-73B6A00A6364}.Release|x64.Deploy.0 = Release|x64
		{8DB1F250-D705-4730-858F-73B6A00A6364}.Release|x86.ActiveCfg = Release|x86
		{8DB1F250-D705-4730-858F-73B6A00A6364}.Release|x86.Build.0 = Release|x86
		{8DB1F250-D705-4730-858F-73B6A00A6364}.Release|x86.Deploy.0 = Release|x86
	EndGlobalSection
	GlobalSection(SolutionProperties) = preSolution
		HideSolutionNode = FALSE
	EndGlobalSection
	GlobalSection(ExtensibilityGlobals) = postSolution
		SolutionGuid = {9DDDA5DA-1BDD-472B-8179-44C5FEDF5E58}
	EndGlobalSection
EndGlobal
