
Microsoft Visual Studio Solution File, Format Version 12.00
# Visual Studio 15
VisualStudioVersion = 15.0.28307.136
MinimumVisualStudioVersion = 10.0.40219.1
Project("{FAE04EC0-301F-11D3-BF4B-00C04F79EFBC}") = "MenuToolbarItem.Android", "MenuToolbarItem\MenuToolbarItem.Android\MenuToolbarItem.Android.csproj", "{6D2C317A-3537-4973-B500-09CCF9A28CEF}"
EndProject
Project("{FAE04EC0-301F-11D3-BF4B-00C04F79EFBC}") = "MenuToolbarItem.iOS", "MenuToolbarItem\MenuToolbarItem.iOS\MenuToolbarItem.iOS.csproj", "{30DC3C4B-EC9F-400F-AE94-3995BEE127A9}"
EndProject
Project("{FAE04EC0-301F-11D3-BF4B-00C04F79EFBC}") = "MenuToolbarItem.UWP", "MenuToolbarItem\MenuToolbarItem.UWP\MenuToolbarItem.UWP.csproj", "{905E5A3A-101B-41DD-B732-F57EB624A17D}"
EndProject
Project("{FAE04EC0-301F-11D3-BF4B-00C04F79EFBC}") = "MenuToolbarItem", "MenuToolbarItem\MenuToolbarItem\MenuToolbarItem.csproj", "{EAF5E04C-C393-476F-9B19-ADE35447DD79}"
EndProject
Global
	GlobalSection(SolutionConfigurationPlatforms) = preSolution
		Ad-Hoc|Any CPU = Ad-Hoc|Any CPU
		Ad-Hoc|ARM = Ad-Hoc|ARM
		Ad-Hoc|iPhone = Ad-Hoc|iPhone
		Ad-Hoc|iPhoneSimulator = Ad-Hoc|iPhoneSimulator
		Ad-Hoc|x64 = Ad-Hoc|x64
		Ad-Hoc|x86 = Ad-Hoc|x86
		AppStore|Any CPU = AppStore|Any CPU
		AppStore|ARM = AppStore|ARM
		AppStore|iPhone = AppStore|iPhone
		AppStore|iPhoneSimulator = AppStore|iPhoneSimulator
		AppStore|x64 = AppStore|x64
		AppStore|x86 = AppStore|x86
		Debug|Any CPU = Debug|Any CPU
		Debug|ARM = Debug|ARM
		Debug|iPhone = Debug|iPhone
		Debug|iPhoneSimulator = Debug|iPhoneSimulator
		Debug|x64 = Debug|x64
		Debug|x86 = Debug|x86
		Release|Any CPU = Release|Any CPU
		Release|ARM = Release|ARM
		Release|iPhone = Release|iPhone
		Release|iPhoneSimulator = Release|iPhoneSimulator
		Release|x64 = Release|x64
		Release|x86 = Release|x86
	EndGlobalSection
	GlobalSection(ProjectConfigurationPlatforms) = postSolution
		{6D2C317A-3537-4973-B500-09CCF9A28CEF}.Ad-Hoc|Any CPU.ActiveCfg = Release|Any CPU
		{6D2C317A-3537-4973-B500-09CCF9A28CEF}.Ad-Hoc|Any CPU.Build.0 = Release|Any CPU
		{6D2C317A-3537-4973-B500-09CCF9A28CEF}.Ad-Hoc|Any CPU.Deploy.0 = Release|Any CPU
		{6D2C317A-3537-4973-B500-09CCF9A28CEF}.Ad-Hoc|ARM.ActiveCfg = Release|Any CPU
		{6D2C317A-3537-4973-B500-09CCF9A28CEF}.Ad-Hoc|ARM.Build.0 = Release|Any CPU
		{6D2C317A-3537-4973-B500-09CCF9A28CEF}.Ad-Hoc|ARM.Deploy.0 = Release|Any CPU
		{6D2C317A-3537-4973-B500-09CCF9A28CEF}.Ad-Hoc|iPhone.ActiveCfg = Release|Any CPU
		{6D2C317A-3537-4973-B500-09CCF9A28CEF}.Ad-Hoc|iPhone.Build.0 = Release|Any CPU
		{6D2C317A-3537-4973-B500-09CCF9A28CEF}.Ad-Hoc|iPhone.Deploy.0 = Release|Any CPU
		{6D2C317A-3537-4973-B500-09CCF9A28CEF}.Ad-Hoc|iPhoneSimulator.ActiveCfg = Release|Any CPU
		{6D2C317A-3537-4973-B500-09CCF9A28CEF}.Ad-Hoc|iPhoneSimulator.Build.0 = Release|Any CPU
		{6D2C317A-3537-4973-B500-09CCF9A28CEF}.Ad-Hoc|iPhoneSimulator.Deploy.0 = Release|Any CPU
		{6D2C317A-3537-4973-B500-09CCF9A28CEF}.Ad-Hoc|x64.ActiveCfg = Release|Any CPU
		{6D2C317A-3537-4973-B500-09CCF9A28CEF}.Ad-Hoc|x64.Build.0 = Release|Any CPU
		{6D2C317A-3537-4973-B500-09CCF9A28CEF}.Ad-Hoc|x64.Deploy.0 = Release|Any CPU
		{6D2C317A-3537-4973-B500-09CCF9A28CEF}.Ad-Hoc|x86.ActiveCfg = Release|Any CPU
		{6D2C317A-3537-4973-B500-09CCF9A28CEF}.Ad-Hoc|x86.Build.0 = Release|Any CPU
		{6D2C317A-3537-4973-B500-09CCF9A28CEF}.Ad-Hoc|x86.Deploy.0 = Release|Any CPU
		{6D2C317A-3537-4973-B500-09CCF9A28CEF}.AppStore|Any CPU.ActiveCfg = Release|Any CPU
		{6D2C317A-3537-4973-B500-09CCF9A28CEF}.AppStore|Any CPU.Build.0 = Release|Any CPU
		{6D2C317A-3537-4973-B500-09CCF9A28CEF}.AppStore|Any CPU.Deploy.0 = Release|Any CPU
		{6D2C317A-3537-4973-B500-09CCF9A28CEF}.AppStore|ARM.ActiveCfg = Release|Any CPU
		{6D2C317A-3537-4973-B500-09CCF9A28CEF}.AppStore|ARM.Build.0 = Release|Any CPU
		{6D2C317A-3537-4973-B500-09CCF9A28CEF}.AppStore|ARM.Deploy.0 = Release|Any CPU
		{6D2C317A-3537-4973-B500-09CCF9A28CEF}.AppStore|iPhone.ActiveCfg = Release|Any CPU
		{6D2C317A-3537-4973-B500-09CCF9A28CEF}.AppStore|iPhone.Build.0 = Release|Any CPU
		{6D2C317A-3537-4973-B500-09CCF9A28CEF}.AppStore|iPhone.Deploy.0 = Release|Any CPU
		{6D2C317A-3537-4973-B500-09CCF9A28CEF}.AppStore|iPhoneSimulator.ActiveCfg = Release|Any CPU
		{6D2C317A-3537-4973-B500-09CCF9A28CEF}.AppStore|iPhoneSimulator.Build.0 = Release|Any CPU
		{6D2C317A-3537-4973-B500-09CCF9A28CEF}.AppStore|iPhoneSimulator.Deploy.0 = Release|Any CPU
		{6D2C317A-3537-4973-B500-09CCF9A28CEF}.AppStore|x64.ActiveCfg = Release|Any CPU
		{6D2C317A-3537-4973-B500-09CCF9A28CEF}.AppStore|x64.Build.0 = Release|Any CPU
		{6D2C317A-3537-4973-B500-09CCF9A28CEF}.AppStore|x64.Deploy.0 = Release|Any CPU
		{6D2C317A-3537-4973-B500-09CCF9A28CEF}.AppStore|x86.ActiveCfg = Release|Any CPU
		{6D2C317A-3537-4973-B500-09CCF9A28CEF}.AppStore|x86.Build.0 = Release|Any CPU
		{6D2C317A-3537-4973-B500-09CCF9A28CEF}.AppStore|x86.Deploy.0 = Release|Any CPU
		{6D2C317A-3537-4973-B500-09CCF9A28CEF}.Debug|Any CPU.ActiveCfg = Debug|Any CPU
		{6D2C317A-3537-4973-B500-09CCF9A28CEF}.Debug|Any CPU.Build.0 = Debug|Any CPU
		{6D2C317A-3537-4973-B500-09CCF9A28CEF}.Debug|Any CPU.Deploy.0 = Debug|Any CPU
		{6D2C317A-3537-4973-B500-09CCF9A28CEF}.Debug|ARM.ActiveCfg = Debug|Any CPU
		{6D2C317A-3537-4973-B500-09CCF9A28CEF}.Debug|ARM.Build.0 = Debug|Any CPU
		{6D2C317A-3537-4973-B500-09CCF9A28CEF}.Debug|ARM.Deploy.0 = Debug|Any CPU
		{6D2C317A-3537-4973-B500-09CCF9A28CEF}.Debug|iPhone.ActiveCfg = Debug|Any CPU
		{6D2C317A-3537-4973-B500-09CCF9A28CEF}.Debug|iPhone.Build.0 = Debug|Any CPU
		{6D2C317A-3537-4973-B500-09CCF9A28CEF}.Debug|iPhone.Deploy.0 = Debug|Any CPU
		{6D2C317A-3537-4973-B500-09CCF9A28CEF}.Debug|iPhoneSimulator.ActiveCfg = Debug|Any CPU
		{6D2C317A-3537-4973-B500-09CCF9A28CEF}.Debug|iPhoneSimulator.Build.0 = Debug|Any CPU
		{6D2C317A-3537-4973-B500-09CCF9A28CEF}.Debug|iPhoneSimulator.Deploy.0 = Debug|Any CPU
		{6D2C317A-3537-4973-B500-09CCF9A28CEF}.Debug|x64.ActiveCfg = Debug|Any CPU
		{6D2C317A-3537-4973-B500-09CCF9A28CEF}.Debug|x64.Build.0 = Debug|Any CPU
		{6D2C317A-3537-4973-B500-09CCF9A28CEF}.Debug|x64.Deploy.0 = Debug|Any CPU
		{6D2C317A-3537-4973-B500-09CCF9A28CEF}.Debug|x86.ActiveCfg = Debug|Any CPU
		{6D2C317A-3537-4973-B500-09CCF9A28CEF}.Debug|x86.Build.0 = Debug|Any CPU
		{6D2C317A-3537-4973-B500-09CCF9A28CEF}.Debug|x86.Deploy.0 = Debug|Any CPU
		{6D2C317A-3537-4973-B500-09CCF9A28CEF}.Release|Any CPU.ActiveCfg = Release|Any CPU
		{6D2C317A-3537-4973-B500-09CCF9A28CEF}.Release|Any CPU.Build.0 = Release|Any CPU
		{6D2C317A-3537-4973-B500-09CCF9A28CEF}.Release|Any CPU.Deploy.0 = Release|Any CPU
		{6D2C317A-3537-4973-B500-09CCF9A28CEF}.Release|ARM.ActiveCfg = Release|Any CPU
		{6D2C317A-3537-4973-B500-09CCF9A28CEF}.Release|ARM.Build.0 = Release|Any CPU
		{6D2C317A-3537-4973-B500-09CCF9A28CEF}.Release|ARM.Deploy.0 = Release|Any CPU
		{6D2C317A-3537-4973-B500-09CCF9A28CEF}.Release|iPhone.ActiveCfg = Release|Any CPU
		{6D2C317A-3537-4973-B500-09CCF9A28CEF}.Release|iPhone.Build.0 = Release|Any CPU
		{6D2C317A-3537-4973-B500-09CCF9A28CEF}.Release|iPhone.Deploy.0 = Release|Any CPU
		{6D2C317A-3537-4973-B500-09CCF9A28CEF}.Release|iPhoneSimulator.ActiveCfg = Release|Any CPU
		{6D2C317A-3537-4973-B500-09CCF9A28CEF}.Release|iPhoneSimulator.Build.0 = Release|Any CPU
		{6D2C317A-3537-4973-B500-09CCF9A28CEF}.Release|iPhoneSimulator.Deploy.0 = Release|Any CPU
		{6D2C317A-3537-4973-B500-09CCF9A28CEF}.Release|x64.ActiveCfg = Release|Any CPU
		{6D2C317A-3537-4973-B500-09CCF9A28CEF}.Release|x64.Build.0 = Release|Any CPU
		{6D2C317A-3537-4973-B500-09CCF9A28CEF}.Release|x64.Deploy.0 = Release|Any CPU
		{6D2C317A-3537-4973-B500-09CCF9A28CEF}.Release|x86.ActiveCfg = Release|Any CPU
		{6D2C317A-3537-4973-B500-09CCF9A28CEF}.Release|x86.Build.0 = Release|Any CPU
		{6D2C317A-3537-4973-B500-09CCF9A28CEF}.Release|x86.Deploy.0 = Release|Any CPU
		{30DC3C4B-EC9F-400F-AE94-3995BEE127A9}.Ad-Hoc|Any CPU.ActiveCfg = Ad-Hoc|iPhone
		{30DC3C4B-EC9F-400F-AE94-3995BEE127A9}.Ad-Hoc|Any CPU.Build.0 = Ad-Hoc|iPhone
		{30DC3C4B-EC9F-400F-AE94-3995BEE127A9}.Ad-Hoc|Any CPU.Deploy.0 = Ad-Hoc|iPhone
		{30DC3C4B-EC9F-400F-AE94-3995BEE127A9}.Ad-Hoc|ARM.ActiveCfg = Ad-Hoc|iPhone
		{30DC3C4B-EC9F-400F-AE94-3995BEE127A9}.Ad-Hoc|ARM.Build.0 = Ad-Hoc|iPhone
		{30DC3C4B-EC9F-400F-AE94-3995BEE127A9}.Ad-Hoc|ARM.Deploy.0 = Ad-Hoc|iPhone
		{30DC3C4B-EC9F-400F-AE94-3995BEE127A9}.Ad-Hoc|iPhone.ActiveCfg = Ad-Hoc|iPhone
		{30DC3C4B-EC9F-400F-AE94-3995BEE127A9}.Ad-Hoc|iPhone.Build.0 = Ad-Hoc|iPhone
		{30DC3C4B-EC9F-400F-AE94-3995BEE127A9}.Ad-Hoc|iPhone.Deploy.0 = Ad-Hoc|iPhone
		{30DC3C4B-EC9F-400F-AE94-3995BEE127A9}.Ad-Hoc|iPhoneSimulator.ActiveCfg = Ad-Hoc|iPhoneSimulator
		{30DC3C4B-EC9F-400F-AE94-3995BEE127A9}.Ad-Hoc|iPhoneSimulator.Build.0 = Ad-Hoc|iPhoneSimulator
		{30DC3C4B-EC9F-400F-AE94-3995BEE127A9}.Ad-Hoc|iPhoneSimulator.Deploy.0 = Ad-Hoc|iPhoneSimulator
		{30DC3C4B-EC9F-400F-AE94-3995BEE127A9}.Ad-Hoc|x64.ActiveCfg = Ad-Hoc|iPhone
		{30DC3C4B-EC9F-400F-AE94-3995BEE127A9}.Ad-Hoc|x64.Build.0 = Ad-Hoc|iPhone
		{30DC3C4B-EC9F-400F-AE94-3995BEE127A9}.Ad-Hoc|x64.Deploy.0 = Ad-Hoc|iPhone
		{30DC3C4B-EC9F-400F-AE94-3995BEE127A9}.Ad-Hoc|x86.ActiveCfg = Ad-Hoc|iPhone
		{30DC3C4B-EC9F-400F-AE94-3995BEE127A9}.Ad-Hoc|x86.Build.0 = Ad-Hoc|iPhone
		{30DC3C4B-EC9F-400F-AE94-3995BEE127A9}.Ad-Hoc|x86.Deploy.0 = Ad-Hoc|iPhone
		{30DC3C4B-EC9F-400F-AE94-3995BEE127A9}.AppStore|Any CPU.ActiveCfg = AppStore|iPhone
		{30DC3C4B-EC9F-400F-AE94-3995BEE127A9}.AppStore|Any CPU.Build.0 = AppStore|iPhone
		{30DC3C4B-EC9F-400F-AE94-3995BEE127A9}.AppStore|Any CPU.Deploy.0 = AppStore|iPhone
		{30DC3C4B-EC9F-400F-AE94-3995BEE127A9}.AppStore|ARM.ActiveCfg = AppStore|iPhone
		{30DC3C4B-EC9F-400F-AE94-3995BEE127A9}.AppStore|ARM.Build.0 = AppStore|iPhone
		{30DC3C4B-EC9F-400F-AE94-3995BEE127A9}.AppStore|ARM.Deploy.0 = AppStore|iPhone
		{30DC3C4B-EC9F-400F-AE94-3995BEE127A9}.AppStore|iPhone.ActiveCfg = AppStore|iPhone
		{30DC3C4B-EC9F-400F-AE94-3995BEE127A9}.AppStore|iPhone.Build.0 = AppStore|iPhone
		{30DC3C4B-EC9F-400F-AE94-3995BEE127A9}.AppStore|iPhone.Deploy.0 = AppStore|iPhone
		{30DC3C4B-EC9F-400F-AE94-3995BEE127A9}.AppStore|iPhoneSimulator.ActiveCfg = AppStore|iPhoneSimulator
		{30DC3C4B-EC9F-400F-AE94-3995BEE127A9}.AppStore|iPhoneSimulator.Build.0 = AppStore|iPhoneSimulator
		{30DC3C4B-EC9F-400F-AE94-3995BEE127A9}.AppStore|iPhoneSimulator.Deploy.0 = AppStore|iPhoneSimulator
		{30DC3C4B-EC9F-400F-AE94-3995BEE127A9}.AppStore|x64.ActiveCfg = AppStore|iPhone
		{30DC3C4B-EC9F-400F-AE94-3995BEE127A9}.AppStore|x64.Build.0 = AppStore|iPhone
		{30DC3C4B-EC9F-400F-AE94-3995BEE127A9}.AppStore|x64.Deploy.0 = AppStore|iPhone
		{30DC3C4B-EC9F-400F-AE94-3995BEE127A9}.AppStore|x86.ActiveCfg = AppStore|iPhone
		{30DC3C4B-EC9F-400F-AE94-3995BEE127A9}.AppStore|x86.Build.0 = AppStore|iPhone
		{30DC3C4B-EC9F-400F-AE94-3995BEE127A9}.AppStore|x86.Deploy.0 = AppStore|iPhone
		{30DC3C4B-EC9F-400F-AE94-3995BEE127A9}.Debug|Any CPU.ActiveCfg = Debug|iPhoneSimulator
		{30DC3C4B-EC9F-400F-AE94-3995BEE127A9}.Debug|Any CPU.Build.0 = Debug|iPhoneSimulator
		{30DC3C4B-EC9F-400F-AE94-3995BEE127A9}.Debug|Any CPU.Deploy.0 = Debug|iPhoneSimulator
		{30DC3C4B-EC9F-400F-AE94-3995BEE127A9}.Debug|ARM.ActiveCfg = Debug|iPhone
		{30DC3C4B-EC9F-400F-AE94-3995BEE127A9}.Debug|ARM.Build.0 = Debug|iPhone
		{30DC3C4B-EC9F-400F-AE94-3995BEE127A9}.Debug|ARM.Deploy.0 = Debug|iPhone
		{30DC3C4B-EC9F-400F-AE94-3995BEE127A9}.Debug|iPhone.ActiveCfg = Debug|iPhone
		{30DC3C4B-EC9F-400F-AE94-3995BEE127A9}.Debug|iPhone.Build.0 = Debug|iPhone
		{30DC3C4B-EC9F-400F-AE94-3995BEE127A9}.Debug|iPhone.Deploy.0 = Debug|iPhone
		{30DC3C4B-EC9F-400F-AE94-3995BEE127A9}.Debug|iPhoneSimulator.ActiveCfg = Debug|iPhoneSimulator
		{30DC3C4B-EC9F-400F-AE94-3995BEE127A9}.Debug|iPhoneSimulator.Build.0 = Debug|iPhoneSimulator
		{30DC3C4B-EC9F-400F-AE94-3995BEE127A9}.Debug|iPhoneSimulator.Deploy.0 = Debug|iPhoneSimulator
		{30DC3C4B-EC9F-400F-AE94-3995BEE127A9}.Debug|x64.ActiveCfg = Debug|iPhone
		{30DC3C4B-EC9F-400F-AE94-3995BEE127A9}.Debug|x64.Build.0 = Debug|iPhone
		{30DC3C4B-EC9F-400F-AE94-3995BEE127A9}.Debug|x64.Deploy.0 = Debug|iPhone
		{30DC3C4B-EC9F-400F-AE94-3995BEE127A9}.Debug|x86.ActiveCfg = Debug|iPhone
		{30DC3C4B-EC9F-400F-AE94-3995BEE127A9}.Debug|x86.Build.0 = Debug|iPhone
		{30DC3C4B-EC9F-400F-AE94-3995BEE127A9}.Debug|x86.Deploy.0 = Debug|iPhone
		{30DC3C4B-EC9F-400F-AE94-3995BEE127A9}.Release|Any CPU.ActiveCfg = Release|iPhone
		{30DC3C4B-EC9F-400F-AE94-3995BEE127A9}.Release|Any CPU.Build.0 = Release|iPhone
		{30DC3C4B-EC9F-400F-AE94-3995BEE127A9}.Release|Any CPU.Deploy.0 = Release|iPhone
		{30DC3C4B-EC9F-400F-AE94-3995BEE127A9}.Release|ARM.ActiveCfg = Release|iPhone
		{30DC3C4B-EC9F-400F-AE94-3995BEE127A9}.Release|ARM.Build.0 = Release|iPhone
		{30DC3C4B-EC9F-400F-AE94-3995BEE127A9}.Release|ARM.Deploy.0 = Release|iPhone
		{30DC3C4B-EC9F-400F-AE94-3995BEE127A9}.Release|iPhone.ActiveCfg = Release|iPhone
		{30DC3C4B-EC9F-400F-AE94-3995BEE127A9}.Release|iPhone.Build.0 = Release|iPhone
		{30DC3C4B-EC9F-400F-AE94-3995BEE127A9}.Release|iPhone.Deploy.0 = Release|iPhone
		{30DC3C4B-EC9F-400F-AE94-3995BEE127A9}.Release|iPhoneSimulator.ActiveCfg = Release|iPhoneSimulator
		{30DC3C4B-EC9F-400F-AE94-3995BEE127A9}.Release|iPhoneSimulator.Build.0 = Release|iPhoneSimulator
		{30DC3C4B-EC9F-400F-AE94-3995BEE127A9}.Release|iPhoneSimulator.Deploy.0 = Release|iPhoneSimulator
		{30DC3C4B-EC9F-400F-AE94-3995BEE127A9}.Release|x64.ActiveCfg = Release|iPhone
		{30DC3C4B-EC9F-400F-AE94-3995BEE127A9}.Release|x64.Build.0 = Release|iPhone
		{30DC3C4B-EC9F-400F-AE94-3995BEE127A9}.Release|x64.Deploy.0 = Release|iPhone
		{30DC3C4B-EC9F-400F-AE94-3995BEE127A9}.Release|x86.ActiveCfg = Release|iPhone
		{30DC3C4B-EC9F-400F-AE94-3995BEE127A9}.Release|x86.Build.0 = Release|iPhone
		{30DC3C4B-EC9F-400F-AE94-3995BEE127A9}.Release|x86.Deploy.0 = Release|iPhone
		{905E5A3A-101B-41DD-B732-F57EB624A17D}.Ad-Hoc|Any CPU.ActiveCfg = Release|x86
		{905E5A3A-101B-41DD-B732-F57EB624A17D}.Ad-Hoc|Any CPU.Build.0 = Release|x86
		{905E5A3A-101B-41DD-B732-F57EB624A17D}.Ad-Hoc|Any CPU.Deploy.0 = Release|x86
		{905E5A3A-101B-41DD-B732-F57EB624A17D}.Ad-Hoc|ARM.ActiveCfg = Release|ARM
		{905E5A3A-101B-41DD-B732-F57EB624A17D}.Ad-Hoc|ARM.Build.0 = Release|ARM
		{905E5A3A-101B-41DD-B732-F57EB624A17D}.Ad-Hoc|ARM.Deploy.0 = Release|ARM
		{905E5A3A-101B-41DD-B732-F57EB624A17D}.Ad-Hoc|iPhone.ActiveCfg = Release|x86
		{905E5A3A-101B-41DD-B732-F57EB624A17D}.Ad-Hoc|iPhone.Build.0 = Release|x86
		{905E5A3A-101B-41DD-B732-F57EB624A17D}.Ad-Hoc|iPhone.Deploy.0 = Release|x86
		{905E5A3A-101B-41DD-B732-F57EB624A17D}.Ad-Hoc|iPhoneSimulator.ActiveCfg = Release|x86
		{905E5A3A-101B-41DD-B732-F57EB624A17D}.Ad-Hoc|iPhoneSimulator.Build.0 = Release|x86
		{905E5A3A-101B-41DD-B732-F57EB624A17D}.Ad-Hoc|iPhoneSimulator.Deploy.0 = Release|x86
		{905E5A3A-101B-41DD-B732-F57EB624A17D}.Ad-Hoc|x64.ActiveCfg = Release|x64
		{905E5A3A-101B-41DD-B732-F57EB624A17D}.Ad-Hoc|x64.Build.0 = Release|x64
		{905E5A3A-101B-41DD-B732-F57EB624A17D}.Ad-Hoc|x64.Deploy.0 = Release|x64
		{905E5A3A-101B-41DD-B732-F57EB624A17D}.Ad-Hoc|x86.ActiveCfg = Release|x86
		{905E5A3A-101B-41DD-B732-F57EB624A17D}.Ad-Hoc|x86.Build.0 = Release|x86
		{905E5A3A-101B-41DD-B732-F57EB624A17D}.Ad-Hoc|x86.Deploy.0 = Release|x86
		{905E5A3A-101B-41DD-B732-F57EB624A17D}.AppStore|Any CPU.ActiveCfg = Release|x86
		{905E5A3A-101B-41DD-B732-F57EB624A17D}.AppStore|Any CPU.Build.0 = Release|x86
		{905E5A3A-101B-41DD-B732-F57EB624A17D}.AppStore|Any CPU.Deploy.0 = Release|x86
		{905E5A3A-101B-41DD-B732-F57EB624A17D}.AppStore|ARM.ActiveCfg = Release|ARM
		{905E5A3A-101B-41DD-B732-F57EB624A17D}.AppStore|ARM.Build.0 = Release|ARM
		{905E5A3A-101B-41DD-B732-F57EB624A17D}.AppStore|ARM.Deploy.0 = Release|ARM
		{905E5A3A-101B-41DD-B732-F57EB624A17D}.AppStore|iPhone.ActiveCfg = Release|x86
		{905E5A3A-101B-41DD-B732-F57EB624A17D}.AppStore|iPhone.Build.0 = Release|x86
		{905E5A3A-101B-41DD-B732-F57EB624A17D}.AppStore|iPhone.Deploy.0 = Release|x86
		{905E5A3A-101B-41DD-B732-F57EB624A17D}.AppStore|iPhoneSimulator.ActiveCfg = Release|x86
		{905E5A3A-101B-41DD-B732-F57EB624A17D}.AppStore|iPhoneSimulator.Build.0 = Release|x86
		{905E5A3A-101B-41DD-B732-F57EB624A17D}.AppStore|iPhoneSimulator.Deploy.0 = Release|x86
		{905E5A3A-101B-41DD-B732-F57EB624A17D}.AppStore|x64.ActiveCfg = Release|x64
		{905E5A3A-101B-41DD-B732-F57EB624A17D}.AppStore|x64.Build.0 = Release|x64
		{905E5A3A-101B-41DD-B732-F57EB624A17D}.AppStore|x64.Deploy.0 = Release|x64
		{905E5A3A-101B-41DD-B732-F57EB624A17D}.AppStore|x86.ActiveCfg = Release|x86
		{905E5A3A-101B-41DD-B732-F57EB624A17D}.AppStore|x86.Build.0 = Release|x86
		{905E5A3A-101B-41DD-B732-F57EB624A17D}.AppStore|x86.Deploy.0 = Release|x86
		{905E5A3A-101B-41DD-B732-F57EB624A17D}.Debug|Any CPU.ActiveCfg = Debug|x86
		{905E5A3A-101B-41DD-B732-F57EB624A17D}.Debug|Any CPU.Build.0 = Debug|x86
		{905E5A3A-101B-41DD-B732-F57EB624A17D}.Debug|Any CPU.Deploy.0 = Debug|x86
		{905E5A3A-101B-41DD-B732-F57EB624A17D}.Debug|ARM.ActiveCfg = Debug|ARM
		{905E5A3A-101B-41DD-B732-F57EB624A17D}.Debug|ARM.Build.0 = Debug|ARM
		{905E5A3A-101B-41DD-B732-F57EB624A17D}.Debug|ARM.Deploy.0 = Debug|ARM
		{905E5A3A-101B-41DD-B732-F57EB624A17D}.Debug|iPhone.ActiveCfg = Debug|x86
		{905E5A3A-101B-41DD-B732-F57EB624A17D}.Debug|iPhone.Build.0 = Debug|x86
		{905E5A3A-101B-41DD-B732-F57EB624A17D}.Debug|iPhone.Deploy.0 = Debug|x86
		{905E5A3A-101B-41DD-B732-F57EB624A17D}.Debug|iPhoneSimulator.ActiveCfg = Debug|x86
		{905E5A3A-101B-41DD-B732-F57EB624A17D}.Debug|iPhoneSimulator.Build.0 = Debug|x86
		{905E5A3A-101B-41DD-B732-F57EB624A17D}.Debug|iPhoneSimulator.Deploy.0 = Debug|x86
		{905E5A3A-101B-41DD-B732-F57EB624A17D}.Debug|x64.ActiveCfg = Debug|x64
		{905E5A3A-101B-41DD-B732-F57EB624A17D}.Debug|x64.Build.0 = Debug|x64
		{905E5A3A-101B-41DD-B732-F57EB624A17D}.Debug|x64.Deploy.0 = Debug|x64
		{905E5A3A-101B-41DD-B732-F57EB624A17D}.Debug|x86.ActiveCfg = Debug|x86
		{905E5A3A-101B-41DD-B732-F57EB624A17D}.Debug|x86.Build.0 = Debug|x86
		{905E5A3A-101B-41DD-B732-F57EB624A17D}.Debug|x86.Deploy.0 = Debug|x86
		{905E5A3A-101B-41DD-B732-F57EB624A17D}.Release|Any CPU.ActiveCfg = Release|x86
		{905E5A3A-101B-41DD-B732-F57EB624A17D}.Release|Any CPU.Build.0 = Release|x86
		{905E5A3A-101B-41DD-B732-F57EB624A17D}.Release|Any CPU.Deploy.0 = Release|x86
		{905E5A3A-101B-41DD-B732-F57EB624A17D}.Release|ARM.ActiveCfg = Release|ARM
		{905E5A3A-101B-41DD-B732-F57EB624A17D}.Release|ARM.Build.0 = Release|ARM
		{905E5A3A-101B-41DD-B732-F57EB624A17D}.Release|ARM.Deploy.0 = Release|ARM
		{905E5A3A-101B-41DD-B732-F57EB624A17D}.Release|iPhone.ActiveCfg = Release|x86
		{905E5A3A-101B-41DD-B732-F57EB624A17D}.Release|iPhone.Build.0 = Release|x86
		{905E5A3A-101B-41DD-B732-F57EB624A17D}.Release|iPhone.Deploy.0 = Release|x86
		{905E5A3A-101B-41DD-B732-F57EB624A17D}.Release|iPhoneSimulator.ActiveCfg = Release|x86
		{905E5A3A-101B-41DD-B732-F57EB624A17D}.Release|iPhoneSimulator.Build.0 = Release|x86
		{905E5A3A-101B-41DD-B732-F57EB624A17D}.Release|iPhoneSimulator.Deploy.0 = Release|x86
		{905E5A3A-101B-41DD-B732-F57EB624A17D}.Release|x64.ActiveCfg = Release|x64
		{905E5A3A-101B-41DD-B732-F57EB624A17D}.Release|x64.Build.0 = Release|x64
		{905E5A3A-101B-41DD-B732-F57EB624A17D}.Release|x64.Deploy.0 = Release|x64
		{905E5A3A-101B-41DD-B732-F57EB624A17D}.Release|x86.ActiveCfg = Release|x86
		{905E5A3A-101B-41DD-B732-F57EB624A17D}.Release|x86.Build.0 = Release|x86
		{905E5A3A-101B-41DD-B732-F57EB624A17D}.Release|x86.Deploy.0 = Release|x86
		{EAF5E04C-C393-476F-9B19-ADE35447DD79}.Ad-Hoc|Any CPU.ActiveCfg = Debug|Any CPU
		{EAF5E04C-C393-476F-9B19-ADE35447DD79}.Ad-Hoc|Any CPU.Build.0 = Debug|Any CPU
		{EAF5E04C-C393-476F-9B19-ADE35447DD79}.Ad-Hoc|Any CPU.Deploy.0 = Debug|Any CPU
		{EAF5E04C-C393-476F-9B19-ADE35447DD79}.Ad-Hoc|ARM.ActiveCfg = Debug|Any CPU
		{EAF5E04C-C393-476F-9B19-ADE35447DD79}.Ad-Hoc|ARM.Build.0 = Debug|Any CPU
		{EAF5E04C-C393-476F-9B19-ADE35447DD79}.Ad-Hoc|ARM.Deploy.0 = Debug|Any CPU
		{EAF5E04C-C393-476F-9B19-ADE35447DD79}.Ad-Hoc|iPhone.ActiveCfg = Debug|Any CPU
		{EAF5E04C-C393-476F-9B19-ADE35447DD79}.Ad-Hoc|iPhone.Build.0 = Debug|Any CPU
		{EAF5E04C-C393-476F-9B19-ADE35447DD79}.Ad-Hoc|iPhone.Deploy.0 = Debug|Any CPU
		{EAF5E04C-C393-476F-9B19-ADE35447DD79}.Ad-Hoc|iPhoneSimulator.ActiveCfg = Debug|Any CPU
		{EAF5E04C-C393-476F-9B19-ADE35447DD79}.Ad-Hoc|iPhoneSimulator.Build.0 = Debug|Any CPU
		{EAF5E04C-C393-476F-9B19-ADE35447DD79}.Ad-Hoc|iPhoneSimulator.Deploy.0 = Debug|Any CPU
		{EAF5E04C-C393-476F-9B19-ADE35447DD79}.Ad-Hoc|x64.ActiveCfg = Debug|Any CPU
		{EAF5E04C-C393-476F-9B19-ADE35447DD79}.Ad-Hoc|x64.Build.0 = Debug|Any CPU
		{EAF5E04C-C393-476F-9B19-ADE35447DD79}.Ad-Hoc|x64.Deploy.0 = Debug|Any CPU
		{EAF5E04C-C393-476F-9B19-ADE35447DD79}.Ad-Hoc|x86.ActiveCfg = Debug|Any CPU
		{EAF5E04C-C393-476F-9B19-ADE35447DD79}.Ad-Hoc|x86.Build.0 = Debug|Any CPU
		{EAF5E04C-C393-476F-9B19-ADE35447DD79}.Ad-Hoc|x86.Deploy.0 = Debug|Any CPU
		{EAF5E04C-C393-476F-9B19-ADE35447DD79}.AppStore|Any CPU.ActiveCfg = Debug|Any CPU
		{EAF5E04C-C393-476F-9B19-ADE35447DD79}.AppStore|Any CPU.Build.0 = Debug|Any CPU
		{EAF5E04C-C393-476F-9B19-ADE35447DD79}.AppStore|Any CPU.Deploy.0 = Debug|Any CPU
		{EAF5E04C-C393-476F-9B19-ADE35447DD79}.AppStore|ARM.ActiveCfg = Debug|Any CPU
		{EAF5E04C-C393-476F-9B19-ADE35447DD79}.AppStore|ARM.Build.0 = Debug|Any CPU
		{EAF5E04C-C393-476F-9B19-ADE35447DD79}.AppStore|ARM.Deploy.0 = Debug|Any CPU
		{EAF5E04C-C393-476F-9B19-ADE35447DD79}.AppStore|iPhone.ActiveCfg = Debug|Any CPU
		{EAF5E04C-C393-476F-9B19-ADE35447DD79}.AppStore|iPhone.Build.0 = Debug|Any CPU
		{EAF5E04C-C393-476F-9B19-ADE35447DD79}.AppStore|iPhone.Deploy.0 = Debug|Any CPU
		{EAF5E04C-C393-476F-9B19-ADE35447DD79}.AppStore|iPhoneSimulator.ActiveCfg = Debug|Any CPU
		{EAF5E04C-C393-476F-9B19-ADE35447DD79}.AppStore|iPhoneSimulator.Build.0 = Debug|Any CPU
		{EAF5E04C-C393-476F-9B19-ADE35447DD79}.AppStore|iPhoneSimulator.Deploy.0 = Debug|Any CPU
		{EAF5E04C-C393-476F-9B19-ADE35447DD79}.AppStore|x64.ActiveCfg = Debug|Any CPU
		{EAF5E04C-C393-476F-9B19-ADE35447DD79}.AppStore|x64.Build.0 = Debug|Any CPU
		{EAF5E04C-C393-476F-9B19-ADE35447DD79}.AppStore|x64.Deploy.0 = Debug|Any CPU
		{EAF5E04C-C393-476F-9B19-ADE35447DD79}.AppStore|x86.ActiveCfg = Debug|Any CPU
		{EAF5E04C-C393-476F-9B19-ADE35447DD79}.AppStore|x86.Build.0 = Debug|Any CPU
		{EAF5E04C-C393-476F-9B19-ADE35447DD79}.AppStore|x86.Deploy.0 = Debug|Any CPU
		{EAF5E04C-C393-476F-9B19-ADE35447DD79}.Debug|Any CPU.ActiveCfg = Debug|Any CPU
		{EAF5E04C-C393-476F-9B19-ADE35447DD79}.Debug|Any CPU.Build.0 = Debug|Any CPU
		{EAF5E04C-C393-476F-9B19-ADE35447DD79}.Debug|Any CPU.Deploy.0 = Debug|Any CPU
		{EAF5E04C-C393-476F-9B19-ADE35447DD79}.Debug|ARM.ActiveCfg = Debug|Any CPU
		{EAF5E04C-C393-476F-9B19-ADE35447DD79}.Debug|ARM.Build.0 = Debug|Any CPU
		{EAF5E04C-C393-476F-9B19-ADE35447DD79}.Debug|ARM.Deploy.0 = Debug|Any CPU
		{EAF5E04C-C393-476F-9B19-ADE35447DD79}.Debug|iPhone.ActiveCfg = Debug|Any CPU
		{EAF5E04C-C393-476F-9B19-ADE35447DD79}.Debug|iPhone.Build.0 = Debug|Any CPU
		{EAF5E04C-C393-476F-9B19-ADE35447DD79}.Debug|iPhone.Deploy.0 = Debug|Any CPU
		{EAF5E04C-C393-476F-9B19-ADE35447DD79}.Debug|iPhoneSimulator.ActiveCfg = Debug|Any CPU
		{EAF5E04C-C393-476F-9B19-ADE35447DD79}.Debug|iPhoneSimulator.Build.0 = Debug|Any CPU
		{EAF5E04C-C393-476F-9B19-ADE35447DD79}.Debug|iPhoneSimulator.Deploy.0 = Debug|Any CPU
		{EAF5E04C-C393-476F-9B19-ADE35447DD79}.Debug|x64.ActiveCfg = Debug|Any CPU
		{EAF5E04C-C393-476F-9B19-ADE35447DD79}.Debug|x64.Build.0 = Debug|Any CPU
		{EAF5E04C-C393-476F-9B19-ADE35447DD79}.Debug|x64.Deploy.0 = Debug|Any CPU
		{EAF5E04C-C393-476F-9B19-ADE35447DD79}.Debug|x86.ActiveCfg = Debug|Any CPU
		{EAF5E04C-C393-476F-9B19-ADE35447DD79}.Debug|x86.Build.0 = Debug|Any CPU
		{EAF5E04C-C393-476F-9B19-ADE35447DD79}.Debug|x86.Deploy.0 = Debug|Any CPU
		{EAF5E04C-C393-476F-9B19-ADE35447DD79}.Release|Any CPU.ActiveCfg = Release|Any CPU
		{EAF5E04C-C393-476F-9B19-ADE35447DD79}.Release|Any CPU.Build.0 = Release|Any CPU
		{EAF5E04C-C393-476F-9B19-ADE35447DD79}.Release|Any CPU.Deploy.0 = Release|Any CPU
		{EAF5E04C-C393-476F-9B19-ADE35447DD79}.Release|ARM.ActiveCfg = Release|Any CPU
		{EAF5E04C-C393-476F-9B19-ADE35447DD79}.Release|ARM.Build.0 = Release|Any CPU
		{EAF5E04C-C393-476F-9B19-ADE35447DD79}.Release|ARM.Deploy.0 = Release|Any CPU
		{EAF5E04C-C393-476F-9B19-ADE35447DD79}.Release|iPhone.ActiveCfg = Release|Any CPU
		{EAF5E04C-C393-476F-9B19-ADE35447DD79}.Release|iPhone.Build.0 = Release|Any CPU
		{EAF5E04C-C393-476F-9B19-ADE35447DD79}.Release|iPhone.Deploy.0 = Release|Any CPU
		{EAF5E04C-C393-476F-9B19-ADE35447DD79}.Release|iPhoneSimulator.ActiveCfg = Release|Any CPU
		{EAF5E04C-C393-476F-9B19-ADE35447DD79}.Release|iPhoneSimulator.Build.0 = Release|Any CPU
		{EAF5E04C-C393-476F-9B19-ADE35447DD79}.Release|iPhoneSimulator.Deploy.0 = Release|Any CPU
		{EAF5E04C-C393-476F-9B19-ADE35447DD79}.Release|x64.ActiveCfg = Release|Any CPU
		{EAF5E04C-C393-476F-9B19-ADE35447DD79}.Release|x64.Build.0 = Release|Any CPU
		{EAF5E04C-C393-476F-9B19-ADE35447DD79}.Release|x64.Deploy.0 = Release|Any CPU
		{EAF5E04C-C393-476F-9B19-ADE35447DD79}.Release|x86.ActiveCfg = Release|Any CPU
		{EAF5E04C-C393-476F-9B19-ADE35447DD79}.Release|x86.Build.0 = Release|Any CPU
		{EAF5E04C-C393-476F-9B19-ADE35447DD79}.Release|x86.Deploy.0 = Release|Any CPU
	EndGlobalSection
	GlobalSection(SolutionProperties) = preSolution
		HideSolutionNode = FALSE
	EndGlobalSection
	GlobalSection(ExtensibilityGlobals) = postSolution
		SolutionGuid = {03B7CFBD-AF70-43C9-8A87-1B01409B0C34}
	EndGlobalSection
EndGlobal
