
Microsoft Visual Studio Solution File, Format Version 12.00
# Visual Studio 15
VisualStudioVersion = 15.0.28010.2046
MinimumVisualStudioVersion = 10.0.40219.1
Project("{FAE04EC0-301F-11D3-BF4B-00C04F79EFBC}") = "BotaoFlutuante.Android", "BotaoFlutuante\BotaoFlutuante.Android\BotaoFlutuante.Android.csproj", "{8AB679D0-0448-43F9-8FEF-72BB1A2CAF44}"
EndProject
Project("{FAE04EC0-301F-11D3-BF4B-00C04F79EFBC}") = "BotaoFlutuante.iOS", "BotaoFlutuante\BotaoFlutuante.iOS\BotaoFlutuante.iOS.csproj", "{C8EFDA04-788F-4201-A770-EE0D4B6B5142}"
EndProject
Project("{FAE04EC0-301F-11D3-BF4B-00C04F79EFBC}") = "BotaoFlutuante.UWP", "BotaoFlutuante\BotaoFlutuante.UWP\BotaoFlutuante.UWP.csproj", "{2553D774-B01D-4E82-98A1-6BD27CC9E925}"
EndProject
Project("{D954291E-2A0B-460D-934E-DC6B0785DB48}") = "BotaoFlutuante", "BotaoFlutuante\BotaoFlutuante\BotaoFlutuante.shproj", "{A87AAFBE-3C42-4717-B358-AE38B233DF9C}"
EndProject
Global
	GlobalSection(SharedMSBuildProjectFiles) = preSolution
		BotaoFlutuante\BotaoFlutuante\BotaoFlutuante.projitems*{2553d774-b01d-4e82-98a1-6bd27cc9e925}*SharedItemsImports = 4
		BotaoFlutuante\BotaoFlutuante\BotaoFlutuante.projitems*{8ab679d0-0448-43f9-8fef-72bb1a2caf44}*SharedItemsImports = 4
		BotaoFlutuante\BotaoFlutuante\BotaoFlutuante.projitems*{a87aafbe-3c42-4717-b358-ae38b233df9c}*SharedItemsImports = 13
		BotaoFlutuante\BotaoFlutuante\BotaoFlutuante.projitems*{c8efda04-788f-4201-a770-ee0d4b6b5142}*SharedItemsImports = 4
	EndGlobalSection
	GlobalSection(SolutionConfigurationPlatforms) = preSolution
		Ad-Hoc|Any CPU = Ad-Hoc|Any CPU
		Ad-Hoc|ARM = Ad-Hoc|ARM
		Ad-Hoc|iPhone = Ad-Hoc|iPhone
		Ad-Hoc|iPhoneSimulator = Ad-Hoc|iPhoneSimulator
		Ad-Hoc|x64 = Ad-Hoc|x64
		Ad-Hoc|x86 = Ad-Hoc|x86
		AppStore|Any CPU = AppStore|Any CPU
		AppStore|ARM = AppStore|ARM
		AppStore|iPhone = AppStore|iPhone
		AppStore|iPhoneSimulator = AppStore|iPhoneSimulator
		AppStore|x64 = AppStore|x64
		AppStore|x86 = AppStore|x86
		Debug|Any CPU = Debug|Any CPU
		Debug|ARM = Debug|ARM
		Debug|iPhone = Debug|iPhone
		Debug|iPhoneSimulator = Debug|iPhoneSimulator
		Debug|x64 = Debug|x64
		Debug|x86 = Debug|x86
		Release|Any CPU = Release|Any CPU
		Release|ARM = Release|ARM
		Release|iPhone = Release|iPhone
		Release|iPhoneSimulator = Release|iPhoneSimulator
		Release|x64 = Release|x64
		Release|x86 = Release|x86
	EndGlobalSection
	GlobalSection(ProjectConfigurationPlatforms) = postSolution
		{8AB679D0-0448-43F9-8FEF-72BB1A2CAF44}.Ad-Hoc|Any CPU.ActiveCfg = Release|Any CPU
		{8AB679D0-0448-43F9-8FEF-72BB1A2CAF44}.Ad-Hoc|Any CPU.Build.0 = Release|Any CPU
		{8AB679D0-0448-43F9-8FEF-72BB1A2CAF44}.Ad-Hoc|Any CPU.Deploy.0 = Release|Any CPU
		{8AB679D0-0448-43F9-8FEF-72BB1A2CAF44}.Ad-Hoc|ARM.ActiveCfg = Release|Any CPU
		{8AB679D0-0448-43F9-8FEF-72BB1A2CAF44}.Ad-Hoc|ARM.Build.0 = Release|Any CPU
		{8AB679D0-0448-43F9-8FEF-72BB1A2CAF44}.Ad-Hoc|ARM.Deploy.0 = Release|Any CPU
		{8AB679D0-0448-43F9-8FEF-72BB1A2CAF44}.Ad-Hoc|iPhone.ActiveCfg = Release|Any CPU
		{8AB679D0-0448-43F9-8FEF-72BB1A2CAF44}.Ad-Hoc|iPhone.Build.0 = Release|Any CPU
		{8AB679D0-0448-43F9-8FEF-72BB1A2CAF44}.Ad-Hoc|iPhone.Deploy.0 = Release|Any CPU
		{8AB679D0-0448-43F9-8FEF-72BB1A2CAF44}.Ad-Hoc|iPhoneSimulator.ActiveCfg = Release|Any CPU
		{8AB679D0-0448-43F9-8FEF-72BB1A2CAF44}.Ad-Hoc|iPhoneSimulator.Build.0 = Release|Any CPU
		{8AB679D0-0448-43F9-8FEF-72BB1A2CAF44}.Ad-Hoc|iPhoneSimulator.Deploy.0 = Release|Any CPU
		{8AB679D0-0448-43F9-8FEF-72BB1A2CAF44}.Ad-Hoc|x64.ActiveCfg = Release|Any CPU
		{8AB679D0-0448-43F9-8FEF-72BB1A2CAF44}.Ad-Hoc|x64.Build.0 = Release|Any CPU
		{8AB679D0-0448-43F9-8FEF-72BB1A2CAF44}.Ad-Hoc|x64.Deploy.0 = Release|Any CPU
		{8AB679D0-0448-43F9-8FEF-72BB1A2CAF44}.Ad-Hoc|x86.ActiveCfg = Release|Any CPU
		{8AB679D0-0448-43F9-8FEF-72BB1A2CAF44}.Ad-Hoc|x86.Build.0 = Release|Any CPU
		{8AB679D0-0448-43F9-8FEF-72BB1A2CAF44}.Ad-Hoc|x86.Deploy.0 = Release|Any CPU
		{8AB679D0-0448-43F9-8FEF-72BB1A2CAF44}.AppStore|Any CPU.ActiveCfg = Release|Any CPU
		{8AB679D0-0448-43F9-8FEF-72BB1A2CAF44}.AppStore|Any CPU.Build.0 = Release|Any CPU
		{8AB679D0-0448-43F9-8FEF-72BB1A2CAF44}.AppStore|Any CPU.Deploy.0 = Release|Any CPU
		{8AB679D0-0448-43F9-8FEF-72BB1A2CAF44}.AppStore|ARM.ActiveCfg = Release|Any CPU
		{8AB679D0-0448-43F9-8FEF-72BB1A2CAF44}.AppStore|ARM.Build.0 = Release|Any CPU
		{8AB679D0-0448-43F9-8FEF-72BB1A2CAF44}.AppStore|ARM.Deploy.0 = Release|Any CPU
		{8AB679D0-0448-43F9-8FEF-72BB1A2CAF44}.AppStore|iPhone.ActiveCfg = Release|Any CPU
		{8AB679D0-0448-43F9-8FEF-72BB1A2CAF44}.AppStore|iPhone.Build.0 = Release|Any CPU
		{8AB679D0-0448-43F9-8FEF-72BB1A2CAF44}.AppStore|iPhone.Deploy.0 = Release|Any CPU
		{8AB679D0-0448-43F9-8FEF-72BB1A2CAF44}.AppStore|iPhoneSimulator.ActiveCfg = Release|Any CPU
		{8AB679D0-0448-43F9-8FEF-72BB1A2CAF44}.AppStore|iPhoneSimulator.Build.0 = Release|Any CPU
		{8AB679D0-0448-43F9-8FEF-72BB1A2CAF44}.AppStore|iPhoneSimulator.Deploy.0 = Release|Any CPU
		{8AB679D0-0448-43F9-8FEF-72BB1A2CAF44}.AppStore|x64.ActiveCfg = Release|Any CPU
		{8AB679D0-0448-43F9-8FEF-72BB1A2CAF44}.AppStore|x64.Build.0 = Release|Any CPU
		{8AB679D0-0448-43F9-8FEF-72BB1A2CAF44}.AppStore|x64.Deploy.0 = Release|Any CPU
		{8AB679D0-0448-43F9-8FEF-72BB1A2CAF44}.AppStore|x86.ActiveCfg = Release|Any CPU
		{8AB679D0-0448-43F9-8FEF-72BB1A2CAF44}.AppStore|x86.Build.0 = Release|Any CPU
		{8AB679D0-0448-43F9-8FEF-72BB1A2CAF44}.AppStore|x86.Deploy.0 = Release|Any CPU
		{8AB679D0-0448-43F9-8FEF-72BB1A2CAF44}.Debug|Any CPU.ActiveCfg = Debug|Any CPU
		{8AB679D0-0448-43F9-8FEF-72BB1A2CAF44}.Debug|Any CPU.Build.0 = Debug|Any CPU
		{8AB679D0-0448-43F9-8FEF-72BB1A2CAF44}.Debug|Any CPU.Deploy.0 = Debug|Any CPU
		{8AB679D0-0448-43F9-8FEF-72BB1A2CAF44}.Debug|ARM.ActiveCfg = Debug|Any CPU
		{8AB679D0-0448-43F9-8FEF-72BB1A2CAF44}.Debug|ARM.Build.0 = Debug|Any CPU
		{8AB679D0-0448-43F9-8FEF-72BB1A2CAF44}.Debug|ARM.Deploy.0 = Debug|Any CPU
		{8AB679D0-0448-43F9-8FEF-72BB1A2CAF44}.Debug|iPhone.ActiveCfg = Debug|Any CPU
		{8AB679D0-0448-43F9-8FEF-72BB1A2CAF44}.Debug|iPhone.Build.0 = Debug|Any CPU
		{8AB679D0-0448-43F9-8FEF-72BB1A2CAF44}.Debug|iPhone.Deploy.0 = Debug|Any CPU
		{8AB679D0-0448-43F9-8FEF-72BB1A2CAF44}.Debug|iPhoneSimulator.ActiveCfg = Debug|Any CPU
		{8AB679D0-0448-43F9-8FEF-72BB1A2CAF44}.Debug|iPhoneSimulator.Build.0 = Debug|Any CPU
		{8AB679D0-0448-43F9-8FEF-72BB1A2CAF44}.Debug|iPhoneSimulator.Deploy.0 = Debug|Any CPU
		{8AB679D0-0448-43F9-8FEF-72BB1A2CAF44}.Debug|x64.ActiveCfg = Debug|Any CPU
		{8AB679D0-0448-43F9-8FEF-72BB1A2CAF44}.Debug|x64.Build.0 = Debug|Any CPU
		{8AB679D0-0448-43F9-8FEF-72BB1A2CAF44}.Debug|x64.Deploy.0 = Debug|Any CPU
		{8AB679D0-0448-43F9-8FEF-72BB1A2CAF44}.Debug|x86.ActiveCfg = Debug|Any CPU
		{8AB679D0-0448-43F9-8FEF-72BB1A2CAF44}.Debug|x86.Build.0 = Debug|Any CPU
		{8AB679D0-0448-43F9-8FEF-72BB1A2CAF44}.Debug|x86.Deploy.0 = Debug|Any CPU
		{8AB679D0-0448-43F9-8FEF-72BB1A2CAF44}.Release|Any CPU.ActiveCfg = Release|Any CPU
		{8AB679D0-0448-43F9-8FEF-72BB1A2CAF44}.Release|Any CPU.Build.0 = Release|Any CPU
		{8AB679D0-0448-43F9-8FEF-72BB1A2CAF44}.Release|Any CPU.Deploy.0 = Release|Any CPU
		{8AB679D0-0448-43F9-8FEF-72BB1A2CAF44}.Release|ARM.ActiveCfg = Release|Any CPU
		{8AB679D0-0448-43F9-8FEF-72BB1A2CAF44}.Release|ARM.Build.0 = Release|Any CPU
		{8AB679D0-0448-43F9-8FEF-72BB1A2CAF44}.Release|ARM.Deploy.0 = Release|Any CPU
		{8AB679D0-0448-43F9-8FEF-72BB1A2CAF44}.Release|iPhone.ActiveCfg = Release|Any CPU
		{8AB679D0-0448-43F9-8FEF-72BB1A2CAF44}.Release|iPhone.Build.0 = Release|Any CPU
		{8AB679D0-0448-43F9-8FEF-72BB1A2CAF44}.Release|iPhone.Deploy.0 = Release|Any CPU
		{8AB679D0-0448-43F9-8FEF-72BB1A2CAF44}.Release|iPhoneSimulator.ActiveCfg = Release|Any CPU
		{8AB679D0-0448-43F9-8FEF-72BB1A2CAF44}.Release|iPhoneSimulator.Build.0 = Release|Any CPU
		{8AB679D0-0448-43F9-8FEF-72BB1A2CAF44}.Release|iPhoneSimulator.Deploy.0 = Release|Any CPU
		{8AB679D0-0448-43F9-8FEF-72BB1A2CAF44}.Release|x64.ActiveCfg = Release|Any CPU
		{8AB679D0-0448-43F9-8FEF-72BB1A2CAF44}.Release|x64.Build.0 = Release|Any CPU
		{8AB679D0-0448-43F9-8FEF-72BB1A2CAF44}.Release|x64.Deploy.0 = Release|Any CPU
		{8AB679D0-0448-43F9-8FEF-72BB1A2CAF44}.Release|x86.ActiveCfg = Release|Any CPU
		{8AB679D0-0448-43F9-8FEF-72BB1A2CAF44}.Release|x86.Build.0 = Release|Any CPU
		{8AB679D0-0448-43F9-8FEF-72BB1A2CAF44}.Release|x86.Deploy.0 = Release|Any CPU
		{C8EFDA04-788F-4201-A770-EE0D4B6B5142}.Ad-Hoc|Any CPU.ActiveCfg = Ad-Hoc|iPhone
		{C8EFDA04-788F-4201-A770-EE0D4B6B5142}.Ad-Hoc|Any CPU.Build.0 = Ad-Hoc|iPhone
		{C8EFDA04-788F-4201-A770-EE0D4B6B5142}.Ad-Hoc|Any CPU.Deploy.0 = Ad-Hoc|iPhone
		{C8EFDA04-788F-4201-A770-EE0D4B6B5142}.Ad-Hoc|ARM.ActiveCfg = Ad-Hoc|iPhone
		{C8EFDA04-788F-4201-A770-EE0D4B6B5142}.Ad-Hoc|ARM.Build.0 = Ad-Hoc|iPhone
		{C8EFDA04-788F-4201-A770-EE0D4B6B5142}.Ad-Hoc|ARM.Deploy.0 = Ad-Hoc|iPhone
		{C8EFDA04-788F-4201-A770-EE0D4B6B5142}.Ad-Hoc|iPhone.ActiveCfg = Ad-Hoc|iPhone
		{C8EFDA04-788F-4201-A770-EE0D4B6B5142}.Ad-Hoc|iPhone.Build.0 = Ad-Hoc|iPhone
		{C8EFDA04-788F-4201-A770-EE0D4B6B5142}.Ad-Hoc|iPhone.Deploy.0 = Ad-Hoc|iPhone
		{C8EFDA04-788F-4201-A770-EE0D4B6B5142}.Ad-Hoc|iPhoneSimulator.ActiveCfg = Ad-Hoc|iPhoneSimulator
		{C8EFDA04-788F-4201-A770-EE0D4B6B5142}.Ad-Hoc|iPhoneSimulator.Build.0 = Ad-Hoc|iPhoneSimulator
		{C8EFDA04-788F-4201-A770-EE0D4B6B5142}.Ad-Hoc|iPhoneSimulator.Deploy.0 = Ad-Hoc|iPhoneSimulator
		{C8EFDA04-788F-4201-A770-EE0D4B6B5142}.Ad-Hoc|x64.ActiveCfg = Ad-Hoc|iPhone
		{C8EFDA04-788F-4201-A770-EE0D4B6B5142}.Ad-Hoc|x64.Build.0 = Ad-Hoc|iPhone
		{C8EFDA04-788F-4201-A770-EE0D4B6B5142}.Ad-Hoc|x64.Deploy.0 = Ad-Hoc|iPhone
		{C8EFDA04-788F-4201-A770-EE0D4B6B5142}.Ad-Hoc|x86.ActiveCfg = Ad-Hoc|iPhone
		{C8EFDA04-788F-4201-A770-EE0D4B6B5142}.Ad-Hoc|x86.Build.0 = Ad-Hoc|iPhone
		{C8EFDA04-788F-4201-A770-EE0D4B6B5142}.Ad-Hoc|x86.Deploy.0 = Ad-Hoc|iPhone
		{C8EFDA04-788F-4201-A770-EE0D4B6B5142}.AppStore|Any CPU.ActiveCfg = AppStore|iPhone
		{C8EFDA04-788F-4201-A770-EE0D4B6B5142}.AppStore|Any CPU.Build.0 = AppStore|iPhone
		{C8EFDA04-788F-4201-A770-EE0D4B6B5142}.AppStore|Any CPU.Deploy.0 = AppStore|iPhone
		{C8EFDA04-788F-4201-A770-EE0D4B6B5142}.AppStore|ARM.ActiveCfg = AppStore|iPhone
		{C8EFDA04-788F-4201-A770-EE0D4B6B5142}.AppStore|ARM.Build.0 = AppStore|iPhone
		{C8EFDA04-788F-4201-A770-EE0D4B6B5142}.AppStore|ARM.Deploy.0 = AppStore|iPhone
		{C8EFDA04-788F-4201-A770-EE0D4B6B5142}.AppStore|iPhone.ActiveCfg = AppStore|iPhone
		{C8EFDA04-788F-4201-A770-EE0D4B6B5142}.AppStore|iPhone.Build.0 = AppStore|iPhone
		{C8EFDA04-788F-4201-A770-EE0D4B6B5142}.AppStore|iPhone.Deploy.0 = AppStore|iPhone
		{C8EFDA04-788F-4201-A770-EE0D4B6B5142}.AppStore|iPhoneSimulator.ActiveCfg = AppStore|iPhoneSimulator
		{C8EFDA04-788F-4201-A770-EE0D4B6B5142}.AppStore|iPhoneSimulator.Build.0 = AppStore|iPhoneSimulator
		{C8EFDA04-788F-4201-A770-EE0D4B6B5142}.AppStore|iPhoneSimulator.Deploy.0 = AppStore|iPhoneSimulator
		{C8EFDA04-788F-4201-A770-EE0D4B6B5142}.AppStore|x64.ActiveCfg = AppStore|iPhone
		{C8EFDA04-788F-4201-A770-EE0D4B6B5142}.AppStore|x64.Build.0 = AppStore|iPhone
		{C8EFDA04-788F-4201-A770-EE0D4B6B5142}.AppStore|x64.Deploy.0 = AppStore|iPhone
		{C8EFDA04-788F-4201-A770-EE0D4B6B5142}.AppStore|x86.ActiveCfg = AppStore|iPhone
		{C8EFDA04-788F-4201-A770-EE0D4B6B5142}.AppStore|x86.Build.0 = AppStore|iPhone
		{C8EFDA04-788F-4201-A770-EE0D4B6B5142}.AppStore|x86.Deploy.0 = AppStore|iPhone
		{C8EFDA04-788F-4201-A770-EE0D4B6B5142}.Debug|Any CPU.ActiveCfg = Debug|iPhoneSimulator
		{C8EFDA04-788F-4201-A770-EE0D4B6B5142}.Debug|Any CPU.Build.0 = Debug|iPhoneSimulator
		{C8EFDA04-788F-4201-A770-EE0D4B6B5142}.Debug|Any CPU.Deploy.0 = Debug|iPhoneSimulator
		{C8EFDA04-788F-4201-A770-EE0D4B6B5142}.Debug|ARM.ActiveCfg = Debug|iPhone
		{C8EFDA04-788F-4201-A770-EE0D4B6B5142}.Debug|ARM.Build.0 = Debug|iPhone
		{C8EFDA04-788F-4201-A770-EE0D4B6B5142}.Debug|ARM.Deploy.0 = Debug|iPhone
		{C8EFDA04-788F-4201-A770-EE0D4B6B5142}.Debug|iPhone.ActiveCfg = Debug|iPhone
		{C8EFDA04-788F-4201-A770-EE0D4B6B5142}.Debug|iPhone.Build.0 = Debug|iPhone
		{C8EFDA04-788F-4201-A770-EE0D4B6B5142}.Debug|iPhone.Deploy.0 = Debug|iPhone
		{C8EFDA04-788F-4201-A770-EE0D4B6B5142}.Debug|iPhoneSimulator.ActiveCfg = Debug|iPhoneSimulator
		{C8EFDA04-788F-4201-A770-EE0D4B6B5142}.Debug|iPhoneSimulator.Build.0 = Debug|iPhoneSimulator
		{C8EFDA04-788F-4201-A770-EE0D4B6B5142}.Debug|iPhoneSimulator.Deploy.0 = Debug|iPhoneSimulator
		{C8EFDA04-788F-4201-A770-EE0D4B6B5142}.Debug|x64.ActiveCfg = Debug|iPhone
		{C8EFDA04-788F-4201-A770-EE0D4B6B5142}.Debug|x64.Build.0 = Debug|iPhone
		{C8EFDA04-788F-4201-A770-EE0D4B6B5142}.Debug|x64.Deploy.0 = Debug|iPhone
		{C8EFDA04-788F-4201-A770-EE0D4B6B5142}.Debug|x86.ActiveCfg = Debug|iPhone
		{C8EFDA04-788F-4201-A770-EE0D4B6B5142}.Debug|x86.Build.0 = Debug|iPhone
		{C8EFDA04-788F-4201-A770-EE0D4B6B5142}.Debug|x86.Deploy.0 = Debug|iPhone
		{C8EFDA04-788F-4201-A770-EE0D4B6B5142}.Release|Any CPU.ActiveCfg = Release|iPhone
		{C8EFDA04-788F-4201-A770-EE0D4B6B5142}.Release|Any CPU.Build.0 = Release|iPhone
		{C8EFDA04-788F-4201-A770-EE0D4B6B5142}.Release|Any CPU.Deploy.0 = Release|iPhone
		{C8EFDA04-788F-4201-A770-EE0D4B6B5142}.Release|ARM.ActiveCfg = Release|iPhone
		{C8EFDA04-788F-4201-A770-EE0D4B6B5142}.Release|ARM.Build.0 = Release|iPhone
		{C8EFDA04-788F-4201-A770-EE0D4B6B5142}.Release|ARM.Deploy.0 = Release|iPhone
		{C8EFDA04-788F-4201-A770-EE0D4B6B5142}.Release|iPhone.ActiveCfg = Release|iPhone
		{C8EFDA04-788F-4201-A770-EE0D4B6B5142}.Release|iPhone.Build.0 = Release|iPhone
		{C8EFDA04-788F-4201-A770-EE0D4B6B5142}.Release|iPhone.Deploy.0 = Release|iPhone
		{C8EFDA04-788F-4201-A770-EE0D4B6B5142}.Release|iPhoneSimulator.ActiveCfg = Release|iPhoneSimulator
		{C8EFDA04-788F-4201-A770-EE0D4B6B5142}.Release|iPhoneSimulator.Build.0 = Release|iPhoneSimulator
		{C8EFDA04-788F-4201-A770-EE0D4B6B5142}.Release|iPhoneSimulator.Deploy.0 = Release|iPhoneSimulator
		{C8EFDA04-788F-4201-A770-EE0D4B6B5142}.Release|x64.ActiveCfg = Release|iPhone
		{C8EFDA04-788F-4201-A770-EE0D4B6B5142}.Release|x64.Build.0 = Release|iPhone
		{C8EFDA04-788F-4201-A770-EE0D4B6B5142}.Release|x64.Deploy.0 = Release|iPhone
		{C8EFDA04-788F-4201-A770-EE0D4B6B5142}.Release|x86.ActiveCfg = Release|iPhone
		{C8EFDA04-788F-4201-A770-EE0D4B6B5142}.Release|x86.Build.0 = Release|iPhone
		{C8EFDA04-788F-4201-A770-EE0D4B6B5142}.Release|x86.Deploy.0 = Release|iPhone
		{2553D774-B01D-4E82-98A1-6BD27CC9E925}.Ad-Hoc|Any CPU.ActiveCfg = Release|x86
		{2553D774-B01D-4E82-98A1-6BD27CC9E925}.Ad-Hoc|Any CPU.Build.0 = Release|x86
		{2553D774-B01D-4E82-98A1-6BD27CC9E925}.Ad-Hoc|Any CPU.Deploy.0 = Release|x86
		{2553D774-B01D-4E82-98A1-6BD27CC9E925}.Ad-Hoc|ARM.ActiveCfg = Release|ARM
		{2553D774-B01D-4E82-98A1-6BD27CC9E925}.Ad-Hoc|ARM.Build.0 = Release|ARM
		{2553D774-B01D-4E82-98A1-6BD27CC9E925}.Ad-Hoc|ARM.Deploy.0 = Release|ARM
		{2553D774-B01D-4E82-98A1-6BD27CC9E925}.Ad-Hoc|iPhone.ActiveCfg = Release|x86
		{2553D774-B01D-4E82-98A1-6BD27CC9E925}.Ad-Hoc|iPhone.Build.0 = Release|x86
		{2553D774-B01D-4E82-98A1-6BD27CC9E925}.Ad-Hoc|iPhone.Deploy.0 = Release|x86
		{2553D774-B01D-4E82-98A1-6BD27CC9E925}.Ad-Hoc|iPhoneSimulator.ActiveCfg = Release|x86
		{2553D774-B01D-4E82-98A1-6BD27CC9E925}.Ad-Hoc|iPhoneSimulator.Build.0 = Release|x86
		{2553D774-B01D-4E82-98A1-6BD27CC9E925}.Ad-Hoc|iPhoneSimulator.Deploy.0 = Release|x86
		{2553D774-B01D-4E82-98A1-6BD27CC9E925}.Ad-Hoc|x64.ActiveCfg = Release|x64
		{2553D774-B01D-4E82-98A1-6BD27CC9E925}.Ad-Hoc|x64.Build.0 = Release|x64
		{2553D774-B01D-4E82-98A1-6BD27CC9E925}.Ad-Hoc|x64.Deploy.0 = Release|x64
		{2553D774-B01D-4E82-98A1-6BD27CC9E925}.Ad-Hoc|x86.ActiveCfg = Release|x86
		{2553D774-B01D-4E82-98A1-6BD27CC9E925}.Ad-Hoc|x86.Build.0 = Release|x86
		{2553D774-B01D-4E82-98A1-6BD27CC9E925}.Ad-Hoc|x86.Deploy.0 = Release|x86
		{2553D774-B01D-4E82-98A1-6BD27CC9E925}.AppStore|Any CPU.ActiveCfg = Release|x86
		{2553D774-B01D-4E82-98A1-6BD27CC9E925}.AppStore|Any CPU.Build.0 = Release|x86
		{2553D774-B01D-4E82-98A1-6BD27CC9E925}.AppStore|Any CPU.Deploy.0 = Release|x86
		{2553D774-B01D-4E82-98A1-6BD27CC9E925}.AppStore|ARM.ActiveCfg = Release|ARM
		{2553D774-B01D-4E82-98A1-6BD27CC9E925}.AppStore|ARM.Build.0 = Release|ARM
		{2553D774-B01D-4E82-98A1-6BD27CC9E925}.AppStore|ARM.Deploy.0 = Release|ARM
		{2553D774-B01D-4E82-98A1-6BD27CC9E925}.AppStore|iPhone.ActiveCfg = Release|x86
		{2553D774-B01D-4E82-98A1-6BD27CC9E925}.AppStore|iPhone.Build.0 = Release|x86
		{2553D774-B01D-4E82-98A1-6BD27CC9E925}.AppStore|iPhone.Deploy.0 = Release|x86
		{2553D774-B01D-4E82-98A1-6BD27CC9E925}.AppStore|iPhoneSimulator.ActiveCfg = Release|x86
		{2553D774-B01D-4E82-98A1-6BD27CC9E925}.AppStore|iPhoneSimulator.Build.0 = Release|x86
		{2553D774-B01D-4E82-98A1-6BD27CC9E925}.AppStore|iPhoneSimulator.Deploy.0 = Release|x86
		{2553D774-B01D-4E82-98A1-6BD27CC9E925}.AppStore|x64.ActiveCfg = Release|x64
		{2553D774-B01D-4E82-98A1-6BD27CC9E925}.AppStore|x64.Build.0 = Release|x64
		{2553D774-B01D-4E82-98A1-6BD27CC9E925}.AppStore|x64.Deploy.0 = Release|x64
		{2553D774-B01D-4E82-98A1-6BD27CC9E925}.AppStore|x86.ActiveCfg = Release|x86
		{2553D774-B01D-4E82-98A1-6BD27CC9E925}.AppStore|x86.Build.0 = Release|x86
		{2553D774-B01D-4E82-98A1-6BD27CC9E925}.AppStore|x86.Deploy.0 = Release|x86
		{2553D774-B01D-4E82-98A1-6BD27CC9E925}.Debug|Any CPU.ActiveCfg = Debug|x86
		{2553D774-B01D-4E82-98A1-6BD27CC9E925}.Debug|Any CPU.Build.0 = Debug|x86
		{2553D774-B01D-4E82-98A1-6BD27CC9E925}.Debug|Any CPU.Deploy.0 = Debug|x86
		{2553D774-B01D-4E82-98A1-6BD27CC9E925}.Debug|ARM.ActiveCfg = Debug|ARM
		{2553D774-B01D-4E82-98A1-6BD27CC9E925}.Debug|ARM.Build.0 = Debug|ARM
		{2553D774-B01D-4E82-98A1-6BD27CC9E925}.Debug|ARM.Deploy.0 = Debug|ARM
		{2553D774-B01D-4E82-98A1-6BD27CC9E925}.Debug|iPhone.ActiveCfg = Debug|x86
		{2553D774-B01D-4E82-98A1-6BD27CC9E925}.Debug|iPhone.Build.0 = Debug|x86
		{2553D774-B01D-4E82-98A1-6BD27CC9E925}.Debug|iPhone.Deploy.0 = Debug|x86
		{2553D774-B01D-4E82-98A1-6BD27CC9E925}.Debug|iPhoneSimulator.ActiveCfg = Debug|x86
		{2553D774-B01D-4E82-98A1-6BD27CC9E925}.Debug|iPhoneSimulator.Build.0 = Debug|x86
		{2553D774-B01D-4E82-98A1-6BD27CC9E925}.Debug|iPhoneSimulator.Deploy.0 = Debug|x86
		{2553D774-B01D-4E82-98A1-6BD27CC9E925}.Debug|x64.ActiveCfg = Debug|x64
		{2553D774-B01D-4E82-98A1-6BD27CC9E925}.Debug|x64.Build.0 = Debug|x64
		{2553D774-B01D-4E82-98A1-6BD27CC9E925}.Debug|x64.Deploy.0 = Debug|x64
		{2553D774-B01D-4E82-98A1-6BD27CC9E925}.Debug|x86.ActiveCfg = Debug|x86
		{2553D774-B01D-4E82-98A1-6BD27CC9E925}.Debug|x86.Build.0 = Debug|x86
		{2553D774-B01D-4E82-98A1-6BD27CC9E925}.Debug|x86.Deploy.0 = Debug|x86
		{2553D774-B01D-4E82-98A1-6BD27CC9E925}.Release|Any CPU.ActiveCfg = Release|x86
		{2553D774-B01D-4E82-98A1-6BD27CC9E925}.Release|Any CPU.Build.0 = Release|x86
		{2553D774-B01D-4E82-98A1-6BD27CC9E925}.Release|Any CPU.Deploy.0 = Release|x86
		{2553D774-B01D-4E82-98A1-6BD27CC9E925}.Release|ARM.ActiveCfg = Release|ARM
		{2553D774-B01D-4E82-98A1-6BD27CC9E925}.Release|ARM.Build.0 = Release|ARM
		{2553D774-B01D-4E82-98A1-6BD27CC9E925}.Release|ARM.Deploy.0 = Release|ARM
		{2553D774-B01D-4E82-98A1-6BD27CC9E925}.Release|iPhone.ActiveCfg = Release|x86
		{2553D774-B01D-4E82-98A1-6BD27CC9E925}.Release|iPhone.Build.0 = Release|x86
		{2553D774-B01D-4E82-98A1-6BD27CC9E925}.Release|iPhone.Deploy.0 = Release|x86
		{2553D774-B01D-4E82-98A1-6BD27CC9E925}.Release|iPhoneSimulator.ActiveCfg = Release|x86
		{2553D774-B01D-4E82-98A1-6BD27CC9E925}.Release|iPhoneSimulator.Build.0 = Release|x86
		{2553D774-B01D-4E82-98A1-6BD27CC9E925}.Release|iPhoneSimulator.Deploy.0 = Release|x86
		{2553D774-B01D-4E82-98A1-6BD27CC9E925}.Release|x64.ActiveCfg = Release|x64
		{2553D774-B01D-4E82-98A1-6BD27CC9E925}.Release|x64.Build.0 = Release|x64
		{2553D774-B01D-4E82-98A1-6BD27CC9E925}.Release|x64.Deploy.0 = Release|x64
		{2553D774-B01D-4E82-98A1-6BD27CC9E925}.Release|x86.ActiveCfg = Release|x86
		{2553D774-B01D-4E82-98A1-6BD27CC9E925}.Release|x86.Build.0 = Release|x86
		{2553D774-B01D-4E82-98A1-6BD27CC9E925}.Release|x86.Deploy.0 = Release|x86
	EndGlobalSection
	GlobalSection(SolutionProperties) = preSolution
		HideSolutionNode = FALSE
	EndGlobalSection
	GlobalSection(ExtensibilityGlobals) = postSolution
		SolutionGuid = {6EAC9EE7-1D6D-418A-A4E0-91358855C51C}
	EndGlobalSection
EndGlobal
