
Microsoft Visual Studio Solution File, Format Version 12.00
# Visual Studio 15
VisualStudioVersion = 15.0.28010.2046
MinimumVisualStudioVersion = 10.0.40219.1
Project("{FAE04EC0-301F-11D3-BF4B-00C04F79EFBC}") = "ExemploStandard.Android", "ExemploStandard\ExemploStandard.Android\ExemploStandard.Android.csproj", "{CAC589B4-6DB5-4344-8527-94E6A69C21F3}"
EndProject
Project("{FAE04EC0-301F-11D3-BF4B-00C04F79EFBC}") = "ExemploStandard.iOS", "ExemploStandard\ExemploStandard.iOS\ExemploStandard.iOS.csproj", "{4EF66F92-6236-44AB-AB08-E16FC8FF0662}"
EndProject
Project("{FAE04EC0-301F-11D3-BF4B-00C04F79EFBC}") = "ExemploStandard.UWP", "ExemploStandard\ExemploStandard.UWP\ExemploStandard.UWP.csproj", "{456BC26F-A157-43D5-8F8C-A818D5D3DC93}"
EndProject
Project("{FAE04EC0-301F-11D3-BF4B-00C04F79EFBC}") = "ExemploStandard", "ExemploStandard\ExemploStandard\ExemploStandard.csproj", "{ACC30EE1-41E4-49A8-AC1D-FFA18372DACC}"
EndProject
Global
	GlobalSection(SolutionConfigurationPlatforms) = preSolution
		Ad-Hoc|Any CPU = Ad-Hoc|Any CPU
		Ad-Hoc|ARM = Ad-Hoc|ARM
		Ad-Hoc|iPhone = Ad-Hoc|iPhone
		Ad-Hoc|iPhoneSimulator = Ad-Hoc|iPhoneSimulator
		Ad-Hoc|x64 = Ad-Hoc|x64
		Ad-Hoc|x86 = Ad-Hoc|x86
		AppStore|Any CPU = AppStore|Any CPU
		AppStore|ARM = AppStore|ARM
		AppStore|iPhone = AppStore|iPhone
		AppStore|iPhoneSimulator = AppStore|iPhoneSimulator
		AppStore|x64 = AppStore|x64
		AppStore|x86 = AppStore|x86
		Debug|Any CPU = Debug|Any CPU
		Debug|ARM = Debug|ARM
		Debug|iPhone = Debug|iPhone
		Debug|iPhoneSimulator = Debug|iPhoneSimulator
		Debug|x64 = Debug|x64
		Debug|x86 = Debug|x86
		Release|Any CPU = Release|Any CPU
		Release|ARM = Release|ARM
		Release|iPhone = Release|iPhone
		Release|iPhoneSimulator = Release|iPhoneSimulator
		Release|x64 = Release|x64
		Release|x86 = Release|x86
	EndGlobalSection
	GlobalSection(ProjectConfigurationPlatforms) = postSolution
		{CAC589B4-6DB5-4344-8527-94E6A69C21F3}.Ad-Hoc|Any CPU.ActiveCfg = Release|Any CPU
		{CAC589B4-6DB5-4344-8527-94E6A69C21F3}.Ad-Hoc|Any CPU.Build.0 = Release|Any CPU
		{CAC589B4-6DB5-4344-8527-94E6A69C21F3}.Ad-Hoc|Any CPU.Deploy.0 = Release|Any CPU
		{CAC589B4-6DB5-4344-8527-94E6A69C21F3}.Ad-Hoc|ARM.ActiveCfg = Release|Any CPU
		{CAC589B4-6DB5-4344-8527-94E6A69C21F3}.Ad-Hoc|ARM.Build.0 = Release|Any CPU
		{CAC589B4-6DB5-4344-8527-94E6A69C21F3}.Ad-Hoc|ARM.Deploy.0 = Release|Any CPU
		{CAC589B4-6DB5-4344-8527-94E6A69C21F3}.Ad-Hoc|iPhone.ActiveCfg = Release|Any CPU
		{CAC589B4-6DB5-4344-8527-94E6A69C21F3}.Ad-Hoc|iPhone.Build.0 = Release|Any CPU
		{CAC589B4-6DB5-4344-8527-94E6A69C21F3}.Ad-Hoc|iPhone.Deploy.0 = Release|Any CPU
		{CAC589B4-6DB5-4344-8527-94E6A69C21F3}.Ad-Hoc|iPhoneSimulator.ActiveCfg = Release|Any CPU
		{CAC589B4-6DB5-4344-8527-94E6A69C21F3}.Ad-Hoc|iPhoneSimulator.Build.0 = Release|Any CPU
		{CAC589B4-6DB5-4344-8527-94E6A69C21F3}.Ad-Hoc|iPhoneSimulator.Deploy.0 = Release|Any CPU
		{CAC589B4-6DB5-4344-8527-94E6A69C21F3}.Ad-Hoc|x64.ActiveCfg = Release|Any CPU
		{CAC589B4-6DB5-4344-8527-94E6A69C21F3}.Ad-Hoc|x64.Build.0 = Release|Any CPU
		{CAC589B4-6DB5-4344-8527-94E6A69C21F3}.Ad-Hoc|x64.Deploy.0 = Release|Any CPU
		{CAC589B4-6DB5-4344-8527-94E6A69C21F3}.Ad-Hoc|x86.ActiveCfg = Release|Any CPU
		{CAC589B4-6DB5-4344-8527-94E6A69C21F3}.Ad-Hoc|x86.Build.0 = Release|Any CPU
		{CAC589B4-6DB5-4344-8527-94E6A69C21F3}.Ad-Hoc|x86.Deploy.0 = Release|Any CPU
		{CAC589B4-6DB5-4344-8527-94E6A69C21F3}.AppStore|Any CPU.ActiveCfg = Release|Any CPU
		{CAC589B4-6DB5-4344-8527-94E6A69C21F3}.AppStore|Any CPU.Build.0 = Release|Any CPU
		{CAC589B4-6DB5-4344-8527-94E6A69C21F3}.AppStore|Any CPU.Deploy.0 = Release|Any CPU
		{CAC589B4-6DB5-4344-8527-94E6A69C21F3}.AppStore|ARM.ActiveCfg = Release|Any CPU
		{CAC589B4-6DB5-4344-8527-94E6A69C21F3}.AppStore|ARM.Build.0 = Release|Any CPU
		{CAC589B4-6DB5-4344-8527-94E6A69C21F3}.AppStore|ARM.Deploy.0 = Release|Any CPU
		{CAC589B4-6DB5-4344-8527-94E6A69C21F3}.AppStore|iPhone.ActiveCfg = Release|Any CPU
		{CAC589B4-6DB5-4344-8527-94E6A69C21F3}.AppStore|iPhone.Build.0 = Release|Any CPU
		{CAC589B4-6DB5-4344-8527-94E6A69C21F3}.AppStore|iPhone.Deploy.0 = Release|Any CPU
		{CAC589B4-6DB5-4344-8527-94E6A69C21F3}.AppStore|iPhoneSimulator.ActiveCfg = Release|Any CPU
		{CAC589B4-6DB5-4344-8527-94E6A69C21F3}.AppStore|iPhoneSimulator.Build.0 = Release|Any CPU
		{CAC589B4-6DB5-4344-8527-94E6A69C21F3}.AppStore|iPhoneSimulator.Deploy.0 = Release|Any CPU
		{CAC589B4-6DB5-4344-8527-94E6A69C21F3}.AppStore|x64.ActiveCfg = Release|Any CPU
		{CAC589B4-6DB5-4344-8527-94E6A69C21F3}.AppStore|x64.Build.0 = Release|Any CPU
		{CAC589B4-6DB5-4344-8527-94E6A69C21F3}.AppStore|x64.Deploy.0 = Release|Any CPU
		{CAC589B4-6DB5-4344-8527-94E6A69C21F3}.AppStore|x86.ActiveCfg = Release|Any CPU
		{CAC589B4-6DB5-4344-8527-94E6A69C21F3}.AppStore|x86.Build.0 = Release|Any CPU
		{CAC589B4-6DB5-4344-8527-94E6A69C21F3}.AppStore|x86.Deploy.0 = Release|Any CPU
		{CAC589B4-6DB5-4344-8527-94E6A69C21F3}.Debug|Any CPU.ActiveCfg = Debug|Any CPU
		{CAC589B4-6DB5-4344-8527-94E6A69C21F3}.Debug|Any CPU.Build.0 = Debug|Any CPU
		{CAC589B4-6DB5-4344-8527-94E6A69C21F3}.Debug|Any CPU.Deploy.0 = Debug|Any CPU
		{CAC589B4-6DB5-4344-8527-94E6A69C21F3}.Debug|ARM.ActiveCfg = Debug|Any CPU
		{CAC589B4-6DB5-4344-8527-94E6A69C21F3}.Debug|ARM.Build.0 = Debug|Any CPU
		{CAC589B4-6DB5-4344-8527-94E6A69C21F3}.Debug|ARM.Deploy.0 = Debug|Any CPU
		{CAC589B4-6DB5-4344-8527-94E6A69C21F3}.Debug|iPhone.ActiveCfg = Debug|Any CPU
		{CAC589B4-6DB5-4344-8527-94E6A69C21F3}.Debug|iPhone.Build.0 = Debug|Any CPU
		{CAC589B4-6DB5-4344-8527-94E6A69C21F3}.Debug|iPhone.Deploy.0 = Debug|Any CPU
		{CAC589B4-6DB5-4344-8527-94E6A69C21F3}.Debug|iPhoneSimulator.ActiveCfg = Debug|Any CPU
		{CAC589B4-6DB5-4344-8527-94E6A69C21F3}.Debug|iPhoneSimulator.Build.0 = Debug|Any CPU
		{CAC589B4-6DB5-4344-8527-94E6A69C21F3}.Debug|iPhoneSimulator.Deploy.0 = Debug|Any CPU
		{CAC589B4-6DB5-4344-8527-94E6A69C21F3}.Debug|x64.ActiveCfg = Debug|Any CPU
		{CAC589B4-6DB5-4344-8527-94E6A69C21F3}.Debug|x64.Build.0 = Debug|Any CPU
		{CAC589B4-6DB5-4344-8527-94E6A69C21F3}.Debug|x64.Deploy.0 = Debug|Any CPU
		{CAC589B4-6DB5-4344-8527-94E6A69C21F3}.Debug|x86.ActiveCfg = Debug|Any CPU
		{CAC589B4-6DB5-4344-8527-94E6A69C21F3}.Debug|x86.Build.0 = Debug|Any CPU
		{CAC589B4-6DB5-4344-8527-94E6A69C21F3}.Debug|x86.Deploy.0 = Debug|Any CPU
		{CAC589B4-6DB5-4344-8527-94E6A69C21F3}.Release|Any CPU.ActiveCfg = Release|Any CPU
		{CAC589B4-6DB5-4344-8527-94E6A69C21F3}.Release|Any CPU.Build.0 = Release|Any CPU
		{CAC589B4-6DB5-4344-8527-94E6A69C21F3}.Release|Any CPU.Deploy.0 = Release|Any CPU
		{CAC589B4-6DB5-4344-8527-94E6A69C21F3}.Release|ARM.ActiveCfg = Release|Any CPU
		{CAC589B4-6DB5-4344-8527-94E6A69C21F3}.Release|ARM.Build.0 = Release|Any CPU
		{CAC589B4-6DB5-4344-8527-94E6A69C21F3}.Release|ARM.Deploy.0 = Release|Any CPU
		{CAC589B4-6DB5-4344-8527-94E6A69C21F3}.Release|iPhone.ActiveCfg = Release|Any CPU
		{CAC589B4-6DB5-4344-8527-94E6A69C21F3}.Release|iPhone.Build.0 = Release|Any CPU
		{CAC589B4-6DB5-4344-8527-94E6A69C21F3}.Release|iPhone.Deploy.0 = Release|Any CPU
		{CAC589B4-6DB5-4344-8527-94E6A69C21F3}.Release|iPhoneSimulator.ActiveCfg = Release|Any CPU
		{CAC589B4-6DB5-4344-8527-94E6A69C21F3}.Release|iPhoneSimulator.Build.0 = Release|Any CPU
		{CAC589B4-6DB5-4344-8527-94E6A69C21F3}.Release|iPhoneSimulator.Deploy.0 = Release|Any CPU
		{CAC589B4-6DB5-4344-8527-94E6A69C21F3}.Release|x64.ActiveCfg = Release|Any CPU
		{CAC589B4-6DB5-4344-8527-94E6A69C21F3}.Release|x64.Build.0 = Release|Any CPU
		{CAC589B4-6DB5-4344-8527-94E6A69C21F3}.Release|x64.Deploy.0 = Release|Any CPU
		{CAC589B4-6DB5-4344-8527-94E6A69C21F3}.Release|x86.ActiveCfg = Release|Any CPU
		{CAC589B4-6DB5-4344-8527-94E6A69C21F3}.Release|x86.Build.0 = Release|Any CPU
		{CAC589B4-6DB5-4344-8527-94E6A69C21F3}.Release|x86.Deploy.0 = Release|Any CPU
		{4EF66F92-6236-44AB-AB08-E16FC8FF0662}.Ad-Hoc|Any CPU.ActiveCfg = Ad-Hoc|iPhone
		{4EF66F92-6236-44AB-AB08-E16FC8FF0662}.Ad-Hoc|Any CPU.Build.0 = Ad-Hoc|iPhone
		{4EF66F92-6236-44AB-AB08-E16FC8FF0662}.Ad-Hoc|Any CPU.Deploy.0 = Ad-Hoc|iPhone
		{4EF66F92-6236-44AB-AB08-E16FC8FF0662}.Ad-Hoc|ARM.ActiveCfg = Ad-Hoc|iPhone
		{4EF66F92-6236-44AB-AB08-E16FC8FF0662}.Ad-Hoc|ARM.Build.0 = Ad-Hoc|iPhone
		{4EF66F92-6236-44AB-AB08-E16FC8FF0662}.Ad-Hoc|ARM.Deploy.0 = Ad-Hoc|iPhone
		{4EF66F92-6236-44AB-AB08-E16FC8FF0662}.Ad-Hoc|iPhone.ActiveCfg = Ad-Hoc|iPhone
		{4EF66F92-6236-44AB-AB08-E16FC8FF0662}.Ad-Hoc|iPhone.Build.0 = Ad-Hoc|iPhone
		{4EF66F92-6236-44AB-AB08-E16FC8FF0662}.Ad-Hoc|iPhone.Deploy.0 = Ad-Hoc|iPhone
		{4EF66F92-6236-44AB-AB08-E16FC8FF0662}.Ad-Hoc|iPhoneSimulator.ActiveCfg = Ad-Hoc|iPhoneSimulator
		{4EF66F92-6236-44AB-AB08-E16FC8FF0662}.Ad-Hoc|iPhoneSimulator.Build.0 = Ad-Hoc|iPhoneSimulator
		{4EF66F92-6236-44AB-AB08-E16FC8FF0662}.Ad-Hoc|iPhoneSimulator.Deploy.0 = Ad-Hoc|iPhoneSimulator
		{4EF66F92-6236-44AB-AB08-E16FC8FF0662}.Ad-Hoc|x64.ActiveCfg = Ad-Hoc|iPhone
		{4EF66F92-6236-44AB-AB08-E16FC8FF0662}.Ad-Hoc|x64.Build.0 = Ad-Hoc|iPhone
		{4EF66F92-6236-44AB-AB08-E16FC8FF0662}.Ad-Hoc|x64.Deploy.0 = Ad-Hoc|iPhone
		{4EF66F92-6236-44AB-AB08-E16FC8FF0662}.Ad-Hoc|x86.ActiveCfg = Ad-Hoc|iPhone
		{4EF66F92-6236-44AB-AB08-E16FC8FF0662}.Ad-Hoc|x86.Build.0 = Ad-Hoc|iPhone
		{4EF66F92-6236-44AB-AB08-E16FC8FF0662}.Ad-Hoc|x86.Deploy.0 = Ad-Hoc|iPhone
		{4EF66F92-6236-44AB-AB08-E16FC8FF0662}.AppStore|Any CPU.ActiveCfg = AppStore|iPhone
		{4EF66F92-6236-44AB-AB08-E16FC8FF0662}.AppStore|Any CPU.Build.0 = AppStore|iPhone
		{4EF66F92-6236-44AB-AB08-E16FC8FF0662}.AppStore|Any CPU.Deploy.0 = AppStore|iPhone
		{4EF66F92-6236-44AB-AB08-E16FC8FF0662}.AppStore|ARM.ActiveCfg = AppStore|iPhone
		{4EF66F92-6236-44AB-AB08-E16FC8FF0662}.AppStore|ARM.Build.0 = AppStore|iPhone
		{4EF66F92-6236-44AB-AB08-E16FC8FF0662}.AppStore|ARM.Deploy.0 = AppStore|iPhone
		{4EF66F92-6236-44AB-AB08-E16FC8FF0662}.AppStore|iPhone.ActiveCfg = AppStore|iPhone
		{4EF66F92-6236-44AB-AB08-E16FC8FF0662}.AppStore|iPhone.Build.0 = AppStore|iPhone
		{4EF66F92-6236-44AB-AB08-E16FC8FF0662}.AppStore|iPhone.Deploy.0 = AppStore|iPhone
		{4EF66F92-6236-44AB-AB08-E16FC8FF0662}.AppStore|iPhoneSimulator.ActiveCfg = AppStore|iPhoneSimulator
		{4EF66F92-6236-44AB-AB08-E16FC8FF0662}.AppStore|iPhoneSimulator.Build.0 = AppStore|iPhoneSimulator
		{4EF66F92-6236-44AB-AB08-E16FC8FF0662}.AppStore|iPhoneSimulator.Deploy.0 = AppStore|iPhoneSimulator
		{4EF66F92-6236-44AB-AB08-E16FC8FF0662}.AppStore|x64.ActiveCfg = AppStore|iPhone
		{4EF66F92-6236-44AB-AB08-E16FC8FF0662}.AppStore|x64.Build.0 = AppStore|iPhone
		{4EF66F92-6236-44AB-AB08-E16FC8FF0662}.AppStore|x64.Deploy.0 = AppStore|iPhone
		{4EF66F92-6236-44AB-AB08-E16FC8FF0662}.AppStore|x86.ActiveCfg = AppStore|iPhone
		{4EF66F92-6236-44AB-AB08-E16FC8FF0662}.AppStore|x86.Build.0 = AppStore|iPhone
		{4EF66F92-6236-44AB-AB08-E16FC8FF0662}.AppStore|x86.Deploy.0 = AppStore|iPhone
		{4EF66F92-6236-44AB-AB08-E16FC8FF0662}.Debug|Any CPU.ActiveCfg = Debug|iPhoneSimulator
		{4EF66F92-6236-44AB-AB08-E16FC8FF0662}.Debug|Any CPU.Build.0 = Debug|iPhoneSimulator
		{4EF66F92-6236-44AB-AB08-E16FC8FF0662}.Debug|Any CPU.Deploy.0 = Debug|iPhoneSimulator
		{4EF66F92-6236-44AB-AB08-E16FC8FF0662}.Debug|ARM.ActiveCfg = Debug|iPhone
		{4EF66F92-6236-44AB-AB08-E16FC8FF0662}.Debug|ARM.Build.0 = Debug|iPhone
		{4EF66F92-6236-44AB-AB08-E16FC8FF0662}.Debug|ARM.Deploy.0 = Debug|iPhone
		{4EF66F92-6236-44AB-AB08-E16FC8FF0662}.Debug|iPhone.ActiveCfg = Debug|iPhone
		{4EF66F92-6236-44AB-AB08-E16FC8FF0662}.Debug|iPhone.Build.0 = Debug|iPhone
		{4EF66F92-6236-44AB-AB08-E16FC8FF0662}.Debug|iPhone.Deploy.0 = Debug|iPhone
		{4EF66F92-6236-44AB-AB08-E16FC8FF0662}.Debug|iPhoneSimulator.ActiveCfg = Debug|iPhoneSimulator
		{4EF66F92-6236-44AB-AB08-E16FC8FF0662}.Debug|iPhoneSimulator.Build.0 = Debug|iPhoneSimulator
		{4EF66F92-6236-44AB-AB08-E16FC8FF0662}.Debug|iPhoneSimulator.Deploy.0 = Debug|iPhoneSimulator
		{4EF66F92-6236-44AB-AB08-E16FC8FF0662}.Debug|x64.ActiveCfg = Debug|iPhone
		{4EF66F92-6236-44AB-AB08-E16FC8FF0662}.Debug|x64.Build.0 = Debug|iPhone
		{4EF66F92-6236-44AB-AB08-E16FC8FF0662}.Debug|x64.Deploy.0 = Debug|iPhone
		{4EF66F92-6236-44AB-AB08-E16FC8FF0662}.Debug|x86.ActiveCfg = Debug|iPhone
		{4EF66F92-6236-44AB-AB08-E16FC8FF0662}.Debug|x86.Build.0 = Debug|iPhone
		{4EF66F92-6236-44AB-AB08-E16FC8FF0662}.Debug|x86.Deploy.0 = Debug|iPhone
		{4EF66F92-6236-44AB-AB08-E16FC8FF0662}.Release|Any CPU.ActiveCfg = Release|iPhone
		{4EF66F92-6236-44AB-AB08-E16FC8FF0662}.Release|Any CPU.Build.0 = Release|iPhone
		{4EF66F92-6236-44AB-AB08-E16FC8FF0662}.Release|Any CPU.Deploy.0 = Release|iPhone
		{4EF66F92-6236-44AB-AB08-E16FC8FF0662}.Release|ARM.ActiveCfg = Release|iPhone
		{4EF66F92-6236-44AB-AB08-E16FC8FF0662}.Release|ARM.Build.0 = Release|iPhone
		{4EF66F92-6236-44AB-AB08-E16FC8FF0662}.Release|ARM.Deploy.0 = Release|iPhone
		{4EF66F92-6236-44AB-AB08-E16FC8FF0662}.Release|iPhone.ActiveCfg = Release|iPhone
		{4EF66F92-6236-44AB-AB08-E16FC8FF0662}.Release|iPhone.Build.0 = Release|iPhone
		{4EF66F92-6236-44AB-AB08-E16FC8FF0662}.Release|iPhone.Deploy.0 = Release|iPhone
		{4EF66F92-6236-44AB-AB08-E16FC8FF0662}.Release|iPhoneSimulator.ActiveCfg = Release|iPhoneSimulator
		{4EF66F92-6236-44AB-AB08-E16FC8FF0662}.Release|iPhoneSimulator.Build.0 = Release|iPhoneSimulator
		{4EF66F92-6236-44AB-AB08-E16FC8FF0662}.Release|iPhoneSimulator.Deploy.0 = Release|iPhoneSimulator
		{4EF66F92-6236-44AB-AB08-E16FC8FF0662}.Release|x64.ActiveCfg = Release|iPhone
		{4EF66F92-6236-44AB-AB08-E16FC8FF0662}.Release|x64.Build.0 = Release|iPhone
		{4EF66F92-6236-44AB-AB08-E16FC8FF0662}.Release|x64.Deploy.0 = Release|iPhone
		{4EF66F92-6236-44AB-AB08-E16FC8FF0662}.Release|x86.ActiveCfg = Release|iPhone
		{4EF66F92-6236-44AB-AB08-E16FC8FF0662}.Release|x86.Build.0 = Release|iPhone
		{4EF66F92-6236-44AB-AB08-E16FC8FF0662}.Release|x86.Deploy.0 = Release|iPhone
		{456BC26F-A157-43D5-8F8C-A818D5D3DC93}.Ad-Hoc|Any CPU.ActiveCfg = Release|x86
		{456BC26F-A157-43D5-8F8C-A818D5D3DC93}.Ad-Hoc|Any CPU.Build.0 = Release|x86
		{456BC26F-A157-43D5-8F8C-A818D5D3DC93}.Ad-Hoc|Any CPU.Deploy.0 = Release|x86
		{456BC26F-A157-43D5-8F8C-A818D5D3DC93}.Ad-Hoc|ARM.ActiveCfg = Release|ARM
		{456BC26F-A157-43D5-8F8C-A818D5D3DC93}.Ad-Hoc|ARM.Build.0 = Release|ARM
		{456BC26F-A157-43D5-8F8C-A818D5D3DC93}.Ad-Hoc|ARM.Deploy.0 = Release|ARM
		{456BC26F-A157-43D5-8F8C-A818D5D3DC93}.Ad-Hoc|iPhone.ActiveCfg = Release|x86
		{456BC26F-A157-43D5-8F8C-A818D5D3DC93}.Ad-Hoc|iPhone.Build.0 = Release|x86
		{456BC26F-A157-43D5-8F8C-A818D5D3DC93}.Ad-Hoc|iPhone.Deploy.0 = Release|x86
		{456BC26F-A157-43D5-8F8C-A818D5D3DC93}.Ad-Hoc|iPhoneSimulator.ActiveCfg = Release|x86
		{456BC26F-A157-43D5-8F8C-A818D5D3DC93}.Ad-Hoc|iPhoneSimulator.Build.0 = Release|x86
		{456BC26F-A157-43D5-8F8C-A818D5D3DC93}.Ad-Hoc|iPhoneSimulator.Deploy.0 = Release|x86
		{456BC26F-A157-43D5-8F8C-A818D5D3DC93}.Ad-Hoc|x64.ActiveCfg = Release|x64
		{456BC26F-A157-43D5-8F8C-A818D5D3DC93}.Ad-Hoc|x64.Build.0 = Release|x64
		{456BC26F-A157-43D5-8F8C-A818D5D3DC93}.Ad-Hoc|x64.Deploy.0 = Release|x64
		{456BC26F-A157-43D5-8F8C-A818D5D3DC93}.Ad-Hoc|x86.ActiveCfg = Release|x86
		{456BC26F-A157-43D5-8F8C-A818D5D3DC93}.Ad-Hoc|x86.Build.0 = Release|x86
		{456BC26F-A157-43D5-8F8C-A818D5D3DC93}.Ad-Hoc|x86.Deploy.0 = Release|x86
		{456BC26F-A157-43D5-8F8C-A818D5D3DC93}.AppStore|Any CPU.ActiveCfg = Release|x86
		{456BC26F-A157-43D5-8F8C-A818D5D3DC93}.AppStore|Any CPU.Build.0 = Release|x86
		{456BC26F-A157-43D5-8F8C-A818D5D3DC93}.AppStore|Any CPU.Deploy.0 = Release|x86
		{456BC26F-A157-43D5-8F8C-A818D5D3DC93}.AppStore|ARM.ActiveCfg = Release|ARM
		{456BC26F-A157-43D5-8F8C-A818D5D3DC93}.AppStore|ARM.Build.0 = Release|ARM
		{456BC26F-A157-43D5-8F8C-A818D5D3DC93}.AppStore|ARM.Deploy.0 = Release|ARM
		{456BC26F-A157-43D5-8F8C-A818D5D3DC93}.AppStore|iPhone.ActiveCfg = Release|x86
		{456BC26F-A157-43D5-8F8C-A818D5D3DC93}.AppStore|iPhone.Build.0 = Release|x86
		{456BC26F-A157-43D5-8F8C-A818D5D3DC93}.AppStore|iPhone.Deploy.0 = Release|x86
		{456BC26F-A157-43D5-8F8C-A818D5D3DC93}.AppStore|iPhoneSimulator.ActiveCfg = Release|x86
		{456BC26F-A157-43D5-8F8C-A818D5D3DC93}.AppStore|iPhoneSimulator.Build.0 = Release|x86
		{456BC26F-A157-43D5-8F8C-A818D5D3DC93}.AppStore|iPhoneSimulator.Deploy.0 = Release|x86
		{456BC26F-A157-43D5-8F8C-A818D5D3DC93}.AppStore|x64.ActiveCfg = Release|x64
		{456BC26F-A157-43D5-8F8C-A818D5D3DC93}.AppStore|x64.Build.0 = Release|x64
		{456BC26F-A157-43D5-8F8C-A818D5D3DC93}.AppStore|x64.Deploy.0 = Release|x64
		{456BC26F-A157-43D5-8F8C-A818D5D3DC93}.AppStore|x86.ActiveCfg = Release|x86
		{456BC26F-A157-43D5-8F8C-A818D5D3DC93}.AppStore|x86.Build.0 = Release|x86
		{456BC26F-A157-43D5-8F8C-A818D5D3DC93}.AppStore|x86.Deploy.0 = Release|x86
		{456BC26F-A157-43D5-8F8C-A818D5D3DC93}.Debug|Any CPU.ActiveCfg = Debug|x86
		{456BC26F-A157-43D5-8F8C-A818D5D3DC93}.Debug|Any CPU.Build.0 = Debug|x86
		{456BC26F-A157-43D5-8F8C-A818D5D3DC93}.Debug|Any CPU.Deploy.0 = Debug|x86
		{456BC26F-A157-43D5-8F8C-A818D5D3DC93}.Debug|ARM.ActiveCfg = Debug|ARM
		{456BC26F-A157-43D5-8F8C-A818D5D3DC93}.Debug|ARM.Build.0 = Debug|ARM
		{456BC26F-A157-43D5-8F8C-A818D5D3DC93}.Debug|ARM.Deploy.0 = Debug|ARM
		{456BC26F-A157-43D5-8F8C-A818D5D3DC93}.Debug|iPhone.ActiveCfg = Debug|x86
		{456BC26F-A157-43D5-8F8C-A818D5D3DC93}.Debug|iPhone.Build.0 = Debug|x86
		{456BC26F-A157-43D5-8F8C-A818D5D3DC93}.Debug|iPhone.Deploy.0 = Debug|x86
		{456BC26F-A157-43D5-8F8C-A818D5D3DC93}.Debug|iPhoneSimulator.ActiveCfg = Debug|x86
		{456BC26F-A157-43D5-8F8C-A818D5D3DC93}.Debug|iPhoneSimulator.Build.0 = Debug|x86
		{456BC26F-A157-43D5-8F8C-A818D5D3DC93}.Debug|iPhoneSimulator.Deploy.0 = Debug|x86
		{456BC26F-A157-43D5-8F8C-A818D5D3DC93}.Debug|x64.ActiveCfg = Debug|x64
		{456BC26F-A157-43D5-8F8C-A818D5D3DC93}.Debug|x64.Build.0 = Debug|x64
		{456BC26F-A157-43D5-8F8C-A818D5D3DC93}.Debug|x64.Deploy.0 = Debug|x64
		{456BC26F-A157-43D5-8F8C-A818D5D3DC93}.Debug|x86.ActiveCfg = Debug|x86
		{456BC26F-A157-43D5-8F8C-A818D5D3DC93}.Debug|x86.Build.0 = Debug|x86
		{456BC26F-A157-43D5-8F8C-A818D5D3DC93}.Debug|x86.Deploy.0 = Debug|x86
		{456BC26F-A157-43D5-8F8C-A818D5D3DC93}.Release|Any CPU.ActiveCfg = Release|x86
		{456BC26F-A157-43D5-8F8C-A818D5D3DC93}.Release|Any CPU.Build.0 = Release|x86
		{456BC26F-A157-43D5-8F8C-A818D5D3DC93}.Release|Any CPU.Deploy.0 = Release|x86
		{456BC26F-A157-43D5-8F8C-A818D5D3DC93}.Release|ARM.ActiveCfg = Release|ARM
		{456BC26F-A157-43D5-8F8C-A818D5D3DC93}.Release|ARM.Build.0 = Release|ARM
		{456BC26F-A157-43D5-8F8C-A818D5D3DC93}.Release|ARM.Deploy.0 = Release|ARM
		{456BC26F-A157-43D5-8F8C-A818D5D3DC93}.Release|iPhone.ActiveCfg = Release|x86
		{456BC26F-A157-43D5-8F8C-A818D5D3DC93}.Release|iPhone.Build.0 = Release|x86
		{456BC26F-A157-43D5-8F8C-A818D5D3DC93}.Release|iPhone.Deploy.0 = Release|x86
		{456BC26F-A157-43D5-8F8C-A818D5D3DC93}.Release|iPhoneSimulator.ActiveCfg = Release|x86
		{456BC26F-A157-43D5-8F8C-A818D5D3DC93}.Release|iPhoneSimulator.Build.0 = Release|x86
		{456BC26F-A157-43D5-8F8C-A818D5D3DC93}.Release|iPhoneSimulator.Deploy.0 = Release|x86
		{456BC26F-A157-43D5-8F8C-A818D5D3DC93}.Release|x64.ActiveCfg = Release|x64
		{456BC26F-A157-43D5-8F8C-A818D5D3DC93}.Release|x64.Build.0 = Release|x64
		{456BC26F-A157-43D5-8F8C-A818D5D3DC93}.Release|x64.Deploy.0 = Release|x64
		{456BC26F-A157-43D5-8F8C-A818D5D3DC93}.Release|x86.ActiveCfg = Release|x86
		{456BC26F-A157-43D5-8F8C-A818D5D3DC93}.Release|x86.Build.0 = Release|x86
		{456BC26F-A157-43D5-8F8C-A818D5D3DC93}.Release|x86.Deploy.0 = Release|x86
		{ACC30EE1-41E4-49A8-AC1D-FFA18372DACC}.Ad-Hoc|Any CPU.ActiveCfg = Debug|Any CPU
		{ACC30EE1-41E4-49A8-AC1D-FFA18372DACC}.Ad-Hoc|Any CPU.Build.0 = Debug|Any CPU
		{ACC30EE1-41E4-49A8-AC1D-FFA18372DACC}.Ad-Hoc|Any CPU.Deploy.0 = Debug|Any CPU
		{ACC30EE1-41E4-49A8-AC1D-FFA18372DACC}.Ad-Hoc|ARM.ActiveCfg = Debug|Any CPU
		{ACC30EE1-41E4-49A8-AC1D-FFA18372DACC}.Ad-Hoc|ARM.Build.0 = Debug|Any CPU
		{ACC30EE1-41E4-49A8-AC1D-FFA18372DACC}.Ad-Hoc|ARM.Deploy.0 = Debug|Any CPU
		{ACC30EE1-41E4-49A8-AC1D-FFA18372DACC}.Ad-Hoc|iPhone.ActiveCfg = Debug|Any CPU
		{ACC30EE1-41E4-49A8-AC1D-FFA18372DACC}.Ad-Hoc|iPhone.Build.0 = Debug|Any CPU
		{ACC30EE1-41E4-49A8-AC1D-FFA18372DACC}.Ad-Hoc|iPhone.Deploy.0 = Debug|Any CPU
		{ACC30EE1-41E4-49A8-AC1D-FFA18372DACC}.Ad-Hoc|iPhoneSimulator.ActiveCfg = Debug|Any CPU
		{ACC30EE1-41E4-49A8-AC1D-FFA18372DACC}.Ad-Hoc|iPhoneSimulator.Build.0 = Debug|Any CPU
		{ACC30EE1-41E4-49A8-AC1D-FFA18372DACC}.Ad-Hoc|iPhoneSimulator.Deploy.0 = Debug|Any CPU
		{ACC30EE1-41E4-49A8-AC1D-FFA18372DACC}.Ad-Hoc|x64.ActiveCfg = Debug|Any CPU
		{ACC30EE1-41E4-49A8-AC1D-FFA18372DACC}.Ad-Hoc|x64.Build.0 = Debug|Any CPU
		{ACC30EE1-41E4-49A8-AC1D-FFA18372DACC}.Ad-Hoc|x64.Deploy.0 = Debug|Any CPU
		{ACC30EE1-41E4-49A8-AC1D-FFA18372DACC}.Ad-Hoc|x86.ActiveCfg = Debug|Any CPU
		{ACC30EE1-41E4-49A8-AC1D-FFA18372DACC}.Ad-Hoc|x86.Build.0 = Debug|Any CPU
		{ACC30EE1-41E4-49A8-AC1D-FFA18372DACC}.Ad-Hoc|x86.Deploy.0 = Debug|Any CPU
		{ACC30EE1-41E4-49A8-AC1D-FFA18372DACC}.AppStore|Any CPU.ActiveCfg = Debug|Any CPU
		{ACC30EE1-41E4-49A8-AC1D-FFA18372DACC}.AppStore|Any CPU.Build.0 = Debug|Any CPU
		{ACC30EE1-41E4-49A8-AC1D-FFA18372DACC}.AppStore|Any CPU.Deploy.0 = Debug|Any CPU
		{ACC30EE1-41E4-49A8-AC1D-FFA18372DACC}.AppStore|ARM.ActiveCfg = Debug|Any CPU
		{ACC30EE1-41E4-49A8-AC1D-FFA18372DACC}.AppStore|ARM.Build.0 = Debug|Any CPU
		{ACC30EE1-41E4-49A8-AC1D-FFA18372DACC}.AppStore|ARM.Deploy.0 = Debug|Any CPU
		{ACC30EE1-41E4-49A8-AC1D-FFA18372DACC}.AppStore|iPhone.ActiveCfg = Debug|Any CPU
		{ACC30EE1-41E4-49A8-AC1D-FFA18372DACC}.AppStore|iPhone.Build.0 = Debug|Any CPU
		{ACC30EE1-41E4-49A8-AC1D-FFA18372DACC}.AppStore|iPhone.Deploy.0 = Debug|Any CPU
		{ACC30EE1-41E4-49A8-AC1D-FFA18372DACC}.AppStore|iPhoneSimulator.ActiveCfg = Debug|Any CPU
		{ACC30EE1-41E4-49A8-AC1D-FFA18372DACC}.AppStore|iPhoneSimulator.Build.0 = Debug|Any CPU
		{ACC30EE1-41E4-49A8-AC1D-FFA18372DACC}.AppStore|iPhoneSimulator.Deploy.0 = Debug|Any CPU
		{ACC30EE1-41E4-49A8-AC1D-FFA18372DACC}.AppStore|x64.ActiveCfg = Debug|Any CPU
		{ACC30EE1-41E4-49A8-AC1D-FFA18372DACC}.AppStore|x64.Build.0 = Debug|Any CPU
		{ACC30EE1-41E4-49A8-AC1D-FFA18372DACC}.AppStore|x64.Deploy.0 = Debug|Any CPU
		{ACC30EE1-41E4-49A8-AC1D-FFA18372DACC}.AppStore|x86.ActiveCfg = Debug|Any CPU
		{ACC30EE1-41E4-49A8-AC1D-FFA18372DACC}.AppStore|x86.Build.0 = Debug|Any CPU
		{ACC30EE1-41E4-49A8-AC1D-FFA18372DACC}.AppStore|x86.Deploy.0 = Debug|Any CPU
		{ACC30EE1-41E4-49A8-AC1D-FFA18372DACC}.Debug|Any CPU.ActiveCfg = Debug|Any CPU
		{ACC30EE1-41E4-49A8-AC1D-FFA18372DACC}.Debug|Any CPU.Build.0 = Debug|Any CPU
		{ACC30EE1-41E4-49A8-AC1D-FFA18372DACC}.Debug|Any CPU.Deploy.0 = Debug|Any CPU
		{ACC30EE1-41E4-49A8-AC1D-FFA18372DACC}.Debug|ARM.ActiveCfg = Debug|Any CPU
		{ACC30EE1-41E4-49A8-AC1D-FFA18372DACC}.Debug|ARM.Build.0 = Debug|Any CPU
		{ACC30EE1-41E4-49A8-AC1D-FFA18372DACC}.Debug|ARM.Deploy.0 = Debug|Any CPU
		{ACC30EE1-41E4-49A8-AC1D-FFA18372DACC}.Debug|iPhone.ActiveCfg = Debug|Any CPU
		{ACC30EE1-41E4-49A8-AC1D-FFA18372DACC}.Debug|iPhone.Build.0 = Debug|Any CPU
		{ACC30EE1-41E4-49A8-AC1D-FFA18372DACC}.Debug|iPhone.Deploy.0 = Debug|Any CPU
		{ACC30EE1-41E4-49A8-AC1D-FFA18372DACC}.Debug|iPhoneSimulator.ActiveCfg = Debug|Any CPU
		{ACC30EE1-41E4-49A8-AC1D-FFA18372DACC}.Debug|iPhoneSimulator.Build.0 = Debug|Any CPU
		{ACC30EE1-41E4-49A8-AC1D-FFA18372DACC}.Debug|iPhoneSimulator.Deploy.0 = Debug|Any CPU
		{ACC30EE1-41E4-49A8-AC1D-FFA18372DACC}.Debug|x64.ActiveCfg = Debug|Any CPU
		{ACC30EE1-41E4-49A8-AC1D-FFA18372DACC}.Debug|x64.Build.0 = Debug|Any CPU
		{ACC30EE1-41E4-49A8-AC1D-FFA18372DACC}.Debug|x64.Deploy.0 = Debug|Any CPU
		{ACC30EE1-41E4-49A8-AC1D-FFA18372DACC}.Debug|x86.ActiveCfg = Debug|Any CPU
		{ACC30EE1-41E4-49A8-AC1D-FFA18372DACC}.Debug|x86.Build.0 = Debug|Any CPU
		{ACC30EE1-41E4-49A8-AC1D-FFA18372DACC}.Debug|x86.Deploy.0 = Debug|Any CPU
		{ACC30EE1-41E4-49A8-AC1D-FFA18372DACC}.Release|Any CPU.ActiveCfg = Release|Any CPU
		{ACC30EE1-41E4-49A8-AC1D-FFA18372DACC}.Release|Any CPU.Build.0 = Release|Any CPU
		{ACC30EE1-41E4-49A8-AC1D-FFA18372DACC}.Release|Any CPU.Deploy.0 = Release|Any CPU
		{ACC30EE1-41E4-49A8-AC1D-FFA18372DACC}.Release|ARM.ActiveCfg = Release|Any CPU
		{ACC30EE1-41E4-49A8-AC1D-FFA18372DACC}.Release|ARM.Build.0 = Release|Any CPU
		{ACC30EE1-41E4-49A8-AC1D-FFA18372DACC}.Release|ARM.Deploy.0 = Release|Any CPU
		{ACC30EE1-41E4-49A8-AC1D-FFA18372DACC}.Release|iPhone.ActiveCfg = Release|Any CPU
		{ACC30EE1-41E4-49A8-AC1D-FFA18372DACC}.Release|iPhone.Build.0 = Release|Any CPU
		{ACC30EE1-41E4-49A8-AC1D-FFA18372DACC}.Release|iPhone.Deploy.0 = Release|Any CPU
		{ACC30EE1-41E4-49A8-AC1D-FFA18372DACC}.Release|iPhoneSimulator.ActiveCfg = Release|Any CPU
		{ACC30EE1-41E4-49A8-AC1D-FFA18372DACC}.Release|iPhoneSimulator.Build.0 = Release|Any CPU
		{ACC30EE1-41E4-49A8-AC1D-FFA18372DACC}.Release|iPhoneSimulator.Deploy.0 = Release|Any CPU
		{ACC30EE1-41E4-49A8-AC1D-FFA18372DACC}.Release|x64.ActiveCfg = Release|Any CPU
		{ACC30EE1-41E4-49A8-AC1D-FFA18372DACC}.Release|x64.Build.0 = Release|Any CPU
		{ACC30EE1-41E4-49A8-AC1D-FFA18372DACC}.Release|x64.Deploy.0 = Release|Any CPU
		{ACC30EE1-41E4-49A8-AC1D-FFA18372DACC}.Release|x86.ActiveCfg = Release|Any CPU
		{ACC30EE1-41E4-49A8-AC1D-FFA18372DACC}.Release|x86.Build.0 = Release|Any CPU
		{ACC30EE1-41E4-49A8-AC1D-FFA18372DACC}.Release|x86.Deploy.0 = Release|Any CPU
	EndGlobalSection
	GlobalSection(SolutionProperties) = preSolution
		HideSolutionNode = FALSE
	EndGlobalSection
	GlobalSection(ExtensibilityGlobals) = postSolution
		SolutionGuid = {BB362714-6201-4BB7-AA98-6DD9FF9AC9F4}
	EndGlobalSection
EndGlobal
