
Microsoft Visual Studio Solution File, Format Version 12.00
# Visual Studio 15
VisualStudioVersion = 15.0.28010.2046
MinimumVisualStudioVersion = 10.0.40219.1
Project("{FAE04EC0-301F-11D3-BF4B-00C04F79EFBC}") = "BotaoRedondo.Android", "BotaoRedondo\BotaoRedondo.Android\BotaoRedondo.Android.csproj", "{1A77F184-AFB6-4E75-88FC-359591B479A6}"
EndProject
Project("{FAE04EC0-301F-11D3-BF4B-00C04F79EFBC}") = "BotaoRedondo.iOS", "BotaoRedondo\BotaoRedondo.iOS\BotaoRedondo.iOS.csproj", "{BED7F47D-21F5-4C36-B820-9A0CCAF23D18}"
EndProject
Project("{FAE04EC0-301F-11D3-BF4B-00C04F79EFBC}") = "BotaoRedondo.UWP", "BotaoRedondo\BotaoRedondo.UWP\BotaoRedondo.UWP.csproj", "{6784BA5A-C723-48E9-8CC7-9F6E392A788C}"
EndProject
Project("{D954291E-2A0B-460D-934E-DC6B0785DB48}") = "BotaoRedondo", "BotaoRedondo\BotaoRedondo\BotaoRedondo.shproj", "{21F88E9F-D66A-461F-984D-82628466BB54}"
EndProject
Global
	GlobalSection(SharedMSBuildProjectFiles) = preSolution
		BotaoRedondo\BotaoRedondo\BotaoRedondo.projitems*{1a77f184-afb6-4e75-88fc-359591b479a6}*SharedItemsImports = 4
		BotaoRedondo\BotaoRedondo\BotaoRedondo.projitems*{21f88e9f-d66a-461f-984d-82628466bb54}*SharedItemsImports = 13
		BotaoRedondo\BotaoRedondo\BotaoRedondo.projitems*{6784ba5a-c723-48e9-8cc7-9f6e392a788c}*SharedItemsImports = 4
		BotaoRedondo\BotaoRedondo\BotaoRedondo.projitems*{bed7f47d-21f5-4c36-b820-9a0ccaf23d18}*SharedItemsImports = 4
	EndGlobalSection
	GlobalSection(SolutionConfigurationPlatforms) = preSolution
		Ad-Hoc|Any CPU = Ad-Hoc|Any CPU
		Ad-Hoc|ARM = Ad-Hoc|ARM
		Ad-Hoc|iPhone = Ad-Hoc|iPhone
		Ad-Hoc|iPhoneSimulator = Ad-Hoc|iPhoneSimulator
		Ad-Hoc|x64 = Ad-Hoc|x64
		Ad-Hoc|x86 = Ad-Hoc|x86
		AppStore|Any CPU = AppStore|Any CPU
		AppStore|ARM = AppStore|ARM
		AppStore|iPhone = AppStore|iPhone
		AppStore|iPhoneSimulator = AppStore|iPhoneSimulator
		AppStore|x64 = AppStore|x64
		AppStore|x86 = AppStore|x86
		Debug|Any CPU = Debug|Any CPU
		Debug|ARM = Debug|ARM
		Debug|iPhone = Debug|iPhone
		Debug|iPhoneSimulator = Debug|iPhoneSimulator
		Debug|x64 = Debug|x64
		Debug|x86 = Debug|x86
		Release|Any CPU = Release|Any CPU
		Release|ARM = Release|ARM
		Release|iPhone = Release|iPhone
		Release|iPhoneSimulator = Release|iPhoneSimulator
		Release|x64 = Release|x64
		Release|x86 = Release|x86
	EndGlobalSection
	GlobalSection(ProjectConfigurationPlatforms) = postSolution
		{1A77F184-AFB6-4E75-88FC-359591B479A6}.Ad-Hoc|Any CPU.ActiveCfg = Release|Any CPU
		{1A77F184-AFB6-4E75-88FC-359591B479A6}.Ad-Hoc|Any CPU.Build.0 = Release|Any CPU
		{1A77F184-AFB6-4E75-88FC-359591B479A6}.Ad-Hoc|Any CPU.Deploy.0 = Release|Any CPU
		{1A77F184-AFB6-4E75-88FC-359591B479A6}.Ad-Hoc|ARM.ActiveCfg = Release|Any CPU
		{1A77F184-AFB6-4E75-88FC-359591B479A6}.Ad-Hoc|ARM.Build.0 = Release|Any CPU
		{1A77F184-AFB6-4E75-88FC-359591B479A6}.Ad-Hoc|ARM.Deploy.0 = Release|Any CPU
		{1A77F184-AFB6-4E75-88FC-359591B479A6}.Ad-Hoc|iPhone.ActiveCfg = Release|Any CPU
		{1A77F184-AFB6-4E75-88FC-359591B479A6}.Ad-Hoc|iPhone.Build.0 = Release|Any CPU
		{1A77F184-AFB6-4E75-88FC-359591B479A6}.Ad-Hoc|iPhone.Deploy.0 = Release|Any CPU
		{1A77F184-AFB6-4E75-88FC-359591B479A6}.Ad-Hoc|iPhoneSimulator.ActiveCfg = Release|Any CPU
		{1A77F184-AFB6-4E75-88FC-359591B479A6}.Ad-Hoc|iPhoneSimulator.Build.0 = Release|Any CPU
		{1A77F184-AFB6-4E75-88FC-359591B479A6}.Ad-Hoc|iPhoneSimulator.Deploy.0 = Release|Any CPU
		{1A77F184-AFB6-4E75-88FC-359591B479A6}.Ad-Hoc|x64.ActiveCfg = Release|Any CPU
		{1A77F184-AFB6-4E75-88FC-359591B479A6}.Ad-Hoc|x64.Build.0 = Release|Any CPU
		{1A77F184-AFB6-4E75-88FC-359591B479A6}.Ad-Hoc|x64.Deploy.0 = Release|Any CPU
		{1A77F184-AFB6-4E75-88FC-359591B479A6}.Ad-Hoc|x86.ActiveCfg = Release|Any CPU
		{1A77F184-AFB6-4E75-88FC-359591B479A6}.Ad-Hoc|x86.Build.0 = Release|Any CPU
		{1A77F184-AFB6-4E75-88FC-359591B479A6}.Ad-Hoc|x86.Deploy.0 = Release|Any CPU
		{1A77F184-AFB6-4E75-88FC-359591B479A6}.AppStore|Any CPU.ActiveCfg = Release|Any CPU
		{1A77F184-AFB6-4E75-88FC-359591B479A6}.AppStore|Any CPU.Build.0 = Release|Any CPU
		{1A77F184-AFB6-4E75-88FC-359591B479A6}.AppStore|Any CPU.Deploy.0 = Release|Any CPU
		{1A77F184-AFB6-4E75-88FC-359591B479A6}.AppStore|ARM.ActiveCfg = Release|Any CPU
		{1A77F184-AFB6-4E75-88FC-359591B479A6}.AppStore|ARM.Build.0 = Release|Any CPU
		{1A77F184-AFB6-4E75-88FC-359591B479A6}.AppStore|ARM.Deploy.0 = Release|Any CPU
		{1A77F184-AFB6-4E75-88FC-359591B479A6}.AppStore|iPhone.ActiveCfg = Release|Any CPU
		{1A77F184-AFB6-4E75-88FC-359591B479A6}.AppStore|iPhone.Build.0 = Release|Any CPU
		{1A77F184-AFB6-4E75-88FC-359591B479A6}.AppStore|iPhone.Deploy.0 = Release|Any CPU
		{1A77F184-AFB6-4E75-88FC-359591B479A6}.AppStore|iPhoneSimulator.ActiveCfg = Release|Any CPU
		{1A77F184-AFB6-4E75-88FC-359591B479A6}.AppStore|iPhoneSimulator.Build.0 = Release|Any CPU
		{1A77F184-AFB6-4E75-88FC-359591B479A6}.AppStore|iPhoneSimulator.Deploy.0 = Release|Any CPU
		{1A77F184-AFB6-4E75-88FC-359591B479A6}.AppStore|x64.ActiveCfg = Release|Any CPU
		{1A77F184-AFB6-4E75-88FC-359591B479A6}.AppStore|x64.Build.0 = Release|Any CPU
		{1A77F184-AFB6-4E75-88FC-359591B479A6}.AppStore|x64.Deploy.0 = Release|Any CPU
		{1A77F184-AFB6-4E75-88FC-359591B479A6}.AppStore|x86.ActiveCfg = Release|Any CPU
		{1A77F184-AFB6-4E75-88FC-359591B479A6}.AppStore|x86.Build.0 = Release|Any CPU
		{1A77F184-AFB6-4E75-88FC-359591B479A6}.AppStore|x86.Deploy.0 = Release|Any CPU
		{1A77F184-AFB6-4E75-88FC-359591B479A6}.Debug|Any CPU.ActiveCfg = Debug|Any CPU
		{1A77F184-AFB6-4E75-88FC-359591B479A6}.Debug|Any CPU.Build.0 = Debug|Any CPU
		{1A77F184-AFB6-4E75-88FC-359591B479A6}.Debug|Any CPU.Deploy.0 = Debug|Any CPU
		{1A77F184-AFB6-4E75-88FC-359591B479A6}.Debug|ARM.ActiveCfg = Debug|Any CPU
		{1A77F184-AFB6-4E75-88FC-359591B479A6}.Debug|ARM.Build.0 = Debug|Any CPU
		{1A77F184-AFB6-4E75-88FC-359591B479A6}.Debug|ARM.Deploy.0 = Debug|Any CPU
		{1A77F184-AFB6-4E75-88FC-359591B479A6}.Debug|iPhone.ActiveCfg = Debug|Any CPU
		{1A77F184-AFB6-4E75-88FC-359591B479A6}.Debug|iPhone.Build.0 = Debug|Any CPU
		{1A77F184-AFB6-4E75-88FC-359591B479A6}.Debug|iPhone.Deploy.0 = Debug|Any CPU
		{1A77F184-AFB6-4E75-88FC-359591B479A6}.Debug|iPhoneSimulator.ActiveCfg = Debug|Any CPU
		{1A77F184-AFB6-4E75-88FC-359591B479A6}.Debug|iPhoneSimulator.Build.0 = Debug|Any CPU
		{1A77F184-AFB6-4E75-88FC-359591B479A6}.Debug|iPhoneSimulator.Deploy.0 = Debug|Any CPU
		{1A77F184-AFB6-4E75-88FC-359591B479A6}.Debug|x64.ActiveCfg = Debug|Any CPU
		{1A77F184-AFB6-4E75-88FC-359591B479A6}.Debug|x64.Build.0 = Debug|Any CPU
		{1A77F184-AFB6-4E75-88FC-359591B479A6}.Debug|x64.Deploy.0 = Debug|Any CPU
		{1A77F184-AFB6-4E75-88FC-359591B479A6}.Debug|x86.ActiveCfg = Debug|Any CPU
		{1A77F184-AFB6-4E75-88FC-359591B479A6}.Debug|x86.Build.0 = Debug|Any CPU
		{1A77F184-AFB6-4E75-88FC-359591B479A6}.Debug|x86.Deploy.0 = Debug|Any CPU
		{1A77F184-AFB6-4E75-88FC-359591B479A6}.Release|Any CPU.ActiveCfg = Release|Any CPU
		{1A77F184-AFB6-4E75-88FC-359591B479A6}.Release|Any CPU.Build.0 = Release|Any CPU
		{1A77F184-AFB6-4E75-88FC-359591B479A6}.Release|Any CPU.Deploy.0 = Release|Any CPU
		{1A77F184-AFB6-4E75-88FC-359591B479A6}.Release|ARM.ActiveCfg = Release|Any CPU
		{1A77F184-AFB6-4E75-88FC-359591B479A6}.Release|ARM.Build.0 = Release|Any CPU
		{1A77F184-AFB6-4E75-88FC-359591B479A6}.Release|ARM.Deploy.0 = Release|Any CPU
		{1A77F184-AFB6-4E75-88FC-359591B479A6}.Release|iPhone.ActiveCfg = Release|Any CPU
		{1A77F184-AFB6-4E75-88FC-359591B479A6}.Release|iPhone.Build.0 = Release|Any CPU
		{1A77F184-AFB6-4E75-88FC-359591B479A6}.Release|iPhone.Deploy.0 = Release|Any CPU
		{1A77F184-AFB6-4E75-88FC-359591B479A6}.Release|iPhoneSimulator.ActiveCfg = Release|Any CPU
		{1A77F184-AFB6-4E75-88FC-359591B479A6}.Release|iPhoneSimulator.Build.0 = Release|Any CPU
		{1A77F184-AFB6-4E75-88FC-359591B479A6}.Release|iPhoneSimulator.Deploy.0 = Release|Any CPU
		{1A77F184-AFB6-4E75-88FC-359591B479A6}.Release|x64.ActiveCfg = Release|Any CPU
		{1A77F184-AFB6-4E75-88FC-359591B479A6}.Release|x64.Build.0 = Release|Any CPU
		{1A77F184-AFB6-4E75-88FC-359591B479A6}.Release|x64.Deploy.0 = Release|Any CPU
		{1A77F184-AFB6-4E75-88FC-359591B479A6}.Release|x86.ActiveCfg = Release|Any CPU
		{1A77F184-AFB6-4E75-88FC-359591B479A6}.Release|x86.Build.0 = Release|Any CPU
		{1A77F184-AFB6-4E75-88FC-359591B479A6}.Release|x86.Deploy.0 = Release|Any CPU
		{BED7F47D-21F5-4C36-B820-9A0CCAF23D18}.Ad-Hoc|Any CPU.ActiveCfg = Ad-Hoc|iPhone
		{BED7F47D-21F5-4C36-B820-9A0CCAF23D18}.Ad-Hoc|Any CPU.Build.0 = Ad-Hoc|iPhone
		{BED7F47D-21F5-4C36-B820-9A0CCAF23D18}.Ad-Hoc|Any CPU.Deploy.0 = Ad-Hoc|iPhone
		{BED7F47D-21F5-4C36-B820-9A0CCAF23D18}.Ad-Hoc|ARM.ActiveCfg = Ad-Hoc|iPhone
		{BED7F47D-21F5-4C36-B820-9A0CCAF23D18}.Ad-Hoc|ARM.Build.0 = Ad-Hoc|iPhone
		{BED7F47D-21F5-4C36-B820-9A0CCAF23D18}.Ad-Hoc|ARM.Deploy.0 = Ad-Hoc|iPhone
		{BED7F47D-21F5-4C36-B820-9A0CCAF23D18}.Ad-Hoc|iPhone.ActiveCfg = Ad-Hoc|iPhone
		{BED7F47D-21F5-4C36-B820-9A0CCAF23D18}.Ad-Hoc|iPhone.Build.0 = Ad-Hoc|iPhone
		{BED7F47D-21F5-4C36-B820-9A0CCAF23D18}.Ad-Hoc|iPhone.Deploy.0 = Ad-Hoc|iPhone
		{BED7F47D-21F5-4C36-B820-9A0CCAF23D18}.Ad-Hoc|iPhoneSimulator.ActiveCfg = Ad-Hoc|iPhoneSimulator
		{BED7F47D-21F5-4C36-B820-9A0CCAF23D18}.Ad-Hoc|iPhoneSimulator.Build.0 = Ad-Hoc|iPhoneSimulator
		{BED7F47D-21F5-4C36-B820-9A0CCAF23D18}.Ad-Hoc|iPhoneSimulator.Deploy.0 = Ad-Hoc|iPhoneSimulator
		{BED7F47D-21F5-4C36-B820-9A0CCAF23D18}.Ad-Hoc|x64.ActiveCfg = Ad-Hoc|iPhone
		{BED7F47D-21F5-4C36-B820-9A0CCAF23D18}.Ad-Hoc|x64.Build.0 = Ad-Hoc|iPhone
		{BED7F47D-21F5-4C36-B820-9A0CCAF23D18}.Ad-Hoc|x64.Deploy.0 = Ad-Hoc|iPhone
		{BED7F47D-21F5-4C36-B820-9A0CCAF23D18}.Ad-Hoc|x86.ActiveCfg = Ad-Hoc|iPhone
		{BED7F47D-21F5-4C36-B820-9A0CCAF23D18}.Ad-Hoc|x86.Build.0 = Ad-Hoc|iPhone
		{BED7F47D-21F5-4C36-B820-9A0CCAF23D18}.Ad-Hoc|x86.Deploy.0 = Ad-Hoc|iPhone
		{BED7F47D-21F5-4C36-B820-9A0CCAF23D18}.AppStore|Any CPU.ActiveCfg = AppStore|iPhone
		{BED7F47D-21F5-4C36-B820-9A0CCAF23D18}.AppStore|Any CPU.Build.0 = AppStore|iPhone
		{BED7F47D-21F5-4C36-B820-9A0CCAF23D18}.AppStore|Any CPU.Deploy.0 = AppStore|iPhone
		{BED7F47D-21F5-4C36-B820-9A0CCAF23D18}.AppStore|ARM.ActiveCfg = AppStore|iPhone
		{BED7F47D-21F5-4C36-B820-9A0CCAF23D18}.AppStore|ARM.Build.0 = AppStore|iPhone
		{BED7F47D-21F5-4C36-B820-9A0CCAF23D18}.AppStore|ARM.Deploy.0 = AppStore|iPhone
		{BED7F47D-21F5-4C36-B820-9A0CCAF23D18}.AppStore|iPhone.ActiveCfg = AppStore|iPhone
		{BED7F47D-21F5-4C36-B820-9A0CCAF23D18}.AppStore|iPhone.Build.0 = AppStore|iPhone
		{BED7F47D-21F5-4C36-B820-9A0CCAF23D18}.AppStore|iPhone.Deploy.0 = AppStore|iPhone
		{BED7F47D-21F5-4C36-B820-9A0CCAF23D18}.AppStore|iPhoneSimulator.ActiveCfg = AppStore|iPhoneSimulator
		{BED7F47D-21F5-4C36-B820-9A0CCAF23D18}.AppStore|iPhoneSimulator.Build.0 = AppStore|iPhoneSimulator
		{BED7F47D-21F5-4C36-B820-9A0CCAF23D18}.AppStore|iPhoneSimulator.Deploy.0 = AppStore|iPhoneSimulator
		{BED7F47D-21F5-4C36-B820-9A0CCAF23D18}.AppStore|x64.ActiveCfg = AppStore|iPhone
		{BED7F47D-21F5-4C36-B820-9A0CCAF23D18}.AppStore|x64.Build.0 = AppStore|iPhone
		{BED7F47D-21F5-4C36-B820-9A0CCAF23D18}.AppStore|x64.Deploy.0 = AppStore|iPhone
		{BED7F47D-21F5-4C36-B820-9A0CCAF23D18}.AppStore|x86.ActiveCfg = AppStore|iPhone
		{BED7F47D-21F5-4C36-B820-9A0CCAF23D18}.AppStore|x86.Build.0 = AppStore|iPhone
		{BED7F47D-21F5-4C36-B820-9A0CCAF23D18}.AppStore|x86.Deploy.0 = AppStore|iPhone
		{BED7F47D-21F5-4C36-B820-9A0CCAF23D18}.Debug|Any CPU.ActiveCfg = Debug|iPhoneSimulator
		{BED7F47D-21F5-4C36-B820-9A0CCAF23D18}.Debug|Any CPU.Build.0 = Debug|iPhoneSimulator
		{BED7F47D-21F5-4C36-B820-9A0CCAF23D18}.Debug|Any CPU.Deploy.0 = Debug|iPhoneSimulator
		{BED7F47D-21F5-4C36-B820-9A0CCAF23D18}.Debug|ARM.ActiveCfg = Debug|iPhone
		{BED7F47D-21F5-4C36-B820-9A0CCAF23D18}.Debug|ARM.Build.0 = Debug|iPhone
		{BED7F47D-21F5-4C36-B820-9A0CCAF23D18}.Debug|ARM.Deploy.0 = Debug|iPhone
		{BED7F47D-21F5-4C36-B820-9A0CCAF23D18}.Debug|iPhone.ActiveCfg = Debug|iPhone
		{BED7F47D-21F5-4C36-B820-9A0CCAF23D18}.Debug|iPhone.Build.0 = Debug|iPhone
		{BED7F47D-21F5-4C36-B820-9A0CCAF23D18}.Debug|iPhone.Deploy.0 = Debug|iPhone
		{BED7F47D-21F5-4C36-B820-9A0CCAF23D18}.Debug|iPhoneSimulator.ActiveCfg = Debug|iPhoneSimulator
		{BED7F47D-21F5-4C36-B820-9A0CCAF23D18}.Debug|iPhoneSimulator.Build.0 = Debug|iPhoneSimulator
		{BED7F47D-21F5-4C36-B820-9A0CCAF23D18}.Debug|iPhoneSimulator.Deploy.0 = Debug|iPhoneSimulator
		{BED7F47D-21F5-4C36-B820-9A0CCAF23D18}.Debug|x64.ActiveCfg = Debug|iPhone
		{BED7F47D-21F5-4C36-B820-9A0CCAF23D18}.Debug|x64.Build.0 = Debug|iPhone
		{BED7F47D-21F5-4C36-B820-9A0CCAF23D18}.Debug|x64.Deploy.0 = Debug|iPhone
		{BED7F47D-21F5-4C36-B820-9A0CCAF23D18}.Debug|x86.ActiveCfg = Debug|iPhone
		{BED7F47D-21F5-4C36-B820-9A0CCAF23D18}.Debug|x86.Build.0 = Debug|iPhone
		{BED7F47D-21F5-4C36-B820-9A0CCAF23D18}.Debug|x86.Deploy.0 = Debug|iPhone
		{BED7F47D-21F5-4C36-B820-9A0CCAF23D18}.Release|Any CPU.ActiveCfg = Release|iPhone
		{BED7F47D-21F5-4C36-B820-9A0CCAF23D18}.Release|Any CPU.Build.0 = Release|iPhone
		{BED7F47D-21F5-4C36-B820-9A0CCAF23D18}.Release|Any CPU.Deploy.0 = Release|iPhone
		{BED7F47D-21F5-4C36-B820-9A0CCAF23D18}.Release|ARM.ActiveCfg = Release|iPhone
		{BED7F47D-21F5-4C36-B820-9A0CCAF23D18}.Release|ARM.Build.0 = Release|iPhone
		{BED7F47D-21F5-4C36-B820-9A0CCAF23D18}.Release|ARM.Deploy.0 = Release|iPhone
		{BED7F47D-21F5-4C36-B820-9A0CCAF23D18}.Release|iPhone.ActiveCfg = Release|iPhone
		{BED7F47D-21F5-4C36-B820-9A0CCAF23D18}.Release|iPhone.Build.0 = Release|iPhone
		{BED7F47D-21F5-4C36-B820-9A0CCAF23D18}.Release|iPhone.Deploy.0 = Release|iPhone
		{BED7F47D-21F5-4C36-B820-9A0CCAF23D18}.Release|iPhoneSimulator.ActiveCfg = Release|iPhoneSimulator
		{BED7F47D-21F5-4C36-B820-9A0CCAF23D18}.Release|iPhoneSimulator.Build.0 = Release|iPhoneSimulator
		{BED7F47D-21F5-4C36-B820-9A0CCAF23D18}.Release|iPhoneSimulator.Deploy.0 = Release|iPhoneSimulator
		{BED7F47D-21F5-4C36-B820-9A0CCAF23D18}.Release|x64.ActiveCfg = Release|iPhone
		{BED7F47D-21F5-4C36-B820-9A0CCAF23D18}.Release|x64.Build.0 = Release|iPhone
		{BED7F47D-21F5-4C36-B820-9A0CCAF23D18}.Release|x64.Deploy.0 = Release|iPhone
		{BED7F47D-21F5-4C36-B820-9A0CCAF23D18}.Release|x86.ActiveCfg = Release|iPhone
		{BED7F47D-21F5-4C36-B820-9A0CCAF23D18}.Release|x86.Build.0 = Release|iPhone
		{BED7F47D-21F5-4C36-B820-9A0CCAF23D18}.Release|x86.Deploy.0 = Release|iPhone
		{6784BA5A-C723-48E9-8CC7-9F6E392A788C}.Ad-Hoc|Any CPU.ActiveCfg = Release|x86
		{6784BA5A-C723-48E9-8CC7-9F6E392A788C}.Ad-Hoc|Any CPU.Build.0 = Release|x86
		{6784BA5A-C723-48E9-8CC7-9F6E392A788C}.Ad-Hoc|Any CPU.Deploy.0 = Release|x86
		{6784BA5A-C723-48E9-8CC7-9F6E392A788C}.Ad-Hoc|ARM.ActiveCfg = Release|ARM
		{6784BA5A-C723-48E9-8CC7-9F6E392A788C}.Ad-Hoc|ARM.Build.0 = Release|ARM
		{6784BA5A-C723-48E9-8CC7-9F6E392A788C}.Ad-Hoc|ARM.Deploy.0 = Release|ARM
		{6784BA5A-C723-48E9-8CC7-9F6E392A788C}.Ad-Hoc|iPhone.ActiveCfg = Release|x86
		{6784BA5A-C723-48E9-8CC7-9F6E392A788C}.Ad-Hoc|iPhone.Build.0 = Release|x86
		{6784BA5A-C723-48E9-8CC7-9F6E392A788C}.Ad-Hoc|iPhone.Deploy.0 = Release|x86
		{6784BA5A-C723-48E9-8CC7-9F6E392A788C}.Ad-Hoc|iPhoneSimulator.ActiveCfg = Release|x86
		{6784BA5A-C723-48E9-8CC7-9F6E392A788C}.Ad-Hoc|iPhoneSimulator.Build.0 = Release|x86
		{6784BA5A-C723-48E9-8CC7-9F6E392A788C}.Ad-Hoc|iPhoneSimulator.Deploy.0 = Release|x86
		{6784BA5A-C723-48E9-8CC7-9F6E392A788C}.Ad-Hoc|x64.ActiveCfg = Release|x64
		{6784BA5A-C723-48E9-8CC7-9F6E392A788C}.Ad-Hoc|x64.Build.0 = Release|x64
		{6784BA5A-C723-48E9-8CC7-9F6E392A788C}.Ad-Hoc|x64.Deploy.0 = Release|x64
		{6784BA5A-C723-48E9-8CC7-9F6E392A788C}.Ad-Hoc|x86.ActiveCfg = Release|x86
		{6784BA5A-C723-48E9-8CC7-9F6E392A788C}.Ad-Hoc|x86.Build.0 = Release|x86
		{6784BA5A-C723-48E9-8CC7-9F6E392A788C}.Ad-Hoc|x86.Deploy.0 = Release|x86
		{6784BA5A-C723-48E9-8CC7-9F6E392A788C}.AppStore|Any CPU.ActiveCfg = Release|x86
		{6784BA5A-C723-48E9-8CC7-9F6E392A788C}.AppStore|Any CPU.Build.0 = Release|x86
		{6784BA5A-C723-48E9-8CC7-9F6E392A788C}.AppStore|Any CPU.Deploy.0 = Release|x86
		{6784BA5A-C723-48E9-8CC7-9F6E392A788C}.AppStore|ARM.ActiveCfg = Release|ARM
		{6784BA5A-C723-48E9-8CC7-9F6E392A788C}.AppStore|ARM.Build.0 = Release|ARM
		{6784BA5A-C723-48E9-8CC7-9F6E392A788C}.AppStore|ARM.Deploy.0 = Release|ARM
		{6784BA5A-C723-48E9-8CC7-9F6E392A788C}.AppStore|iPhone.ActiveCfg = Release|x86
		{6784BA5A-C723-48E9-8CC7-9F6E392A788C}.AppStore|iPhone.Build.0 = Release|x86
		{6784BA5A-C723-48E9-8CC7-9F6E392A788C}.AppStore|iPhone.Deploy.0 = Release|x86
		{6784BA5A-C723-48E9-8CC7-9F6E392A788C}.AppStore|iPhoneSimulator.ActiveCfg = Release|x86
		{6784BA5A-C723-48E9-8CC7-9F6E392A788C}.AppStore|iPhoneSimulator.Build.0 = Release|x86
		{6784BA5A-C723-48E9-8CC7-9F6E392A788C}.AppStore|iPhoneSimulator.Deploy.0 = Release|x86
		{6784BA5A-C723-48E9-8CC7-9F6E392A788C}.AppStore|x64.ActiveCfg = Release|x64
		{6784BA5A-C723-48E9-8CC7-9F6E392A788C}.AppStore|x64.Build.0 = Release|x64
		{6784BA5A-C723-48E9-8CC7-9F6E392A788C}.AppStore|x64.Deploy.0 = Release|x64
		{6784BA5A-C723-48E9-8CC7-9F6E392A788C}.AppStore|x86.ActiveCfg = Release|x86
		{6784BA5A-C723-48E9-8CC7-9F6E392A788C}.AppStore|x86.Build.0 = Release|x86
		{6784BA5A-C723-48E9-8CC7-9F6E392A788C}.AppStore|x86.Deploy.0 = Release|x86
		{6784BA5A-C723-48E9-8CC7-9F6E392A788C}.Debug|Any CPU.ActiveCfg = Debug|x86
		{6784BA5A-C723-48E9-8CC7-9F6E392A788C}.Debug|Any CPU.Build.0 = Debug|x86
		{6784BA5A-C723-48E9-8CC7-9F6E392A788C}.Debug|Any CPU.Deploy.0 = Debug|x86
		{6784BA5A-C723-48E9-8CC7-9F6E392A788C}.Debug|ARM.ActiveCfg = Debug|ARM
		{6784BA5A-C723-48E9-8CC7-9F6E392A788C}.Debug|ARM.Build.0 = Debug|ARM
		{6784BA5A-C723-48E9-8CC7-9F6E392A788C}.Debug|ARM.Deploy.0 = Debug|ARM
		{6784BA5A-C723-48E9-8CC7-9F6E392A788C}.Debug|iPhone.ActiveCfg = Debug|x86
		{6784BA5A-C723-48E9-8CC7-9F6E392A788C}.Debug|iPhone.Build.0 = Debug|x86
		{6784BA5A-C723-48E9-8CC7-9F6E392A788C}.Debug|iPhone.Deploy.0 = Debug|x86
		{6784BA5A-C723-48E9-8CC7-9F6E392A788C}.Debug|iPhoneSimulator.ActiveCfg = Debug|x86
		{6784BA5A-C723-48E9-8CC7-9F6E392A788C}.Debug|iPhoneSimulator.Build.0 = Debug|x86
		{6784BA5A-C723-48E9-8CC7-9F6E392A788C}.Debug|iPhoneSimulator.Deploy.0 = Debug|x86
		{6784BA5A-C723-48E9-8CC7-9F6E392A788C}.Debug|x64.ActiveCfg = Debug|x64
		{6784BA5A-C723-48E9-8CC7-9F6E392A788C}.Debug|x64.Build.0 = Debug|x64
		{6784BA5A-C723-48E9-8CC7-9F6E392A788C}.Debug|x64.Deploy.0 = Debug|x64
		{6784BA5A-C723-48E9-8CC7-9F6E392A788C}.Debug|x86.ActiveCfg = Debug|x86
		{6784BA5A-C723-48E9-8CC7-9F6E392A788C}.Debug|x86.Build.0 = Debug|x86
		{6784BA5A-C723-48E9-8CC7-9F6E392A788C}.Debug|x86.Deploy.0 = Debug|x86
		{6784BA5A-C723-48E9-8CC7-9F6E392A788C}.Release|Any CPU.ActiveCfg = Release|x86
		{6784BA5A-C723-48E9-8CC7-9F6E392A788C}.Release|Any CPU.Build.0 = Release|x86
		{6784BA5A-C723-48E9-8CC7-9F6E392A788C}.Release|Any CPU.Deploy.0 = Release|x86
		{6784BA5A-C723-48E9-8CC7-9F6E392A788C}.Release|ARM.ActiveCfg = Release|ARM
		{6784BA5A-C723-48E9-8CC7-9F6E392A788C}.Release|ARM.Build.0 = Release|ARM
		{6784BA5A-C723-48E9-8CC7-9F6E392A788C}.Release|ARM.Deploy.0 = Release|ARM
		{6784BA5A-C723-48E9-8CC7-9F6E392A788C}.Release|iPhone.ActiveCfg = Release|x86
		{6784BA5A-C723-48E9-8CC7-9F6E392A788C}.Release|iPhone.Build.0 = Release|x86
		{6784BA5A-C723-48E9-8CC7-9F6E392A788C}.Release|iPhone.Deploy.0 = Release|x86
		{6784BA5A-C723-48E9-8CC7-9F6E392A788C}.Release|iPhoneSimulator.ActiveCfg = Release|x86
		{6784BA5A-C723-48E9-8CC7-9F6E392A788C}.Release|iPhoneSimulator.Build.0 = Release|x86
		{6784BA5A-C723-48E9-8CC7-9F6E392A788C}.Release|iPhoneSimulator.Deploy.0 = Release|x86
		{6784BA5A-C723-48E9-8CC7-9F6E392A788C}.Release|x64.ActiveCfg = Release|x64
		{6784BA5A-C723-48E9-8CC7-9F6E392A788C}.Release|x64.Build.0 = Release|x64
		{6784BA5A-C723-48E9-8CC7-9F6E392A788C}.Release|x64.Deploy.0 = Release|x64
		{6784BA5A-C723-48E9-8CC7-9F6E392A788C}.Release|x86.ActiveCfg = Release|x86
		{6784BA5A-C723-48E9-8CC7-9F6E392A788C}.Release|x86.Build.0 = Release|x86
		{6784BA5A-C723-48E9-8CC7-9F6E392A788C}.Release|x86.Deploy.0 = Release|x86
	EndGlobalSection
	GlobalSection(SolutionProperties) = preSolution
		HideSolutionNode = FALSE
	EndGlobalSection
	GlobalSection(ExtensibilityGlobals) = postSolution
		SolutionGuid = {1CA63F6B-4842-4A59-B7DC-701D0A23B63F}
	EndGlobalSection
EndGlobal
