
Microsoft Visual Studio Solution File, Format Version 12.00
# Visual Studio 15
VisualStudioVersion = 15.0.28010.2046
MinimumVisualStudioVersion = 10.0.40219.1
Project("{FAE04EC0-301F-11D3-BF4B-00C04F79EFBC}") = "ExemploModalPopup.Android", "ExemploModalPopup\ExemploModalPopup.Android\ExemploModalPopup.Android.csproj", "{656E4F9E-19B1-4BC7-8D3D-89F59A085E61}"
EndProject
Project("{FAE04EC0-301F-11D3-BF4B-00C04F79EFBC}") = "ExemploModalPopup.iOS", "ExemploModalPopup\ExemploModalPopup.iOS\ExemploModalPopup.iOS.csproj", "{B30E0C36-B3DB-4815-B60D-AA1AFEE0A13E}"
EndProject
Project("{FAE04EC0-301F-11D3-BF4B-00C04F79EFBC}") = "ExemploModalPopup.UWP", "ExemploModalPopup\ExemploModalPopup.UWP\ExemploModalPopup.UWP.csproj", "{CA5F5526-DB1E-40AF-9E55-7B18395F676F}"
EndProject
Project("{D954291E-2A0B-460D-934E-DC6B0785DB48}") = "ExemploModalPopup", "ExemploModalPopup\ExemploModalPopup\ExemploModalPopup.shproj", "{3E991005-924A-442B-BBE0-0D40E68AA7E9}"
EndProject
Global
	GlobalSection(SharedMSBuildProjectFiles) = preSolution
		ExemploModalPopup\ExemploModalPopup\ExemploModalPopup.projitems*{3e991005-924a-442b-bbe0-0d40e68aa7e9}*SharedItemsImports = 13
		ExemploModalPopup\ExemploModalPopup\ExemploModalPopup.projitems*{656e4f9e-19b1-4bc7-8d3d-89f59a085e61}*SharedItemsImports = 4
		ExemploModalPopup\ExemploModalPopup\ExemploModalPopup.projitems*{b30e0c36-b3db-4815-b60d-aa1afee0a13e}*SharedItemsImports = 4
		ExemploModalPopup\ExemploModalPopup\ExemploModalPopup.projitems*{ca5f5526-db1e-40af-9e55-7b18395f676f}*SharedItemsImports = 4
	EndGlobalSection
	GlobalSection(SolutionConfigurationPlatforms) = preSolution
		Ad-Hoc|Any CPU = Ad-Hoc|Any CPU
		Ad-Hoc|ARM = Ad-Hoc|ARM
		Ad-Hoc|iPhone = Ad-Hoc|iPhone
		Ad-Hoc|iPhoneSimulator = Ad-Hoc|iPhoneSimulator
		Ad-Hoc|x64 = Ad-Hoc|x64
		Ad-Hoc|x86 = Ad-Hoc|x86
		AppStore|Any CPU = AppStore|Any CPU
		AppStore|ARM = AppStore|ARM
		AppStore|iPhone = AppStore|iPhone
		AppStore|iPhoneSimulator = AppStore|iPhoneSimulator
		AppStore|x64 = AppStore|x64
		AppStore|x86 = AppStore|x86
		Debug|Any CPU = Debug|Any CPU
		Debug|ARM = Debug|ARM
		Debug|iPhone = Debug|iPhone
		Debug|iPhoneSimulator = Debug|iPhoneSimulator
		Debug|x64 = Debug|x64
		Debug|x86 = Debug|x86
		Release|Any CPU = Release|Any CPU
		Release|ARM = Release|ARM
		Release|iPhone = Release|iPhone
		Release|iPhoneSimulator = Release|iPhoneSimulator
		Release|x64 = Release|x64
		Release|x86 = Release|x86
	EndGlobalSection
	GlobalSection(ProjectConfigurationPlatforms) = postSolution
		{656E4F9E-19B1-4BC7-8D3D-89F59A085E61}.Ad-Hoc|Any CPU.ActiveCfg = Release|Any CPU
		{656E4F9E-19B1-4BC7-8D3D-89F59A085E61}.Ad-Hoc|Any CPU.Build.0 = Release|Any CPU
		{656E4F9E-19B1-4BC7-8D3D-89F59A085E61}.Ad-Hoc|Any CPU.Deploy.0 = Release|Any CPU
		{656E4F9E-19B1-4BC7-8D3D-89F59A085E61}.Ad-Hoc|ARM.ActiveCfg = Release|Any CPU
		{656E4F9E-19B1-4BC7-8D3D-89F59A085E61}.Ad-Hoc|ARM.Build.0 = Release|Any CPU
		{656E4F9E-19B1-4BC7-8D3D-89F59A085E61}.Ad-Hoc|ARM.Deploy.0 = Release|Any CPU
		{656E4F9E-19B1-4BC7-8D3D-89F59A085E61}.Ad-Hoc|iPhone.ActiveCfg = Release|Any CPU
		{656E4F9E-19B1-4BC7-8D3D-89F59A085E61}.Ad-Hoc|iPhone.Build.0 = Release|Any CPU
		{656E4F9E-19B1-4BC7-8D3D-89F59A085E61}.Ad-Hoc|iPhone.Deploy.0 = Release|Any CPU
		{656E4F9E-19B1-4BC7-8D3D-89F59A085E61}.Ad-Hoc|iPhoneSimulator.ActiveCfg = Release|Any CPU
		{656E4F9E-19B1-4BC7-8D3D-89F59A085E61}.Ad-Hoc|iPhoneSimulator.Build.0 = Release|Any CPU
		{656E4F9E-19B1-4BC7-8D3D-89F59A085E61}.Ad-Hoc|iPhoneSimulator.Deploy.0 = Release|Any CPU
		{656E4F9E-19B1-4BC7-8D3D-89F59A085E61}.Ad-Hoc|x64.ActiveCfg = Release|Any CPU
		{656E4F9E-19B1-4BC7-8D3D-89F59A085E61}.Ad-Hoc|x64.Build.0 = Release|Any CPU
		{656E4F9E-19B1-4BC7-8D3D-89F59A085E61}.Ad-Hoc|x64.Deploy.0 = Release|Any CPU
		{656E4F9E-19B1-4BC7-8D3D-89F59A085E61}.Ad-Hoc|x86.ActiveCfg = Release|Any CPU
		{656E4F9E-19B1-4BC7-8D3D-89F59A085E61}.Ad-Hoc|x86.Build.0 = Release|Any CPU
		{656E4F9E-19B1-4BC7-8D3D-89F59A085E61}.Ad-Hoc|x86.Deploy.0 = Release|Any CPU
		{656E4F9E-19B1-4BC7-8D3D-89F59A085E61}.AppStore|Any CPU.ActiveCfg = Release|Any CPU
		{656E4F9E-19B1-4BC7-8D3D-89F59A085E61}.AppStore|Any CPU.Build.0 = Release|Any CPU
		{656E4F9E-19B1-4BC7-8D3D-89F59A085E61}.AppStore|Any CPU.Deploy.0 = Release|Any CPU
		{656E4F9E-19B1-4BC7-8D3D-89F59A085E61}.AppStore|ARM.ActiveCfg = Release|Any CPU
		{656E4F9E-19B1-4BC7-8D3D-89F59A085E61}.AppStore|ARM.Build.0 = Release|Any CPU
		{656E4F9E-19B1-4BC7-8D3D-89F59A085E61}.AppStore|ARM.Deploy.0 = Release|Any CPU
		{656E4F9E-19B1-4BC7-8D3D-89F59A085E61}.AppStore|iPhone.ActiveCfg = Release|Any CPU
		{656E4F9E-19B1-4BC7-8D3D-89F59A085E61}.AppStore|iPhone.Build.0 = Release|Any CPU
		{656E4F9E-19B1-4BC7-8D3D-89F59A085E61}.AppStore|iPhone.Deploy.0 = Release|Any CPU
		{656E4F9E-19B1-4BC7-8D3D-89F59A085E61}.AppStore|iPhoneSimulator.ActiveCfg = Release|Any CPU
		{656E4F9E-19B1-4BC7-8D3D-89F59A085E61}.AppStore|iPhoneSimulator.Build.0 = Release|Any CPU
		{656E4F9E-19B1-4BC7-8D3D-89F59A085E61}.AppStore|iPhoneSimulator.Deploy.0 = Release|Any CPU
		{656E4F9E-19B1-4BC7-8D3D-89F59A085E61}.AppStore|x64.ActiveCfg = Release|Any CPU
		{656E4F9E-19B1-4BC7-8D3D-89F59A085E61}.AppStore|x64.Build.0 = Release|Any CPU
		{656E4F9E-19B1-4BC7-8D3D-89F59A085E61}.AppStore|x64.Deploy.0 = Release|Any CPU
		{656E4F9E-19B1-4BC7-8D3D-89F59A085E61}.AppStore|x86.ActiveCfg = Release|Any CPU
		{656E4F9E-19B1-4BC7-8D3D-89F59A085E61}.AppStore|x86.Build.0 = Release|Any CPU
		{656E4F9E-19B1-4BC7-8D3D-89F59A085E61}.AppStore|x86.Deploy.0 = Release|Any CPU
		{656E4F9E-19B1-4BC7-8D3D-89F59A085E61}.Debug|Any CPU.ActiveCfg = Debug|Any CPU
		{656E4F9E-19B1-4BC7-8D3D-89F59A085E61}.Debug|Any CPU.Build.0 = Debug|Any CPU
		{656E4F9E-19B1-4BC7-8D3D-89F59A085E61}.Debug|Any CPU.Deploy.0 = Debug|Any CPU
		{656E4F9E-19B1-4BC7-8D3D-89F59A085E61}.Debug|ARM.ActiveCfg = Debug|Any CPU
		{656E4F9E-19B1-4BC7-8D3D-89F59A085E61}.Debug|ARM.Build.0 = Debug|Any CPU
		{656E4F9E-19B1-4BC7-8D3D-89F59A085E61}.Debug|ARM.Deploy.0 = Debug|Any CPU
		{656E4F9E-19B1-4BC7-8D3D-89F59A085E61}.Debug|iPhone.ActiveCfg = Debug|Any CPU
		{656E4F9E-19B1-4BC7-8D3D-89F59A085E61}.Debug|iPhone.Build.0 = Debug|Any CPU
		{656E4F9E-19B1-4BC7-8D3D-89F59A085E61}.Debug|iPhone.Deploy.0 = Debug|Any CPU
		{656E4F9E-19B1-4BC7-8D3D-89F59A085E61}.Debug|iPhoneSimulator.ActiveCfg = Debug|Any CPU
		{656E4F9E-19B1-4BC7-8D3D-89F59A085E61}.Debug|iPhoneSimulator.Build.0 = Debug|Any CPU
		{656E4F9E-19B1-4BC7-8D3D-89F59A085E61}.Debug|iPhoneSimulator.Deploy.0 = Debug|Any CPU
		{656E4F9E-19B1-4BC7-8D3D-89F59A085E61}.Debug|x64.ActiveCfg = Debug|Any CPU
		{656E4F9E-19B1-4BC7-8D3D-89F59A085E61}.Debug|x64.Build.0 = Debug|Any CPU
		{656E4F9E-19B1-4BC7-8D3D-89F59A085E61}.Debug|x64.Deploy.0 = Debug|Any CPU
		{656E4F9E-19B1-4BC7-8D3D-89F59A085E61}.Debug|x86.ActiveCfg = Debug|Any CPU
		{656E4F9E-19B1-4BC7-8D3D-89F59A085E61}.Debug|x86.Build.0 = Debug|Any CPU
		{656E4F9E-19B1-4BC7-8D3D-89F59A085E61}.Debug|x86.Deploy.0 = Debug|Any CPU
		{656E4F9E-19B1-4BC7-8D3D-89F59A085E61}.Release|Any CPU.ActiveCfg = Release|Any CPU
		{656E4F9E-19B1-4BC7-8D3D-89F59A085E61}.Release|Any CPU.Build.0 = Release|Any CPU
		{656E4F9E-19B1-4BC7-8D3D-89F59A085E61}.Release|Any CPU.Deploy.0 = Release|Any CPU
		{656E4F9E-19B1-4BC7-8D3D-89F59A085E61}.Release|ARM.ActiveCfg = Release|Any CPU
		{656E4F9E-19B1-4BC7-8D3D-89F59A085E61}.Release|ARM.Build.0 = Release|Any CPU
		{656E4F9E-19B1-4BC7-8D3D-89F59A085E61}.Release|ARM.Deploy.0 = Release|Any CPU
		{656E4F9E-19B1-4BC7-8D3D-89F59A085E61}.Release|iPhone.ActiveCfg = Release|Any CPU
		{656E4F9E-19B1-4BC7-8D3D-89F59A085E61}.Release|iPhone.Build.0 = Release|Any CPU
		{656E4F9E-19B1-4BC7-8D3D-89F59A085E61}.Release|iPhone.Deploy.0 = Release|Any CPU
		{656E4F9E-19B1-4BC7-8D3D-89F59A085E61}.Release|iPhoneSimulator.ActiveCfg = Release|Any CPU
		{656E4F9E-19B1-4BC7-8D3D-89F59A085E61}.Release|iPhoneSimulator.Build.0 = Release|Any CPU
		{656E4F9E-19B1-4BC7-8D3D-89F59A085E61}.Release|iPhoneSimulator.Deploy.0 = Release|Any CPU
		{656E4F9E-19B1-4BC7-8D3D-89F59A085E61}.Release|x64.ActiveCfg = Release|Any CPU
		{656E4F9E-19B1-4BC7-8D3D-89F59A085E61}.Release|x64.Build.0 = Release|Any CPU
		{656E4F9E-19B1-4BC7-8D3D-89F59A085E61}.Release|x64.Deploy.0 = Release|Any CPU
		{656E4F9E-19B1-4BC7-8D3D-89F59A085E61}.Release|x86.ActiveCfg = Release|Any CPU
		{656E4F9E-19B1-4BC7-8D3D-89F59A085E61}.Release|x86.Build.0 = Release|Any CPU
		{656E4F9E-19B1-4BC7-8D3D-89F59A085E61}.Release|x86.Deploy.0 = Release|Any CPU
		{B30E0C36-B3DB-4815-B60D-AA1AFEE0A13E}.Ad-Hoc|Any CPU.ActiveCfg = Ad-Hoc|iPhone
		{B30E0C36-B3DB-4815-B60D-AA1AFEE0A13E}.Ad-Hoc|Any CPU.Build.0 = Ad-Hoc|iPhone
		{B30E0C36-B3DB-4815-B60D-AA1AFEE0A13E}.Ad-Hoc|Any CPU.Deploy.0 = Ad-Hoc|iPhone
		{B30E0C36-B3DB-4815-B60D-AA1AFEE0A13E}.Ad-Hoc|ARM.ActiveCfg = Ad-Hoc|iPhone
		{B30E0C36-B3DB-4815-B60D-AA1AFEE0A13E}.Ad-Hoc|ARM.Build.0 = Ad-Hoc|iPhone
		{B30E0C36-B3DB-4815-B60D-AA1AFEE0A13E}.Ad-Hoc|ARM.Deploy.0 = Ad-Hoc|iPhone
		{B30E0C36-B3DB-4815-B60D-AA1AFEE0A13E}.Ad-Hoc|iPhone.ActiveCfg = Ad-Hoc|iPhone
		{B30E0C36-B3DB-4815-B60D-AA1AFEE0A13E}.Ad-Hoc|iPhone.Build.0 = Ad-Hoc|iPhone
		{B30E0C36-B3DB-4815-B60D-AA1AFEE0A13E}.Ad-Hoc|iPhone.Deploy.0 = Ad-Hoc|iPhone
		{B30E0C36-B3DB-4815-B60D-AA1AFEE0A13E}.Ad-Hoc|iPhoneSimulator.ActiveCfg = Ad-Hoc|iPhoneSimulator
		{B30E0C36-B3DB-4815-B60D-AA1AFEE0A13E}.Ad-Hoc|iPhoneSimulator.Build.0 = Ad-Hoc|iPhoneSimulator
		{B30E0C36-B3DB-4815-B60D-AA1AFEE0A13E}.Ad-Hoc|iPhoneSimulator.Deploy.0 = Ad-Hoc|iPhoneSimulator
		{B30E0C36-B3DB-4815-B60D-AA1AFEE0A13E}.Ad-Hoc|x64.ActiveCfg = Ad-Hoc|iPhone
		{B30E0C36-B3DB-4815-B60D-AA1AFEE0A13E}.Ad-Hoc|x64.Build.0 = Ad-Hoc|iPhone
		{B30E0C36-B3DB-4815-B60D-AA1AFEE0A13E}.Ad-Hoc|x64.Deploy.0 = Ad-Hoc|iPhone
		{B30E0C36-B3DB-4815-B60D-AA1AFEE0A13E}.Ad-Hoc|x86.ActiveCfg = Ad-Hoc|iPhone
		{B30E0C36-B3DB-4815-B60D-AA1AFEE0A13E}.Ad-Hoc|x86.Build.0 = Ad-Hoc|iPhone
		{B30E0C36-B3DB-4815-B60D-AA1AFEE0A13E}.Ad-Hoc|x86.Deploy.0 = Ad-Hoc|iPhone
		{B30E0C36-B3DB-4815-B60D-AA1AFEE0A13E}.AppStore|Any CPU.ActiveCfg = AppStore|iPhone
		{B30E0C36-B3DB-4815-B60D-AA1AFEE0A13E}.AppStore|Any CPU.Build.0 = AppStore|iPhone
		{B30E0C36-B3DB-4815-B60D-AA1AFEE0A13E}.AppStore|Any CPU.Deploy.0 = AppStore|iPhone
		{B30E0C36-B3DB-4815-B60D-AA1AFEE0A13E}.AppStore|ARM.ActiveCfg = AppStore|iPhone
		{B30E0C36-B3DB-4815-B60D-AA1AFEE0A13E}.AppStore|ARM.Build.0 = AppStore|iPhone
		{B30E0C36-B3DB-4815-B60D-AA1AFEE0A13E}.AppStore|ARM.Deploy.0 = AppStore|iPhone
		{B30E0C36-B3DB-4815-B60D-AA1AFEE0A13E}.AppStore|iPhone.ActiveCfg = AppStore|iPhone
		{B30E0C36-B3DB-4815-B60D-AA1AFEE0A13E}.AppStore|iPhone.Build.0 = AppStore|iPhone
		{B30E0C36-B3DB-4815-B60D-AA1AFEE0A13E}.AppStore|iPhone.Deploy.0 = AppStore|iPhone
		{B30E0C36-B3DB-4815-B60D-AA1AFEE0A13E}.AppStore|iPhoneSimulator.ActiveCfg = AppStore|iPhoneSimulator
		{B30E0C36-B3DB-4815-B60D-AA1AFEE0A13E}.AppStore|iPhoneSimulator.Build.0 = AppStore|iPhoneSimulator
		{B30E0C36-B3DB-4815-B60D-AA1AFEE0A13E}.AppStore|iPhoneSimulator.Deploy.0 = AppStore|iPhoneSimulator
		{B30E0C36-B3DB-4815-B60D-AA1AFEE0A13E}.AppStore|x64.ActiveCfg = AppStore|iPhone
		{B30E0C36-B3DB-4815-B60D-AA1AFEE0A13E}.AppStore|x64.Build.0 = AppStore|iPhone
		{B30E0C36-B3DB-4815-B60D-AA1AFEE0A13E}.AppStore|x64.Deploy.0 = AppStore|iPhone
		{B30E0C36-B3DB-4815-B60D-AA1AFEE0A13E}.AppStore|x86.ActiveCfg = AppStore|iPhone
		{B30E0C36-B3DB-4815-B60D-AA1AFEE0A13E}.AppStore|x86.Build.0 = AppStore|iPhone
		{B30E0C36-B3DB-4815-B60D-AA1AFEE0A13E}.AppStore|x86.Deploy.0 = AppStore|iPhone
		{B30E0C36-B3DB-4815-B60D-AA1AFEE0A13E}.Debug|Any CPU.ActiveCfg = Debug|iPhoneSimulator
		{B30E0C36-B3DB-4815-B60D-AA1AFEE0A13E}.Debug|Any CPU.Build.0 = Debug|iPhoneSimulator
		{B30E0C36-B3DB-4815-B60D-AA1AFEE0A13E}.Debug|Any CPU.Deploy.0 = Debug|iPhoneSimulator
		{B30E0C36-B3DB-4815-B60D-AA1AFEE0A13E}.Debug|ARM.ActiveCfg = Debug|iPhone
		{B30E0C36-B3DB-4815-B60D-AA1AFEE0A13E}.Debug|ARM.Build.0 = Debug|iPhone
		{B30E0C36-B3DB-4815-B60D-AA1AFEE0A13E}.Debug|ARM.Deploy.0 = Debug|iPhone
		{B30E0C36-B3DB-4815-B60D-AA1AFEE0A13E}.Debug|iPhone.ActiveCfg = Debug|iPhone
		{B30E0C36-B3DB-4815-B60D-AA1AFEE0A13E}.Debug|iPhone.Build.0 = Debug|iPhone
		{B30E0C36-B3DB-4815-B60D-AA1AFEE0A13E}.Debug|iPhone.Deploy.0 = Debug|iPhone
		{B30E0C36-B3DB-4815-B60D-AA1AFEE0A13E}.Debug|iPhoneSimulator.ActiveCfg = Debug|iPhoneSimulator
		{B30E0C36-B3DB-4815-B60D-AA1AFEE0A13E}.Debug|iPhoneSimulator.Build.0 = Debug|iPhoneSimulator
		{B30E0C36-B3DB-4815-B60D-AA1AFEE0A13E}.Debug|iPhoneSimulator.Deploy.0 = Debug|iPhoneSimulator
		{B30E0C36-B3DB-4815-B60D-AA1AFEE0A13E}.Debug|x64.ActiveCfg = Debug|iPhone
		{B30E0C36-B3DB-4815-B60D-AA1AFEE0A13E}.Debug|x64.Build.0 = Debug|iPhone
		{B30E0C36-B3DB-4815-B60D-AA1AFEE0A13E}.Debug|x64.Deploy.0 = Debug|iPhone
		{B30E0C36-B3DB-4815-B60D-AA1AFEE0A13E}.Debug|x86.ActiveCfg = Debug|iPhone
		{B30E0C36-B3DB-4815-B60D-AA1AFEE0A13E}.Debug|x86.Build.0 = Debug|iPhone
		{B30E0C36-B3DB-4815-B60D-AA1AFEE0A13E}.Debug|x86.Deploy.0 = Debug|iPhone
		{B30E0C36-B3DB-4815-B60D-AA1AFEE0A13E}.Release|Any CPU.ActiveCfg = Release|iPhone
		{B30E0C36-B3DB-4815-B60D-AA1AFEE0A13E}.Release|Any CPU.Build.0 = Release|iPhone
		{B30E0C36-B3DB-4815-B60D-AA1AFEE0A13E}.Release|Any CPU.Deploy.0 = Release|iPhone
		{B30E0C36-B3DB-4815-B60D-AA1AFEE0A13E}.Release|ARM.ActiveCfg = Release|iPhone
		{B30E0C36-B3DB-4815-B60D-AA1AFEE0A13E}.Release|ARM.Build.0 = Release|iPhone
		{B30E0C36-B3DB-4815-B60D-AA1AFEE0A13E}.Release|ARM.Deploy.0 = Release|iPhone
		{B30E0C36-B3DB-4815-B60D-AA1AFEE0A13E}.Release|iPhone.ActiveCfg = Release|iPhone
		{B30E0C36-B3DB-4815-B60D-AA1AFEE0A13E}.Release|iPhone.Build.0 = Release|iPhone
		{B30E0C36-B3DB-4815-B60D-AA1AFEE0A13E}.Release|iPhone.Deploy.0 = Release|iPhone
		{B30E0C36-B3DB-4815-B60D-AA1AFEE0A13E}.Release|iPhoneSimulator.ActiveCfg = Release|iPhoneSimulator
		{B30E0C36-B3DB-4815-B60D-AA1AFEE0A13E}.Release|iPhoneSimulator.Build.0 = Release|iPhoneSimulator
		{B30E0C36-B3DB-4815-B60D-AA1AFEE0A13E}.Release|iPhoneSimulator.Deploy.0 = Release|iPhoneSimulator
		{B30E0C36-B3DB-4815-B60D-AA1AFEE0A13E}.Release|x64.ActiveCfg = Release|iPhone
		{B30E0C36-B3DB-4815-B60D-AA1AFEE0A13E}.Release|x64.Build.0 = Release|iPhone
		{B30E0C36-B3DB-4815-B60D-AA1AFEE0A13E}.Release|x64.Deploy.0 = Release|iPhone
		{B30E0C36-B3DB-4815-B60D-AA1AFEE0A13E}.Release|x86.ActiveCfg = Release|iPhone
		{B30E0C36-B3DB-4815-B60D-AA1AFEE0A13E}.Release|x86.Build.0 = Release|iPhone
		{B30E0C36-B3DB-4815-B60D-AA1AFEE0A13E}.Release|x86.Deploy.0 = Release|iPhone
		{CA5F5526-DB1E-40AF-9E55-7B18395F676F}.Ad-Hoc|Any CPU.ActiveCfg = Release|x86
		{CA5F5526-DB1E-40AF-9E55-7B18395F676F}.Ad-Hoc|Any CPU.Build.0 = Release|x86
		{CA5F5526-DB1E-40AF-9E55-7B18395F676F}.Ad-Hoc|Any CPU.Deploy.0 = Release|x86
		{CA5F5526-DB1E-40AF-9E55-7B18395F676F}.Ad-Hoc|ARM.ActiveCfg = Release|ARM
		{CA5F5526-DB1E-40AF-9E55-7B18395F676F}.Ad-Hoc|ARM.Build.0 = Release|ARM
		{CA5F5526-DB1E-40AF-9E55-7B18395F676F}.Ad-Hoc|ARM.Deploy.0 = Release|ARM
		{CA5F5526-DB1E-40AF-9E55-7B18395F676F}.Ad-Hoc|iPhone.ActiveCfg = Release|x86
		{CA5F5526-DB1E-40AF-9E55-7B18395F676F}.Ad-Hoc|iPhone.Build.0 = Release|x86
		{CA5F5526-DB1E-40AF-9E55-7B18395F676F}.Ad-Hoc|iPhone.Deploy.0 = Release|x86
		{CA5F5526-DB1E-40AF-9E55-7B18395F676F}.Ad-Hoc|iPhoneSimulator.ActiveCfg = Release|x86
		{CA5F5526-DB1E-40AF-9E55-7B18395F676F}.Ad-Hoc|iPhoneSimulator.Build.0 = Release|x86
		{CA5F5526-DB1E-40AF-9E55-7B18395F676F}.Ad-Hoc|iPhoneSimulator.Deploy.0 = Release|x86
		{CA5F5526-DB1E-40AF-9E55-7B18395F676F}.Ad-Hoc|x64.ActiveCfg = Release|x64
		{CA5F5526-DB1E-40AF-9E55-7B18395F676F}.Ad-Hoc|x64.Build.0 = Release|x64
		{CA5F5526-DB1E-40AF-9E55-7B18395F676F}.Ad-Hoc|x64.Deploy.0 = Release|x64
		{CA5F5526-DB1E-40AF-9E55-7B18395F676F}.Ad-Hoc|x86.ActiveCfg = Release|x86
		{CA5F5526-DB1E-40AF-9E55-7B18395F676F}.Ad-Hoc|x86.Build.0 = Release|x86
		{CA5F5526-DB1E-40AF-9E55-7B18395F676F}.Ad-Hoc|x86.Deploy.0 = Release|x86
		{CA5F5526-DB1E-40AF-9E55-7B18395F676F}.AppStore|Any CPU.ActiveCfg = Release|x86
		{CA5F5526-DB1E-40AF-9E55-7B18395F676F}.AppStore|Any CPU.Build.0 = Release|x86
		{CA5F5526-DB1E-40AF-9E55-7B18395F676F}.AppStore|Any CPU.Deploy.0 = Release|x86
		{CA5F5526-DB1E-40AF-9E55-7B18395F676F}.AppStore|ARM.ActiveCfg = Release|ARM
		{CA5F5526-DB1E-40AF-9E55-7B18395F676F}.AppStore|ARM.Build.0 = Release|ARM
		{CA5F5526-DB1E-40AF-9E55-7B18395F676F}.AppStore|ARM.Deploy.0 = Release|ARM
		{CA5F5526-DB1E-40AF-9E55-7B18395F676F}.AppStore|iPhone.ActiveCfg = Release|x86
		{CA5F5526-DB1E-40AF-9E55-7B18395F676F}.AppStore|iPhone.Build.0 = Release|x86
		{CA5F5526-DB1E-40AF-9E55-7B18395F676F}.AppStore|iPhone.Deploy.0 = Release|x86
		{CA5F5526-DB1E-40AF-9E55-7B18395F676F}.AppStore|iPhoneSimulator.ActiveCfg = Release|x86
		{CA5F5526-DB1E-40AF-9E55-7B18395F676F}.AppStore|iPhoneSimulator.Build.0 = Release|x86
		{CA5F5526-DB1E-40AF-9E55-7B18395F676F}.AppStore|iPhoneSimulator.Deploy.0 = Release|x86
		{CA5F5526-DB1E-40AF-9E55-7B18395F676F}.AppStore|x64.ActiveCfg = Release|x64
		{CA5F5526-DB1E-40AF-9E55-7B18395F676F}.AppStore|x64.Build.0 = Release|x64
		{CA5F5526-DB1E-40AF-9E55-7B18395F676F}.AppStore|x64.Deploy.0 = Release|x64
		{CA5F5526-DB1E-40AF-9E55-7B18395F676F}.AppStore|x86.ActiveCfg = Release|x86
		{CA5F5526-DB1E-40AF-9E55-7B18395F676F}.AppStore|x86.Build.0 = Release|x86
		{CA5F5526-DB1E-40AF-9E55-7B18395F676F}.AppStore|x86.Deploy.0 = Release|x86
		{CA5F5526-DB1E-40AF-9E55-7B18395F676F}.Debug|Any CPU.ActiveCfg = Debug|x86
		{CA5F5526-DB1E-40AF-9E55-7B18395F676F}.Debug|Any CPU.Build.0 = Debug|x86
		{CA5F5526-DB1E-40AF-9E55-7B18395F676F}.Debug|Any CPU.Deploy.0 = Debug|x86
		{CA5F5526-DB1E-40AF-9E55-7B18395F676F}.Debug|ARM.ActiveCfg = Debug|ARM
		{CA5F5526-DB1E-40AF-9E55-7B18395F676F}.Debug|ARM.Build.0 = Debug|ARM
		{CA5F5526-DB1E-40AF-9E55-7B18395F676F}.Debug|ARM.Deploy.0 = Debug|ARM
		{CA5F5526-DB1E-40AF-9E55-7B18395F676F}.Debug|iPhone.ActiveCfg = Debug|x86
		{CA5F5526-DB1E-40AF-9E55-7B18395F676F}.Debug|iPhone.Build.0 = Debug|x86
		{CA5F5526-DB1E-40AF-9E55-7B18395F676F}.Debug|iPhone.Deploy.0 = Debug|x86
		{CA5F5526-DB1E-40AF-9E55-7B18395F676F}.Debug|iPhoneSimulator.ActiveCfg = Debug|x86
		{CA5F5526-DB1E-40AF-9E55-7B18395F676F}.Debug|iPhoneSimulator.Build.0 = Debug|x86
		{CA5F5526-DB1E-40AF-9E55-7B18395F676F}.Debug|iPhoneSimulator.Deploy.0 = Debug|x86
		{CA5F5526-DB1E-40AF-9E55-7B18395F676F}.Debug|x64.ActiveCfg = Debug|x64
		{CA5F5526-DB1E-40AF-9E55-7B18395F676F}.Debug|x64.Build.0 = Debug|x64
		{CA5F5526-DB1E-40AF-9E55-7B18395F676F}.Debug|x64.Deploy.0 = Debug|x64
		{CA5F5526-DB1E-40AF-9E55-7B18395F676F}.Debug|x86.ActiveCfg = Debug|x86
		{CA5F5526-DB1E-40AF-9E55-7B18395F676F}.Debug|x86.Build.0 = Debug|x86
		{CA5F5526-DB1E-40AF-9E55-7B18395F676F}.Debug|x86.Deploy.0 = Debug|x86
		{CA5F5526-DB1E-40AF-9E55-7B18395F676F}.Release|Any CPU.ActiveCfg = Release|x86
		{CA5F5526-DB1E-40AF-9E55-7B18395F676F}.Release|Any CPU.Build.0 = Release|x86
		{CA5F5526-DB1E-40AF-9E55-7B18395F676F}.Release|Any CPU.Deploy.0 = Release|x86
		{CA5F5526-DB1E-40AF-9E55-7B18395F676F}.Release|ARM.ActiveCfg = Release|ARM
		{CA5F5526-DB1E-40AF-9E55-7B18395F676F}.Release|ARM.Build.0 = Release|ARM
		{CA5F5526-DB1E-40AF-9E55-7B18395F676F}.Release|ARM.Deploy.0 = Release|ARM
		{CA5F5526-DB1E-40AF-9E55-7B18395F676F}.Release|iPhone.ActiveCfg = Release|x86
		{CA5F5526-DB1E-40AF-9E55-7B18395F676F}.Release|iPhone.Build.0 = Release|x86
		{CA5F5526-DB1E-40AF-9E55-7B18395F676F}.Release|iPhone.Deploy.0 = Release|x86
		{CA5F5526-DB1E-40AF-9E55-7B18395F676F}.Release|iPhoneSimulator.ActiveCfg = Release|x86
		{CA5F5526-DB1E-40AF-9E55-7B18395F676F}.Release|iPhoneSimulator.Build.0 = Release|x86
		{CA5F5526-DB1E-40AF-9E55-7B18395F676F}.Release|iPhoneSimulator.Deploy.0 = Release|x86
		{CA5F5526-DB1E-40AF-9E55-7B18395F676F}.Release|x64.ActiveCfg = Release|x64
		{CA5F5526-DB1E-40AF-9E55-7B18395F676F}.Release|x64.Build.0 = Release|x64
		{CA5F5526-DB1E-40AF-9E55-7B18395F676F}.Release|x64.Deploy.0 = Release|x64
		{CA5F5526-DB1E-40AF-9E55-7B18395F676F}.Release|x86.ActiveCfg = Release|x86
		{CA5F5526-DB1E-40AF-9E55-7B18395F676F}.Release|x86.Build.0 = Release|x86
		{CA5F5526-DB1E-40AF-9E55-7B18395F676F}.Release|x86.Deploy.0 = Release|x86
	EndGlobalSection
	GlobalSection(SolutionProperties) = preSolution
		HideSolutionNode = FALSE
	EndGlobalSection
	GlobalSection(ExtensibilityGlobals) = postSolution
		SolutionGuid = {C1A5E913-A4CD-44D3-8BA9-B2E1AC56619C}
	EndGlobalSection
EndGlobal
