
Microsoft Visual Studio Solution File, Format Version 12.00
# Visual Studio 15
VisualStudioVersion = 15.0.28010.2046
MinimumVisualStudioVersion = 10.0.40219.1
Project("{FAE04EC0-301F-11D3-BF4B-00C04F79EFBC}") = "ConstruirMenuSimples.Android", "ConstruirMenuSimples\ConstruirMenuSimples.Android\ConstruirMenuSimples.Android.csproj", "{B52EC08D-CD7B-4950-8698-07EF960BCC91}"
EndProject
Project("{FAE04EC0-301F-11D3-BF4B-00C04F79EFBC}") = "ConstruirMenuSimples.iOS", "ConstruirMenuSimples\ConstruirMenuSimples.iOS\ConstruirMenuSimples.iOS.csproj", "{45603EF9-BB90-411A-8DE2-309478C591EC}"
EndProject
Project("{FAE04EC0-301F-11D3-BF4B-00C04F79EFBC}") = "ConstruirMenuSimples.UWP", "ConstruirMenuSimples\ConstruirMenuSimples.UWP\ConstruirMenuSimples.UWP.csproj", "{B40EDD8A-7861-4C9C-B61F-FE189934BC3A}"
EndProject
Project("{D954291E-2A0B-460D-934E-DC6B0785DB48}") = "ConstruirMenuSimples", "ConstruirMenuSimples\ConstruirMenuSimples\ConstruirMenuSimples.shproj", "{27C79320-061E-4DC5-B6C2-0792870DD39C}"
EndProject
Global
	GlobalSection(SharedMSBuildProjectFiles) = preSolution
		ConstruirMenuSimples\ConstruirMenuSimples\ConstruirMenuSimples.projitems*{27c79320-061e-4dc5-b6c2-0792870dd39c}*SharedItemsImports = 13
		ConstruirMenuSimples\ConstruirMenuSimples\ConstruirMenuSimples.projitems*{45603ef9-bb90-411a-8de2-309478c591ec}*SharedItemsImports = 4
		ConstruirMenuSimples\ConstruirMenuSimples\ConstruirMenuSimples.projitems*{b40edd8a-7861-4c9c-b61f-fe189934bc3a}*SharedItemsImports = 4
		ConstruirMenuSimples\ConstruirMenuSimples\ConstruirMenuSimples.projitems*{b52ec08d-cd7b-4950-8698-07ef960bcc91}*SharedItemsImports = 4
	EndGlobalSection
	GlobalSection(SolutionConfigurationPlatforms) = preSolution
		Ad-Hoc|Any CPU = Ad-Hoc|Any CPU
		Ad-Hoc|ARM = Ad-Hoc|ARM
		Ad-Hoc|iPhone = Ad-Hoc|iPhone
		Ad-Hoc|iPhoneSimulator = Ad-Hoc|iPhoneSimulator
		Ad-Hoc|x64 = Ad-Hoc|x64
		Ad-Hoc|x86 = Ad-Hoc|x86
		AppStore|Any CPU = AppStore|Any CPU
		AppStore|ARM = AppStore|ARM
		AppStore|iPhone = AppStore|iPhone
		AppStore|iPhoneSimulator = AppStore|iPhoneSimulator
		AppStore|x64 = AppStore|x64
		AppStore|x86 = AppStore|x86
		Debug|Any CPU = Debug|Any CPU
		Debug|ARM = Debug|ARM
		Debug|iPhone = Debug|iPhone
		Debug|iPhoneSimulator = Debug|iPhoneSimulator
		Debug|x64 = Debug|x64
		Debug|x86 = Debug|x86
		Release|Any CPU = Release|Any CPU
		Release|ARM = Release|ARM
		Release|iPhone = Release|iPhone
		Release|iPhoneSimulator = Release|iPhoneSimulator
		Release|x64 = Release|x64
		Release|x86 = Release|x86
	EndGlobalSection
	GlobalSection(ProjectConfigurationPlatforms) = postSolution
		{B52EC08D-CD7B-4950-8698-07EF960BCC91}.Ad-Hoc|Any CPU.ActiveCfg = Release|Any CPU
		{B52EC08D-CD7B-4950-8698-07EF960BCC91}.Ad-Hoc|Any CPU.Build.0 = Release|Any CPU
		{B52EC08D-CD7B-4950-8698-07EF960BCC91}.Ad-Hoc|Any CPU.Deploy.0 = Release|Any CPU
		{B52EC08D-CD7B-4950-8698-07EF960BCC91}.Ad-Hoc|ARM.ActiveCfg = Release|Any CPU
		{B52EC08D-CD7B-4950-8698-07EF960BCC91}.Ad-Hoc|ARM.Build.0 = Release|Any CPU
		{B52EC08D-CD7B-4950-8698-07EF960BCC91}.Ad-Hoc|ARM.Deploy.0 = Release|Any CPU
		{B52EC08D-CD7B-4950-8698-07EF960BCC91}.Ad-Hoc|iPhone.ActiveCfg = Release|Any CPU
		{B52EC08D-CD7B-4950-8698-07EF960BCC91}.Ad-Hoc|iPhone.Build.0 = Release|Any CPU
		{B52EC08D-CD7B-4950-8698-07EF960BCC91}.Ad-Hoc|iPhone.Deploy.0 = Release|Any CPU
		{B52EC08D-CD7B-4950-8698-07EF960BCC91}.Ad-Hoc|iPhoneSimulator.ActiveCfg = Release|Any CPU
		{B52EC08D-CD7B-4950-8698-07EF960BCC91}.Ad-Hoc|iPhoneSimulator.Build.0 = Release|Any CPU
		{B52EC08D-CD7B-4950-8698-07EF960BCC91}.Ad-Hoc|iPhoneSimulator.Deploy.0 = Release|Any CPU
		{B52EC08D-CD7B-4950-8698-07EF960BCC91}.Ad-Hoc|x64.ActiveCfg = Release|Any CPU
		{B52EC08D-CD7B-4950-8698-07EF960BCC91}.Ad-Hoc|x64.Build.0 = Release|Any CPU
		{B52EC08D-CD7B-4950-8698-07EF960BCC91}.Ad-Hoc|x64.Deploy.0 = Release|Any CPU
		{B52EC08D-CD7B-4950-8698-07EF960BCC91}.Ad-Hoc|x86.ActiveCfg = Release|Any CPU
		{B52EC08D-CD7B-4950-8698-07EF960BCC91}.Ad-Hoc|x86.Build.0 = Release|Any CPU
		{B52EC08D-CD7B-4950-8698-07EF960BCC91}.Ad-Hoc|x86.Deploy.0 = Release|Any CPU
		{B52EC08D-CD7B-4950-8698-07EF960BCC91}.AppStore|Any CPU.ActiveCfg = Release|Any CPU
		{B52EC08D-CD7B-4950-8698-07EF960BCC91}.AppStore|Any CPU.Build.0 = Release|Any CPU
		{B52EC08D-CD7B-4950-8698-07EF960BCC91}.AppStore|Any CPU.Deploy.0 = Release|Any CPU
		{B52EC08D-CD7B-4950-8698-07EF960BCC91}.AppStore|ARM.ActiveCfg = Release|Any CPU
		{B52EC08D-CD7B-4950-8698-07EF960BCC91}.AppStore|ARM.Build.0 = Release|Any CPU
		{B52EC08D-CD7B-4950-8698-07EF960BCC91}.AppStore|ARM.Deploy.0 = Release|Any CPU
		{B52EC08D-CD7B-4950-8698-07EF960BCC91}.AppStore|iPhone.ActiveCfg = Release|Any CPU
		{B52EC08D-CD7B-4950-8698-07EF960BCC91}.AppStore|iPhone.Build.0 = Release|Any CPU
		{B52EC08D-CD7B-4950-8698-07EF960BCC91}.AppStore|iPhone.Deploy.0 = Release|Any CPU
		{B52EC08D-CD7B-4950-8698-07EF960BCC91}.AppStore|iPhoneSimulator.ActiveCfg = Release|Any CPU
		{B52EC08D-CD7B-4950-8698-07EF960BCC91}.AppStore|iPhoneSimulator.Build.0 = Release|Any CPU
		{B52EC08D-CD7B-4950-8698-07EF960BCC91}.AppStore|iPhoneSimulator.Deploy.0 = Release|Any CPU
		{B52EC08D-CD7B-4950-8698-07EF960BCC91}.AppStore|x64.ActiveCfg = Release|Any CPU
		{B52EC08D-CD7B-4950-8698-07EF960BCC91}.AppStore|x64.Build.0 = Release|Any CPU
		{B52EC08D-CD7B-4950-8698-07EF960BCC91}.AppStore|x64.Deploy.0 = Release|Any CPU
		{B52EC08D-CD7B-4950-8698-07EF960BCC91}.AppStore|x86.ActiveCfg = Release|Any CPU
		{B52EC08D-CD7B-4950-8698-07EF960BCC91}.AppStore|x86.Build.0 = Release|Any CPU
		{B52EC08D-CD7B-4950-8698-07EF960BCC91}.AppStore|x86.Deploy.0 = Release|Any CPU
		{B52EC08D-CD7B-4950-8698-07EF960BCC91}.Debug|Any CPU.ActiveCfg = Debug|Any CPU
		{B52EC08D-CD7B-4950-8698-07EF960BCC91}.Debug|Any CPU.Build.0 = Debug|Any CPU
		{B52EC08D-CD7B-4950-8698-07EF960BCC91}.Debug|Any CPU.Deploy.0 = Debug|Any CPU
		{B52EC08D-CD7B-4950-8698-07EF960BCC91}.Debug|ARM.ActiveCfg = Debug|Any CPU
		{B52EC08D-CD7B-4950-8698-07EF960BCC91}.Debug|ARM.Build.0 = Debug|Any CPU
		{B52EC08D-CD7B-4950-8698-07EF960BCC91}.Debug|ARM.Deploy.0 = Debug|Any CPU
		{B52EC08D-CD7B-4950-8698-07EF960BCC91}.Debug|iPhone.ActiveCfg = Debug|Any CPU
		{B52EC08D-CD7B-4950-8698-07EF960BCC91}.Debug|iPhone.Build.0 = Debug|Any CPU
		{B52EC08D-CD7B-4950-8698-07EF960BCC91}.Debug|iPhone.Deploy.0 = Debug|Any CPU
		{B52EC08D-CD7B-4950-8698-07EF960BCC91}.Debug|iPhoneSimulator.ActiveCfg = Debug|Any CPU
		{B52EC08D-CD7B-4950-8698-07EF960BCC91}.Debug|iPhoneSimulator.Build.0 = Debug|Any CPU
		{B52EC08D-CD7B-4950-8698-07EF960BCC91}.Debug|iPhoneSimulator.Deploy.0 = Debug|Any CPU
		{B52EC08D-CD7B-4950-8698-07EF960BCC91}.Debug|x64.ActiveCfg = Debug|Any CPU
		{B52EC08D-CD7B-4950-8698-07EF960BCC91}.Debug|x64.Build.0 = Debug|Any CPU
		{B52EC08D-CD7B-4950-8698-07EF960BCC91}.Debug|x64.Deploy.0 = Debug|Any CPU
		{B52EC08D-CD7B-4950-8698-07EF960BCC91}.Debug|x86.ActiveCfg = Debug|Any CPU
		{B52EC08D-CD7B-4950-8698-07EF960BCC91}.Debug|x86.Build.0 = Debug|Any CPU
		{B52EC08D-CD7B-4950-8698-07EF960BCC91}.Debug|x86.Deploy.0 = Debug|Any CPU
		{B52EC08D-CD7B-4950-8698-07EF960BCC91}.Release|Any CPU.ActiveCfg = Release|Any CPU
		{B52EC08D-CD7B-4950-8698-07EF960BCC91}.Release|Any CPU.Build.0 = Release|Any CPU
		{B52EC08D-CD7B-4950-8698-07EF960BCC91}.Release|Any CPU.Deploy.0 = Release|Any CPU
		{B52EC08D-CD7B-4950-8698-07EF960BCC91}.Release|ARM.ActiveCfg = Release|Any CPU
		{B52EC08D-CD7B-4950-8698-07EF960BCC91}.Release|ARM.Build.0 = Release|Any CPU
		{B52EC08D-CD7B-4950-8698-07EF960BCC91}.Release|ARM.Deploy.0 = Release|Any CPU
		{B52EC08D-CD7B-4950-8698-07EF960BCC91}.Release|iPhone.ActiveCfg = Release|Any CPU
		{B52EC08D-CD7B-4950-8698-07EF960BCC91}.Release|iPhone.Build.0 = Release|Any CPU
		{B52EC08D-CD7B-4950-8698-07EF960BCC91}.Release|iPhone.Deploy.0 = Release|Any CPU
		{B52EC08D-CD7B-4950-8698-07EF960BCC91}.Release|iPhoneSimulator.ActiveCfg = Release|Any CPU
		{B52EC08D-CD7B-4950-8698-07EF960BCC91}.Release|iPhoneSimulator.Build.0 = Release|Any CPU
		{B52EC08D-CD7B-4950-8698-07EF960BCC91}.Release|iPhoneSimulator.Deploy.0 = Release|Any CPU
		{B52EC08D-CD7B-4950-8698-07EF960BCC91}.Release|x64.ActiveCfg = Release|Any CPU
		{B52EC08D-CD7B-4950-8698-07EF960BCC91}.Release|x64.Build.0 = Release|Any CPU
		{B52EC08D-CD7B-4950-8698-07EF960BCC91}.Release|x64.Deploy.0 = Release|Any CPU
		{B52EC08D-CD7B-4950-8698-07EF960BCC91}.Release|x86.ActiveCfg = Release|Any CPU
		{B52EC08D-CD7B-4950-8698-07EF960BCC91}.Release|x86.Build.0 = Release|Any CPU
		{B52EC08D-CD7B-4950-8698-07EF960BCC91}.Release|x86.Deploy.0 = Release|Any CPU
		{45603EF9-BB90-411A-8DE2-309478C591EC}.Ad-Hoc|Any CPU.ActiveCfg = Ad-Hoc|iPhone
		{45603EF9-BB90-411A-8DE2-309478C591EC}.Ad-Hoc|Any CPU.Build.0 = Ad-Hoc|iPhone
		{45603EF9-BB90-411A-8DE2-309478C591EC}.Ad-Hoc|Any CPU.Deploy.0 = Ad-Hoc|iPhone
		{45603EF9-BB90-411A-8DE2-309478C591EC}.Ad-Hoc|ARM.ActiveCfg = Ad-Hoc|iPhone
		{45603EF9-BB90-411A-8DE2-309478C591EC}.Ad-Hoc|ARM.Build.0 = Ad-Hoc|iPhone
		{45603EF9-BB90-411A-8DE2-309478C591EC}.Ad-Hoc|ARM.Deploy.0 = Ad-Hoc|iPhone
		{45603EF9-BB90-411A-8DE2-309478C591EC}.Ad-Hoc|iPhone.ActiveCfg = Ad-Hoc|iPhone
		{45603EF9-BB90-411A-8DE2-309478C591EC}.Ad-Hoc|iPhone.Build.0 = Ad-Hoc|iPhone
		{45603EF9-BB90-411A-8DE2-309478C591EC}.Ad-Hoc|iPhone.Deploy.0 = Ad-Hoc|iPhone
		{45603EF9-BB90-411A-8DE2-309478C591EC}.Ad-Hoc|iPhoneSimulator.ActiveCfg = Ad-Hoc|iPhoneSimulator
		{45603EF9-BB90-411A-8DE2-309478C591EC}.Ad-Hoc|iPhoneSimulator.Build.0 = Ad-Hoc|iPhoneSimulator
		{45603EF9-BB90-411A-8DE2-309478C591EC}.Ad-Hoc|iPhoneSimulator.Deploy.0 = Ad-Hoc|iPhoneSimulator
		{45603EF9-BB90-411A-8DE2-309478C591EC}.Ad-Hoc|x64.ActiveCfg = Ad-Hoc|iPhone
		{45603EF9-BB90-411A-8DE2-309478C591EC}.Ad-Hoc|x64.Build.0 = Ad-Hoc|iPhone
		{45603EF9-BB90-411A-8DE2-309478C591EC}.Ad-Hoc|x64.Deploy.0 = Ad-Hoc|iPhone
		{45603EF9-BB90-411A-8DE2-309478C591EC}.Ad-Hoc|x86.ActiveCfg = Ad-Hoc|iPhone
		{45603EF9-BB90-411A-8DE2-309478C591EC}.Ad-Hoc|x86.Build.0 = Ad-Hoc|iPhone
		{45603EF9-BB90-411A-8DE2-309478C591EC}.Ad-Hoc|x86.Deploy.0 = Ad-Hoc|iPhone
		{45603EF9-BB90-411A-8DE2-309478C591EC}.AppStore|Any CPU.ActiveCfg = AppStore|iPhone
		{45603EF9-BB90-411A-8DE2-309478C591EC}.AppStore|Any CPU.Build.0 = AppStore|iPhone
		{45603EF9-BB90-411A-8DE2-309478C591EC}.AppStore|Any CPU.Deploy.0 = AppStore|iPhone
		{45603EF9-BB90-411A-8DE2-309478C591EC}.AppStore|ARM.ActiveCfg = AppStore|iPhone
		{45603EF9-BB90-411A-8DE2-309478C591EC}.AppStore|ARM.Build.0 = AppStore|iPhone
		{45603EF9-BB90-411A-8DE2-309478C591EC}.AppStore|ARM.Deploy.0 = AppStore|iPhone
		{45603EF9-BB90-411A-8DE2-309478C591EC}.AppStore|iPhone.ActiveCfg = AppStore|iPhone
		{45603EF9-BB90-411A-8DE2-309478C591EC}.AppStore|iPhone.Build.0 = AppStore|iPhone
		{45603EF9-BB90-411A-8DE2-309478C591EC}.AppStore|iPhone.Deploy.0 = AppStore|iPhone
		{45603EF9-BB90-411A-8DE2-309478C591EC}.AppStore|iPhoneSimulator.ActiveCfg = AppStore|iPhoneSimulator
		{45603EF9-BB90-411A-8DE2-309478C591EC}.AppStore|iPhoneSimulator.Build.0 = AppStore|iPhoneSimulator
		{45603EF9-BB90-411A-8DE2-309478C591EC}.AppStore|iPhoneSimulator.Deploy.0 = AppStore|iPhoneSimulator
		{45603EF9-BB90-411A-8DE2-309478C591EC}.AppStore|x64.ActiveCfg = AppStore|iPhone
		{45603EF9-BB90-411A-8DE2-309478C591EC}.AppStore|x64.Build.0 = AppStore|iPhone
		{45603EF9-BB90-411A-8DE2-309478C591EC}.AppStore|x64.Deploy.0 = AppStore|iPhone
		{45603EF9-BB90-411A-8DE2-309478C591EC}.AppStore|x86.ActiveCfg = AppStore|iPhone
		{45603EF9-BB90-411A-8DE2-309478C591EC}.AppStore|x86.Build.0 = AppStore|iPhone
		{45603EF9-BB90-411A-8DE2-309478C591EC}.AppStore|x86.Deploy.0 = AppStore|iPhone
		{45603EF9-BB90-411A-8DE2-309478C591EC}.Debug|Any CPU.ActiveCfg = Debug|iPhoneSimulator
		{45603EF9-BB90-411A-8DE2-309478C591EC}.Debug|Any CPU.Build.0 = Debug|iPhoneSimulator
		{45603EF9-BB90-411A-8DE2-309478C591EC}.Debug|Any CPU.Deploy.0 = Debug|iPhoneSimulator
		{45603EF9-BB90-411A-8DE2-309478C591EC}.Debug|ARM.ActiveCfg = Debug|iPhone
		{45603EF9-BB90-411A-8DE2-309478C591EC}.Debug|ARM.Build.0 = Debug|iPhone
		{45603EF9-BB90-411A-8DE2-309478C591EC}.Debug|ARM.Deploy.0 = Debug|iPhone
		{45603EF9-BB90-411A-8DE2-309478C591EC}.Debug|iPhone.ActiveCfg = Debug|iPhone
		{45603EF9-BB90-411A-8DE2-309478C591EC}.Debug|iPhone.Build.0 = Debug|iPhone
		{45603EF9-BB90-411A-8DE2-309478C591EC}.Debug|iPhone.Deploy.0 = Debug|iPhone
		{45603EF9-BB90-411A-8DE2-309478C591EC}.Debug|iPhoneSimulator.ActiveCfg = Debug|iPhoneSimulator
		{45603EF9-BB90-411A-8DE2-309478C591EC}.Debug|iPhoneSimulator.Build.0 = Debug|iPhoneSimulator
		{45603EF9-BB90-411A-8DE2-309478C591EC}.Debug|iPhoneSimulator.Deploy.0 = Debug|iPhoneSimulator
		{45603EF9-BB90-411A-8DE2-309478C591EC}.Debug|x64.ActiveCfg = Debug|iPhone
		{45603EF9-BB90-411A-8DE2-309478C591EC}.Debug|x64.Build.0 = Debug|iPhone
		{45603EF9-BB90-411A-8DE2-309478C591EC}.Debug|x64.Deploy.0 = Debug|iPhone
		{45603EF9-BB90-411A-8DE2-309478C591EC}.Debug|x86.ActiveCfg = Debug|iPhone
		{45603EF9-BB90-411A-8DE2-309478C591EC}.Debug|x86.Build.0 = Debug|iPhone
		{45603EF9-BB90-411A-8DE2-309478C591EC}.Debug|x86.Deploy.0 = Debug|iPhone
		{45603EF9-BB90-411A-8DE2-309478C591EC}.Release|Any CPU.ActiveCfg = Release|iPhone
		{45603EF9-BB90-411A-8DE2-309478C591EC}.Release|Any CPU.Build.0 = Release|iPhone
		{45603EF9-BB90-411A-8DE2-309478C591EC}.Release|Any CPU.Deploy.0 = Release|iPhone
		{45603EF9-BB90-411A-8DE2-309478C591EC}.Release|ARM.ActiveCfg = Release|iPhone
		{45603EF9-BB90-411A-8DE2-309478C591EC}.Release|ARM.Build.0 = Release|iPhone
		{45603EF9-BB90-411A-8DE2-309478C591EC}.Release|ARM.Deploy.0 = Release|iPhone
		{45603EF9-BB90-411A-8DE2-309478C591EC}.Release|iPhone.ActiveCfg = Release|iPhone
		{45603EF9-BB90-411A-8DE2-309478C591EC}.Release|iPhone.Build.0 = Release|iPhone
		{45603EF9-BB90-411A-8DE2-309478C591EC}.Release|iPhone.Deploy.0 = Release|iPhone
		{45603EF9-BB90-411A-8DE2-309478C591EC}.Release|iPhoneSimulator.ActiveCfg = Release|iPhoneSimulator
		{45603EF9-BB90-411A-8DE2-309478C591EC}.Release|iPhoneSimulator.Build.0 = Release|iPhoneSimulator
		{45603EF9-BB90-411A-8DE2-309478C591EC}.Release|iPhoneSimulator.Deploy.0 = Release|iPhoneSimulator
		{45603EF9-BB90-411A-8DE2-309478C591EC}.Release|x64.ActiveCfg = Release|iPhone
		{45603EF9-BB90-411A-8DE2-309478C591EC}.Release|x64.Build.0 = Release|iPhone
		{45603EF9-BB90-411A-8DE2-309478C591EC}.Release|x64.Deploy.0 = Release|iPhone
		{45603EF9-BB90-411A-8DE2-309478C591EC}.Release|x86.ActiveCfg = Release|iPhone
		{45603EF9-BB90-411A-8DE2-309478C591EC}.Release|x86.Build.0 = Release|iPhone
		{45603EF9-BB90-411A-8DE2-309478C591EC}.Release|x86.Deploy.0 = Release|iPhone
		{B40EDD8A-7861-4C9C-B61F-FE189934BC3A}.Ad-Hoc|Any CPU.ActiveCfg = Release|x86
		{B40EDD8A-7861-4C9C-B61F-FE189934BC3A}.Ad-Hoc|Any CPU.Build.0 = Release|x86
		{B40EDD8A-7861-4C9C-B61F-FE189934BC3A}.Ad-Hoc|Any CPU.Deploy.0 = Release|x86
		{B40EDD8A-7861-4C9C-B61F-FE189934BC3A}.Ad-Hoc|ARM.ActiveCfg = Release|ARM
		{B40EDD8A-7861-4C9C-B61F-FE189934BC3A}.Ad-Hoc|ARM.Build.0 = Release|ARM
		{B40EDD8A-7861-4C9C-B61F-FE189934BC3A}.Ad-Hoc|ARM.Deploy.0 = Release|ARM
		{B40EDD8A-7861-4C9C-B61F-FE189934BC3A}.Ad-Hoc|iPhone.ActiveCfg = Release|x86
		{B40EDD8A-7861-4C9C-B61F-FE189934BC3A}.Ad-Hoc|iPhone.Build.0 = Release|x86
		{B40EDD8A-7861-4C9C-B61F-FE189934BC3A}.Ad-Hoc|iPhone.Deploy.0 = Release|x86
		{B40EDD8A-7861-4C9C-B61F-FE189934BC3A}.Ad-Hoc|iPhoneSimulator.ActiveCfg = Release|x86
		{B40EDD8A-7861-4C9C-B61F-FE189934BC3A}.Ad-Hoc|iPhoneSimulator.Build.0 = Release|x86
		{B40EDD8A-7861-4C9C-B61F-FE189934BC3A}.Ad-Hoc|iPhoneSimulator.Deploy.0 = Release|x86
		{B40EDD8A-7861-4C9C-B61F-FE189934BC3A}.Ad-Hoc|x64.ActiveCfg = Release|x64
		{B40EDD8A-7861-4C9C-B61F-FE189934BC3A}.Ad-Hoc|x64.Build.0 = Release|x64
		{B40EDD8A-7861-4C9C-B61F-FE189934BC3A}.Ad-Hoc|x64.Deploy.0 = Release|x64
		{B40EDD8A-7861-4C9C-B61F-FE189934BC3A}.Ad-Hoc|x86.ActiveCfg = Release|x86
		{B40EDD8A-7861-4C9C-B61F-FE189934BC3A}.Ad-Hoc|x86.Build.0 = Release|x86
		{B40EDD8A-7861-4C9C-B61F-FE189934BC3A}.Ad-Hoc|x86.Deploy.0 = Release|x86
		{B40EDD8A-7861-4C9C-B61F-FE189934BC3A}.AppStore|Any CPU.ActiveCfg = Release|x86
		{B40EDD8A-7861-4C9C-B61F-FE189934BC3A}.AppStore|Any CPU.Build.0 = Release|x86
		{B40EDD8A-7861-4C9C-B61F-FE189934BC3A}.AppStore|Any CPU.Deploy.0 = Release|x86
		{B40EDD8A-7861-4C9C-B61F-FE189934BC3A}.AppStore|ARM.ActiveCfg = Release|ARM
		{B40EDD8A-7861-4C9C-B61F-FE189934BC3A}.AppStore|ARM.Build.0 = Release|ARM
		{B40EDD8A-7861-4C9C-B61F-FE189934BC3A}.AppStore|ARM.Deploy.0 = Release|ARM
		{B40EDD8A-7861-4C9C-B61F-FE189934BC3A}.AppStore|iPhone.ActiveCfg = Release|x86
		{B40EDD8A-7861-4C9C-B61F-FE189934BC3A}.AppStore|iPhone.Build.0 = Release|x86
		{B40EDD8A-7861-4C9C-B61F-FE189934BC3A}.AppStore|iPhone.Deploy.0 = Release|x86
		{B40EDD8A-7861-4C9C-B61F-FE189934BC3A}.AppStore|iPhoneSimulator.ActiveCfg = Release|x86
		{B40EDD8A-7861-4C9C-B61F-FE189934BC3A}.AppStore|iPhoneSimulator.Build.0 = Release|x86
		{B40EDD8A-7861-4C9C-B61F-FE189934BC3A}.AppStore|iPhoneSimulator.Deploy.0 = Release|x86
		{B40EDD8A-7861-4C9C-B61F-FE189934BC3A}.AppStore|x64.ActiveCfg = Release|x64
		{B40EDD8A-7861-4C9C-B61F-FE189934BC3A}.AppStore|x64.Build.0 = Release|x64
		{B40EDD8A-7861-4C9C-B61F-FE189934BC3A}.AppStore|x64.Deploy.0 = Release|x64
		{B40EDD8A-7861-4C9C-B61F-FE189934BC3A}.AppStore|x86.ActiveCfg = Release|x86
		{B40EDD8A-7861-4C9C-B61F-FE189934BC3A}.AppStore|x86.Build.0 = Release|x86
		{B40EDD8A-7861-4C9C-B61F-FE189934BC3A}.AppStore|x86.Deploy.0 = Release|x86
		{B40EDD8A-7861-4C9C-B61F-FE189934BC3A}.Debug|Any CPU.ActiveCfg = Debug|x86
		{B40EDD8A-7861-4C9C-B61F-FE189934BC3A}.Debug|Any CPU.Build.0 = Debug|x86
		{B40EDD8A-7861-4C9C-B61F-FE189934BC3A}.Debug|Any CPU.Deploy.0 = Debug|x86
		{B40EDD8A-7861-4C9C-B61F-FE189934BC3A}.Debug|ARM.ActiveCfg = Debug|ARM
		{B40EDD8A-7861-4C9C-B61F-FE189934BC3A}.Debug|ARM.Build.0 = Debug|ARM
		{B40EDD8A-7861-4C9C-B61F-FE189934BC3A}.Debug|ARM.Deploy.0 = Debug|ARM
		{B40EDD8A-7861-4C9C-B61F-FE189934BC3A}.Debug|iPhone.ActiveCfg = Debug|x86
		{B40EDD8A-7861-4C9C-B61F-FE189934BC3A}.Debug|iPhone.Build.0 = Debug|x86
		{B40EDD8A-7861-4C9C-B61F-FE189934BC3A}.Debug|iPhone.Deploy.0 = Debug|x86
		{B40EDD8A-7861-4C9C-B61F-FE189934BC3A}.Debug|iPhoneSimulator.ActiveCfg = Debug|x86
		{B40EDD8A-7861-4C9C-B61F-FE189934BC3A}.Debug|iPhoneSimulator.Build.0 = Debug|x86
		{B40EDD8A-7861-4C9C-B61F-FE189934BC3A}.Debug|iPhoneSimulator.Deploy.0 = Debug|x86
		{B40EDD8A-7861-4C9C-B61F-FE189934BC3A}.Debug|x64.ActiveCfg = Debug|x64
		{B40EDD8A-7861-4C9C-B61F-FE189934BC3A}.Debug|x64.Build.0 = Debug|x64
		{B40EDD8A-7861-4C9C-B61F-FE189934BC3A}.Debug|x64.Deploy.0 = Debug|x64
		{B40EDD8A-7861-4C9C-B61F-FE189934BC3A}.Debug|x86.ActiveCfg = Debug|x86
		{B40EDD8A-7861-4C9C-B61F-FE189934BC3A}.Debug|x86.Build.0 = Debug|x86
		{B40EDD8A-7861-4C9C-B61F-FE189934BC3A}.Debug|x86.Deploy.0 = Debug|x86
		{B40EDD8A-7861-4C9C-B61F-FE189934BC3A}.Release|Any CPU.ActiveCfg = Release|x86
		{B40EDD8A-7861-4C9C-B61F-FE189934BC3A}.Release|Any CPU.Build.0 = Release|x86
		{B40EDD8A-7861-4C9C-B61F-FE189934BC3A}.Release|Any CPU.Deploy.0 = Release|x86
		{B40EDD8A-7861-4C9C-B61F-FE189934BC3A}.Release|ARM.ActiveCfg = Release|ARM
		{B40EDD8A-7861-4C9C-B61F-FE189934BC3A}.Release|ARM.Build.0 = Release|ARM
		{B40EDD8A-7861-4C9C-B61F-FE189934BC3A}.Release|ARM.Deploy.0 = Release|ARM
		{B40EDD8A-7861-4C9C-B61F-FE189934BC3A}.Release|iPhone.ActiveCfg = Release|x86
		{B40EDD8A-7861-4C9C-B61F-FE189934BC3A}.Release|iPhone.Build.0 = Release|x86
		{B40EDD8A-7861-4C9C-B61F-FE189934BC3A}.Release|iPhone.Deploy.0 = Release|x86
		{B40EDD8A-7861-4C9C-B61F-FE189934BC3A}.Release|iPhoneSimulator.ActiveCfg = Release|x86
		{B40EDD8A-7861-4C9C-B61F-FE189934BC3A}.Release|iPhoneSimulator.Build.0 = Release|x86
		{B40EDD8A-7861-4C9C-B61F-FE189934BC3A}.Release|iPhoneSimulator.Deploy.0 = Release|x86
		{B40EDD8A-7861-4C9C-B61F-FE189934BC3A}.Release|x64.ActiveCfg = Release|x64
		{B40EDD8A-7861-4C9C-B61F-FE189934BC3A}.Release|x64.Build.0 = Release|x64
		{B40EDD8A-7861-4C9C-B61F-FE189934BC3A}.Release|x64.Deploy.0 = Release|x64
		{B40EDD8A-7861-4C9C-B61F-FE189934BC3A}.Release|x86.ActiveCfg = Release|x86
		{B40EDD8A-7861-4C9C-B61F-FE189934BC3A}.Release|x86.Build.0 = Release|x86
		{B40EDD8A-7861-4C9C-B61F-FE189934BC3A}.Release|x86.Deploy.0 = Release|x86
	EndGlobalSection
	GlobalSection(SolutionProperties) = preSolution
		HideSolutionNode = FALSE
	EndGlobalSection
	GlobalSection(ExtensibilityGlobals) = postSolution
		SolutionGuid = {C3E5288B-CC4B-4903-9B7B-39A251E3C5B1}
	EndGlobalSection
EndGlobal
