
Microsoft Visual Studio Solution File, Format Version 12.00
# Visual Studio 15
VisualStudioVersion = 15.0.28010.2046
MinimumVisualStudioVersion = 10.0.40219.1
Project("{FAE04EC0-301F-11D3-BF4B-00C04F79EFBC}") = "MenuSimples.Android", "MenuSimples\MenuSimples.Android\MenuSimples.Android.csproj", "{E311C69B-C636-41DF-A777-3EEC1D926901}"
EndProject
Project("{FAE04EC0-301F-11D3-BF4B-00C04F79EFBC}") = "MenuSimples.iOS", "MenuSimples\MenuSimples.iOS\MenuSimples.iOS.csproj", "{418FDE0F-6DD9-418B-9AF5-61994F029B21}"
EndProject
Project("{FAE04EC0-301F-11D3-BF4B-00C04F79EFBC}") = "MenuSimples.UWP", "MenuSimples\MenuSimples.UWP\MenuSimples.UWP.csproj", "{26F9E20B-6120-444E-821B-972033C3699E}"
EndProject
Project("{D954291E-2A0B-460D-934E-DC6B0785DB48}") = "MenuSimples", "MenuSimples\MenuSimples\MenuSimples.shproj", "{4B451813-4AD7-4B09-A306-8593032365BA}"
EndProject
Global
	GlobalSection(SharedMSBuildProjectFiles) = preSolution
		MenuSimples\MenuSimples\MenuSimples.projitems*{26f9e20b-6120-444e-821b-972033c3699e}*SharedItemsImports = 4
		MenuSimples\MenuSimples\MenuSimples.projitems*{418fde0f-6dd9-418b-9af5-61994f029b21}*SharedItemsImports = 4
		MenuSimples\MenuSimples\MenuSimples.projitems*{4b451813-4ad7-4b09-a306-8593032365ba}*SharedItemsImports = 13
		MenuSimples\MenuSimples\MenuSimples.projitems*{e311c69b-c636-41df-a777-3eec1d926901}*SharedItemsImports = 4
	EndGlobalSection
	GlobalSection(SolutionConfigurationPlatforms) = preSolution
		Ad-Hoc|Any CPU = Ad-Hoc|Any CPU
		Ad-Hoc|ARM = Ad-Hoc|ARM
		Ad-Hoc|iPhone = Ad-Hoc|iPhone
		Ad-Hoc|iPhoneSimulator = Ad-Hoc|iPhoneSimulator
		Ad-Hoc|x64 = Ad-Hoc|x64
		Ad-Hoc|x86 = Ad-Hoc|x86
		AppStore|Any CPU = AppStore|Any CPU
		AppStore|ARM = AppStore|ARM
		AppStore|iPhone = AppStore|iPhone
		AppStore|iPhoneSimulator = AppStore|iPhoneSimulator
		AppStore|x64 = AppStore|x64
		AppStore|x86 = AppStore|x86
		Debug|Any CPU = Debug|Any CPU
		Debug|ARM = Debug|ARM
		Debug|iPhone = Debug|iPhone
		Debug|iPhoneSimulator = Debug|iPhoneSimulator
		Debug|x64 = Debug|x64
		Debug|x86 = Debug|x86
		Release|Any CPU = Release|Any CPU
		Release|ARM = Release|ARM
		Release|iPhone = Release|iPhone
		Release|iPhoneSimulator = Release|iPhoneSimulator
		Release|x64 = Release|x64
		Release|x86 = Release|x86
	EndGlobalSection
	GlobalSection(ProjectConfigurationPlatforms) = postSolution
		{E311C69B-C636-41DF-A777-3EEC1D926901}.Ad-Hoc|Any CPU.ActiveCfg = Release|Any CPU
		{E311C69B-C636-41DF-A777-3EEC1D926901}.Ad-Hoc|Any CPU.Build.0 = Release|Any CPU
		{E311C69B-C636-41DF-A777-3EEC1D926901}.Ad-Hoc|Any CPU.Deploy.0 = Release|Any CPU
		{E311C69B-C636-41DF-A777-3EEC1D926901}.Ad-Hoc|ARM.ActiveCfg = Release|Any CPU
		{E311C69B-C636-41DF-A777-3EEC1D926901}.Ad-Hoc|ARM.Build.0 = Release|Any CPU
		{E311C69B-C636-41DF-A777-3EEC1D926901}.Ad-Hoc|ARM.Deploy.0 = Release|Any CPU
		{E311C69B-C636-41DF-A777-3EEC1D926901}.Ad-Hoc|iPhone.ActiveCfg = Release|Any CPU
		{E311C69B-C636-41DF-A777-3EEC1D926901}.Ad-Hoc|iPhone.Build.0 = Release|Any CPU
		{E311C69B-C636-41DF-A777-3EEC1D926901}.Ad-Hoc|iPhone.Deploy.0 = Release|Any CPU
		{E311C69B-C636-41DF-A777-3EEC1D926901}.Ad-Hoc|iPhoneSimulator.ActiveCfg = Release|Any CPU
		{E311C69B-C636-41DF-A777-3EEC1D926901}.Ad-Hoc|iPhoneSimulator.Build.0 = Release|Any CPU
		{E311C69B-C636-41DF-A777-3EEC1D926901}.Ad-Hoc|iPhoneSimulator.Deploy.0 = Release|Any CPU
		{E311C69B-C636-41DF-A777-3EEC1D926901}.Ad-Hoc|x64.ActiveCfg = Release|Any CPU
		{E311C69B-C636-41DF-A777-3EEC1D926901}.Ad-Hoc|x64.Build.0 = Release|Any CPU
		{E311C69B-C636-41DF-A777-3EEC1D926901}.Ad-Hoc|x64.Deploy.0 = Release|Any CPU
		{E311C69B-C636-41DF-A777-3EEC1D926901}.Ad-Hoc|x86.ActiveCfg = Release|Any CPU
		{E311C69B-C636-41DF-A777-3EEC1D926901}.Ad-Hoc|x86.Build.0 = Release|Any CPU
		{E311C69B-C636-41DF-A777-3EEC1D926901}.Ad-Hoc|x86.Deploy.0 = Release|Any CPU
		{E311C69B-C636-41DF-A777-3EEC1D926901}.AppStore|Any CPU.ActiveCfg = Release|Any CPU
		{E311C69B-C636-41DF-A777-3EEC1D926901}.AppStore|Any CPU.Build.0 = Release|Any CPU
		{E311C69B-C636-41DF-A777-3EEC1D926901}.AppStore|Any CPU.Deploy.0 = Release|Any CPU
		{E311C69B-C636-41DF-A777-3EEC1D926901}.AppStore|ARM.ActiveCfg = Release|Any CPU
		{E311C69B-C636-41DF-A777-3EEC1D926901}.AppStore|ARM.Build.0 = Release|Any CPU
		{E311C69B-C636-41DF-A777-3EEC1D926901}.AppStore|ARM.Deploy.0 = Release|Any CPU
		{E311C69B-C636-41DF-A777-3EEC1D926901}.AppStore|iPhone.ActiveCfg = Release|Any CPU
		{E311C69B-C636-41DF-A777-3EEC1D926901}.AppStore|iPhone.Build.0 = Release|Any CPU
		{E311C69B-C636-41DF-A777-3EEC1D926901}.AppStore|iPhone.Deploy.0 = Release|Any CPU
		{E311C69B-C636-41DF-A777-3EEC1D926901}.AppStore|iPhoneSimulator.ActiveCfg = Release|Any CPU
		{E311C69B-C636-41DF-A777-3EEC1D926901}.AppStore|iPhoneSimulator.Build.0 = Release|Any CPU
		{E311C69B-C636-41DF-A777-3EEC1D926901}.AppStore|iPhoneSimulator.Deploy.0 = Release|Any CPU
		{E311C69B-C636-41DF-A777-3EEC1D926901}.AppStore|x64.ActiveCfg = Release|Any CPU
		{E311C69B-C636-41DF-A777-3EEC1D926901}.AppStore|x64.Build.0 = Release|Any CPU
		{E311C69B-C636-41DF-A777-3EEC1D926901}.AppStore|x64.Deploy.0 = Release|Any CPU
		{E311C69B-C636-41DF-A777-3EEC1D926901}.AppStore|x86.ActiveCfg = Release|Any CPU
		{E311C69B-C636-41DF-A777-3EEC1D926901}.AppStore|x86.Build.0 = Release|Any CPU
		{E311C69B-C636-41DF-A777-3EEC1D926901}.AppStore|x86.Deploy.0 = Release|Any CPU
		{E311C69B-C636-41DF-A777-3EEC1D926901}.Debug|Any CPU.ActiveCfg = Debug|Any CPU
		{E311C69B-C636-41DF-A777-3EEC1D926901}.Debug|Any CPU.Build.0 = Debug|Any CPU
		{E311C69B-C636-41DF-A777-3EEC1D926901}.Debug|Any CPU.Deploy.0 = Debug|Any CPU
		{E311C69B-C636-41DF-A777-3EEC1D926901}.Debug|ARM.ActiveCfg = Debug|Any CPU
		{E311C69B-C636-41DF-A777-3EEC1D926901}.Debug|ARM.Build.0 = Debug|Any CPU
		{E311C69B-C636-41DF-A777-3EEC1D926901}.Debug|ARM.Deploy.0 = Debug|Any CPU
		{E311C69B-C636-41DF-A777-3EEC1D926901}.Debug|iPhone.ActiveCfg = Debug|Any CPU
		{E311C69B-C636-41DF-A777-3EEC1D926901}.Debug|iPhone.Build.0 = Debug|Any CPU
		{E311C69B-C636-41DF-A777-3EEC1D926901}.Debug|iPhone.Deploy.0 = Debug|Any CPU
		{E311C69B-C636-41DF-A777-3EEC1D926901}.Debug|iPhoneSimulator.ActiveCfg = Debug|Any CPU
		{E311C69B-C636-41DF-A777-3EEC1D926901}.Debug|iPhoneSimulator.Build.0 = Debug|Any CPU
		{E311C69B-C636-41DF-A777-3EEC1D926901}.Debug|iPhoneSimulator.Deploy.0 = Debug|Any CPU
		{E311C69B-C636-41DF-A777-3EEC1D926901}.Debug|x64.ActiveCfg = Debug|Any CPU
		{E311C69B-C636-41DF-A777-3EEC1D926901}.Debug|x64.Build.0 = Debug|Any CPU
		{E311C69B-C636-41DF-A777-3EEC1D926901}.Debug|x64.Deploy.0 = Debug|Any CPU
		{E311C69B-C636-41DF-A777-3EEC1D926901}.Debug|x86.ActiveCfg = Debug|Any CPU
		{E311C69B-C636-41DF-A777-3EEC1D926901}.Debug|x86.Build.0 = Debug|Any CPU
		{E311C69B-C636-41DF-A777-3EEC1D926901}.Debug|x86.Deploy.0 = Debug|Any CPU
		{E311C69B-C636-41DF-A777-3EEC1D926901}.Release|Any CPU.ActiveCfg = Release|Any CPU
		{E311C69B-C636-41DF-A777-3EEC1D926901}.Release|Any CPU.Build.0 = Release|Any CPU
		{E311C69B-C636-41DF-A777-3EEC1D926901}.Release|Any CPU.Deploy.0 = Release|Any CPU
		{E311C69B-C636-41DF-A777-3EEC1D926901}.Release|ARM.ActiveCfg = Release|Any CPU
		{E311C69B-C636-41DF-A777-3EEC1D926901}.Release|ARM.Build.0 = Release|Any CPU
		{E311C69B-C636-41DF-A777-3EEC1D926901}.Release|ARM.Deploy.0 = Release|Any CPU
		{E311C69B-C636-41DF-A777-3EEC1D926901}.Release|iPhone.ActiveCfg = Release|Any CPU
		{E311C69B-C636-41DF-A777-3EEC1D926901}.Release|iPhone.Build.0 = Release|Any CPU
		{E311C69B-C636-41DF-A777-3EEC1D926901}.Release|iPhone.Deploy.0 = Release|Any CPU
		{E311C69B-C636-41DF-A777-3EEC1D926901}.Release|iPhoneSimulator.ActiveCfg = Release|Any CPU
		{E311C69B-C636-41DF-A777-3EEC1D926901}.Release|iPhoneSimulator.Build.0 = Release|Any CPU
		{E311C69B-C636-41DF-A777-3EEC1D926901}.Release|iPhoneSimulator.Deploy.0 = Release|Any CPU
		{E311C69B-C636-41DF-A777-3EEC1D926901}.Release|x64.ActiveCfg = Release|Any CPU
		{E311C69B-C636-41DF-A777-3EEC1D926901}.Release|x64.Build.0 = Release|Any CPU
		{E311C69B-C636-41DF-A777-3EEC1D926901}.Release|x64.Deploy.0 = Release|Any CPU
		{E311C69B-C636-41DF-A777-3EEC1D926901}.Release|x86.ActiveCfg = Release|Any CPU
		{E311C69B-C636-41DF-A777-3EEC1D926901}.Release|x86.Build.0 = Release|Any CPU
		{E311C69B-C636-41DF-A777-3EEC1D926901}.Release|x86.Deploy.0 = Release|Any CPU
		{418FDE0F-6DD9-418B-9AF5-61994F029B21}.Ad-Hoc|Any CPU.ActiveCfg = Ad-Hoc|iPhone
		{418FDE0F-6DD9-418B-9AF5-61994F029B21}.Ad-Hoc|Any CPU.Build.0 = Ad-Hoc|iPhone
		{418FDE0F-6DD9-418B-9AF5-61994F029B21}.Ad-Hoc|Any CPU.Deploy.0 = Ad-Hoc|iPhone
		{418FDE0F-6DD9-418B-9AF5-61994F029B21}.Ad-Hoc|ARM.ActiveCfg = Ad-Hoc|iPhone
		{418FDE0F-6DD9-418B-9AF5-61994F029B21}.Ad-Hoc|ARM.Build.0 = Ad-Hoc|iPhone
		{418FDE0F-6DD9-418B-9AF5-61994F029B21}.Ad-Hoc|ARM.Deploy.0 = Ad-Hoc|iPhone
		{418FDE0F-6DD9-418B-9AF5-61994F029B21}.Ad-Hoc|iPhone.ActiveCfg = Ad-Hoc|iPhone
		{418FDE0F-6DD9-418B-9AF5-61994F029B21}.Ad-Hoc|iPhone.Build.0 = Ad-Hoc|iPhone
		{418FDE0F-6DD9-418B-9AF5-61994F029B21}.Ad-Hoc|iPhone.Deploy.0 = Ad-Hoc|iPhone
		{418FDE0F-6DD9-418B-9AF5-61994F029B21}.Ad-Hoc|iPhoneSimulator.ActiveCfg = Ad-Hoc|iPhoneSimulator
		{418FDE0F-6DD9-418B-9AF5-61994F029B21}.Ad-Hoc|iPhoneSimulator.Build.0 = Ad-Hoc|iPhoneSimulator
		{418FDE0F-6DD9-418B-9AF5-61994F029B21}.Ad-Hoc|iPhoneSimulator.Deploy.0 = Ad-Hoc|iPhoneSimulator
		{418FDE0F-6DD9-418B-9AF5-61994F029B21}.Ad-Hoc|x64.ActiveCfg = Ad-Hoc|iPhone
		{418FDE0F-6DD9-418B-9AF5-61994F029B21}.Ad-Hoc|x64.Build.0 = Ad-Hoc|iPhone
		{418FDE0F-6DD9-418B-9AF5-61994F029B21}.Ad-Hoc|x64.Deploy.0 = Ad-Hoc|iPhone
		{418FDE0F-6DD9-418B-9AF5-61994F029B21}.Ad-Hoc|x86.ActiveCfg = Ad-Hoc|iPhone
		{418FDE0F-6DD9-418B-9AF5-61994F029B21}.Ad-Hoc|x86.Build.0 = Ad-Hoc|iPhone
		{418FDE0F-6DD9-418B-9AF5-61994F029B21}.Ad-Hoc|x86.Deploy.0 = Ad-Hoc|iPhone
		{418FDE0F-6DD9-418B-9AF5-61994F029B21}.AppStore|Any CPU.ActiveCfg = AppStore|iPhone
		{418FDE0F-6DD9-418B-9AF5-61994F029B21}.AppStore|Any CPU.Build.0 = AppStore|iPhone
		{418FDE0F-6DD9-418B-9AF5-61994F029B21}.AppStore|Any CPU.Deploy.0 = AppStore|iPhone
		{418FDE0F-6DD9-418B-9AF5-61994F029B21}.AppStore|ARM.ActiveCfg = AppStore|iPhone
		{418FDE0F-6DD9-418B-9AF5-61994F029B21}.AppStore|ARM.Build.0 = AppStore|iPhone
		{418FDE0F-6DD9-418B-9AF5-61994F029B21}.AppStore|ARM.Deploy.0 = AppStore|iPhone
		{418FDE0F-6DD9-418B-9AF5-61994F029B21}.AppStore|iPhone.ActiveCfg = AppStore|iPhone
		{418FDE0F-6DD9-418B-9AF5-61994F029B21}.AppStore|iPhone.Build.0 = AppStore|iPhone
		{418FDE0F-6DD9-418B-9AF5-61994F029B21}.AppStore|iPhone.Deploy.0 = AppStore|iPhone
		{418FDE0F-6DD9-418B-9AF5-61994F029B21}.AppStore|iPhoneSimulator.ActiveCfg = AppStore|iPhoneSimulator
		{418FDE0F-6DD9-418B-9AF5-61994F029B21}.AppStore|iPhoneSimulator.Build.0 = AppStore|iPhoneSimulator
		{418FDE0F-6DD9-418B-9AF5-61994F029B21}.AppStore|iPhoneSimulator.Deploy.0 = AppStore|iPhoneSimulator
		{418FDE0F-6DD9-418B-9AF5-61994F029B21}.AppStore|x64.ActiveCfg = AppStore|iPhone
		{418FDE0F-6DD9-418B-9AF5-61994F029B21}.AppStore|x64.Build.0 = AppStore|iPhone
		{418FDE0F-6DD9-418B-9AF5-61994F029B21}.AppStore|x64.Deploy.0 = AppStore|iPhone
		{418FDE0F-6DD9-418B-9AF5-61994F029B21}.AppStore|x86.ActiveCfg = AppStore|iPhone
		{418FDE0F-6DD9-418B-9AF5-61994F029B21}.AppStore|x86.Build.0 = AppStore|iPhone
		{418FDE0F-6DD9-418B-9AF5-61994F029B21}.AppStore|x86.Deploy.0 = AppStore|iPhone
		{418FDE0F-6DD9-418B-9AF5-61994F029B21}.Debug|Any CPU.ActiveCfg = Debug|iPhoneSimulator
		{418FDE0F-6DD9-418B-9AF5-61994F029B21}.Debug|Any CPU.Build.0 = Debug|iPhoneSimulator
		{418FDE0F-6DD9-418B-9AF5-61994F029B21}.Debug|Any CPU.Deploy.0 = Debug|iPhoneSimulator
		{418FDE0F-6DD9-418B-9AF5-61994F029B21}.Debug|ARM.ActiveCfg = Debug|iPhone
		{418FDE0F-6DD9-418B-9AF5-61994F029B21}.Debug|ARM.Build.0 = Debug|iPhone
		{418FDE0F-6DD9-418B-9AF5-61994F029B21}.Debug|ARM.Deploy.0 = Debug|iPhone
		{418FDE0F-6DD9-418B-9AF5-61994F029B21}.Debug|iPhone.ActiveCfg = Debug|iPhone
		{418FDE0F-6DD9-418B-9AF5-61994F029B21}.Debug|iPhone.Build.0 = Debug|iPhone
		{418FDE0F-6DD9-418B-9AF5-61994F029B21}.Debug|iPhone.Deploy.0 = Debug|iPhone
		{418FDE0F-6DD9-418B-9AF5-61994F029B21}.Debug|iPhoneSimulator.ActiveCfg = Debug|iPhoneSimulator
		{418FDE0F-6DD9-418B-9AF5-61994F029B21}.Debug|iPhoneSimulator.Build.0 = Debug|iPhoneSimulator
		{418FDE0F-6DD9-418B-9AF5-61994F029B21}.Debug|iPhoneSimulator.Deploy.0 = Debug|iPhoneSimulator
		{418FDE0F-6DD9-418B-9AF5-61994F029B21}.Debug|x64.ActiveCfg = Debug|iPhone
		{418FDE0F-6DD9-418B-9AF5-61994F029B21}.Debug|x64.Build.0 = Debug|iPhone
		{418FDE0F-6DD9-418B-9AF5-61994F029B21}.Debug|x64.Deploy.0 = Debug|iPhone
		{418FDE0F-6DD9-418B-9AF5-61994F029B21}.Debug|x86.ActiveCfg = Debug|iPhone
		{418FDE0F-6DD9-418B-9AF5-61994F029B21}.Debug|x86.Build.0 = Debug|iPhone
		{418FDE0F-6DD9-418B-9AF5-61994F029B21}.Debug|x86.Deploy.0 = Debug|iPhone
		{418FDE0F-6DD9-418B-9AF5-61994F029B21}.Release|Any CPU.ActiveCfg = Release|iPhone
		{418FDE0F-6DD9-418B-9AF5-61994F029B21}.Release|Any CPU.Build.0 = Release|iPhone
		{418FDE0F-6DD9-418B-9AF5-61994F029B21}.Release|Any CPU.Deploy.0 = Release|iPhone
		{418FDE0F-6DD9-418B-9AF5-61994F029B21}.Release|ARM.ActiveCfg = Release|iPhone
		{418FDE0F-6DD9-418B-9AF5-61994F029B21}.Release|ARM.Build.0 = Release|iPhone
		{418FDE0F-6DD9-418B-9AF5-61994F029B21}.Release|ARM.Deploy.0 = Release|iPhone
		{418FDE0F-6DD9-418B-9AF5-61994F029B21}.Release|iPhone.ActiveCfg = Release|iPhone
		{418FDE0F-6DD9-418B-9AF5-61994F029B21}.Release|iPhone.Build.0 = Release|iPhone
		{418FDE0F-6DD9-418B-9AF5-61994F029B21}.Release|iPhone.Deploy.0 = Release|iPhone
		{418FDE0F-6DD9-418B-9AF5-61994F029B21}.Release|iPhoneSimulator.ActiveCfg = Release|iPhoneSimulator
		{418FDE0F-6DD9-418B-9AF5-61994F029B21}.Release|iPhoneSimulator.Build.0 = Release|iPhoneSimulator
		{418FDE0F-6DD9-418B-9AF5-61994F029B21}.Release|iPhoneSimulator.Deploy.0 = Release|iPhoneSimulator
		{418FDE0F-6DD9-418B-9AF5-61994F029B21}.Release|x64.ActiveCfg = Release|iPhone
		{418FDE0F-6DD9-418B-9AF5-61994F029B21}.Release|x64.Build.0 = Release|iPhone
		{418FDE0F-6DD9-418B-9AF5-61994F029B21}.Release|x64.Deploy.0 = Release|iPhone
		{418FDE0F-6DD9-418B-9AF5-61994F029B21}.Release|x86.ActiveCfg = Release|iPhone
		{418FDE0F-6DD9-418B-9AF5-61994F029B21}.Release|x86.Build.0 = Release|iPhone
		{418FDE0F-6DD9-418B-9AF5-61994F029B21}.Release|x86.Deploy.0 = Release|iPhone
		{26F9E20B-6120-444E-821B-972033C3699E}.Ad-Hoc|Any CPU.ActiveCfg = Release|x86
		{26F9E20B-6120-444E-821B-972033C3699E}.Ad-Hoc|Any CPU.Build.0 = Release|x86
		{26F9E20B-6120-444E-821B-972033C3699E}.Ad-Hoc|Any CPU.Deploy.0 = Release|x86
		{26F9E20B-6120-444E-821B-972033C3699E}.Ad-Hoc|ARM.ActiveCfg = Release|ARM
		{26F9E20B-6120-444E-821B-972033C3699E}.Ad-Hoc|ARM.Build.0 = Release|ARM
		{26F9E20B-6120-444E-821B-972033C3699E}.Ad-Hoc|ARM.Deploy.0 = Release|ARM
		{26F9E20B-6120-444E-821B-972033C3699E}.Ad-Hoc|iPhone.ActiveCfg = Release|x86
		{26F9E20B-6120-444E-821B-972033C3699E}.Ad-Hoc|iPhone.Build.0 = Release|x86
		{26F9E20B-6120-444E-821B-972033C3699E}.Ad-Hoc|iPhone.Deploy.0 = Release|x86
		{26F9E20B-6120-444E-821B-972033C3699E}.Ad-Hoc|iPhoneSimulator.ActiveCfg = Release|x86
		{26F9E20B-6120-444E-821B-972033C3699E}.Ad-Hoc|iPhoneSimulator.Build.0 = Release|x86
		{26F9E20B-6120-444E-821B-972033C3699E}.Ad-Hoc|iPhoneSimulator.Deploy.0 = Release|x86
		{26F9E20B-6120-444E-821B-972033C3699E}.Ad-Hoc|x64.ActiveCfg = Release|x64
		{26F9E20B-6120-444E-821B-972033C3699E}.Ad-Hoc|x64.Build.0 = Release|x64
		{26F9E20B-6120-444E-821B-972033C3699E}.Ad-Hoc|x64.Deploy.0 = Release|x64
		{26F9E20B-6120-444E-821B-972033C3699E}.Ad-Hoc|x86.ActiveCfg = Release|x86
		{26F9E20B-6120-444E-821B-972033C3699E}.Ad-Hoc|x86.Build.0 = Release|x86
		{26F9E20B-6120-444E-821B-972033C3699E}.Ad-Hoc|x86.Deploy.0 = Release|x86
		{26F9E20B-6120-444E-821B-972033C3699E}.AppStore|Any CPU.ActiveCfg = Release|x86
		{26F9E20B-6120-444E-821B-972033C3699E}.AppStore|Any CPU.Build.0 = Release|x86
		{26F9E20B-6120-444E-821B-972033C3699E}.AppStore|Any CPU.Deploy.0 = Release|x86
		{26F9E20B-6120-444E-821B-972033C3699E}.AppStore|ARM.ActiveCfg = Release|ARM
		{26F9E20B-6120-444E-821B-972033C3699E}.AppStore|ARM.Build.0 = Release|ARM
		{26F9E20B-6120-444E-821B-972033C3699E}.AppStore|ARM.Deploy.0 = Release|ARM
		{26F9E20B-6120-444E-821B-972033C3699E}.AppStore|iPhone.ActiveCfg = Release|x86
		{26F9E20B-6120-444E-821B-972033C3699E}.AppStore|iPhone.Build.0 = Release|x86
		{26F9E20B-6120-444E-821B-972033C3699E}.AppStore|iPhone.Deploy.0 = Release|x86
		{26F9E20B-6120-444E-821B-972033C3699E}.AppStore|iPhoneSimulator.ActiveCfg = Release|x86
		{26F9E20B-6120-444E-821B-972033C3699E}.AppStore|iPhoneSimulator.Build.0 = Release|x86
		{26F9E20B-6120-444E-821B-972033C3699E}.AppStore|iPhoneSimulator.Deploy.0 = Release|x86
		{26F9E20B-6120-444E-821B-972033C3699E}.AppStore|x64.ActiveCfg = Release|x64
		{26F9E20B-6120-444E-821B-972033C3699E}.AppStore|x64.Build.0 = Release|x64
		{26F9E20B-6120-444E-821B-972033C3699E}.AppStore|x64.Deploy.0 = Release|x64
		{26F9E20B-6120-444E-821B-972033C3699E}.AppStore|x86.ActiveCfg = Release|x86
		{26F9E20B-6120-444E-821B-972033C3699E}.AppStore|x86.Build.0 = Release|x86
		{26F9E20B-6120-444E-821B-972033C3699E}.AppStore|x86.Deploy.0 = Release|x86
		{26F9E20B-6120-444E-821B-972033C3699E}.Debug|Any CPU.ActiveCfg = Debug|x86
		{26F9E20B-6120-444E-821B-972033C3699E}.Debug|Any CPU.Build.0 = Debug|x86
		{26F9E20B-6120-444E-821B-972033C3699E}.Debug|Any CPU.Deploy.0 = Debug|x86
		{26F9E20B-6120-444E-821B-972033C3699E}.Debug|ARM.ActiveCfg = Debug|ARM
		{26F9E20B-6120-444E-821B-972033C3699E}.Debug|ARM.Build.0 = Debug|ARM
		{26F9E20B-6120-444E-821B-972033C3699E}.Debug|ARM.Deploy.0 = Debug|ARM
		{26F9E20B-6120-444E-821B-972033C3699E}.Debug|iPhone.ActiveCfg = Debug|x86
		{26F9E20B-6120-444E-821B-972033C3699E}.Debug|iPhone.Build.0 = Debug|x86
		{26F9E20B-6120-444E-821B-972033C3699E}.Debug|iPhone.Deploy.0 = Debug|x86
		{26F9E20B-6120-444E-821B-972033C3699E}.Debug|iPhoneSimulator.ActiveCfg = Debug|x86
		{26F9E20B-6120-444E-821B-972033C3699E}.Debug|iPhoneSimulator.Build.0 = Debug|x86
		{26F9E20B-6120-444E-821B-972033C3699E}.Debug|iPhoneSimulator.Deploy.0 = Debug|x86
		{26F9E20B-6120-444E-821B-972033C3699E}.Debug|x64.ActiveCfg = Debug|x64
		{26F9E20B-6120-444E-821B-972033C3699E}.Debug|x64.Build.0 = Debug|x64
		{26F9E20B-6120-444E-821B-972033C3699E}.Debug|x64.Deploy.0 = Debug|x64
		{26F9E20B-6120-444E-821B-972033C3699E}.Debug|x86.ActiveCfg = Debug|x86
		{26F9E20B-6120-444E-821B-972033C3699E}.Debug|x86.Build.0 = Debug|x86
		{26F9E20B-6120-444E-821B-972033C3699E}.Debug|x86.Deploy.0 = Debug|x86
		{26F9E20B-6120-444E-821B-972033C3699E}.Release|Any CPU.ActiveCfg = Release|x86
		{26F9E20B-6120-444E-821B-972033C3699E}.Release|Any CPU.Build.0 = Release|x86
		{26F9E20B-6120-444E-821B-972033C3699E}.Release|Any CPU.Deploy.0 = Release|x86
		{26F9E20B-6120-444E-821B-972033C3699E}.Release|ARM.ActiveCfg = Release|ARM
		{26F9E20B-6120-444E-821B-972033C3699E}.Release|ARM.Build.0 = Release|ARM
		{26F9E20B-6120-444E-821B-972033C3699E}.Release|ARM.Deploy.0 = Release|ARM
		{26F9E20B-6120-444E-821B-972033C3699E}.Release|iPhone.ActiveCfg = Release|x86
		{26F9E20B-6120-444E-821B-972033C3699E}.Release|iPhone.Build.0 = Release|x86
		{26F9E20B-6120-444E-821B-972033C3699E}.Release|iPhone.Deploy.0 = Release|x86
		{26F9E20B-6120-444E-821B-972033C3699E}.Release|iPhoneSimulator.ActiveCfg = Release|x86
		{26F9E20B-6120-444E-821B-972033C3699E}.Release|iPhoneSimulator.Build.0 = Release|x86
		{26F9E20B-6120-444E-821B-972033C3699E}.Release|iPhoneSimulator.Deploy.0 = Release|x86
		{26F9E20B-6120-444E-821B-972033C3699E}.Release|x64.ActiveCfg = Release|x64
		{26F9E20B-6120-444E-821B-972033C3699E}.Release|x64.Build.0 = Release|x64
		{26F9E20B-6120-444E-821B-972033C3699E}.Release|x64.Deploy.0 = Release|x64
		{26F9E20B-6120-444E-821B-972033C3699E}.Release|x86.ActiveCfg = Release|x86
		{26F9E20B-6120-444E-821B-972033C3699E}.Release|x86.Build.0 = Release|x86
		{26F9E20B-6120-444E-821B-972033C3699E}.Release|x86.Deploy.0 = Release|x86
	EndGlobalSection
	GlobalSection(SolutionProperties) = preSolution
		HideSolutionNode = FALSE
	EndGlobalSection
	GlobalSection(ExtensibilityGlobals) = postSolution
		SolutionGuid = {3846A1F2-930F-40E6-9FF9-6C2CA15D967C}
	EndGlobalSection
EndGlobal
